// !$*UTF8*$!
{
	archiveVersion = 1;
	classes = {
	};
	objectVersion = 56;
	objects = {

/* Begin PBXBuildFile section */
		71480F3F293931410051C027 /* AppDelegate.swift in Sources */ = {isa = PBXBuildFile; fileRef = 71480F3E293931410051C027 /* AppDelegate.swift */; };
		71480F41293931410051C027 /* SceneDelegate.swift in Sources */ = {isa = PBXBuildFile; fileRef = 71480F40293931410051C027 /* SceneDelegate.swift */; };
		71480F43293931410051C027 /* ViewController.swift in Sources */ = {isa = PBXBuildFile; fileRef = 71480F42293931410051C027 /* ViewController.swift */; };
		71480F46293931410051C027 /* Main.storyboard in Resources */ = {isa = PBXBuildFile; fileRef = 71480F44293931410051C027 /* Main.storyboard */; };
		71480F49293931410051C027 /* iOS_Life_Cycle.xcdatamodeld in Sources */ = {isa = PBXBuildFile; fileRef = 71480F47293931410051C027 /* iOS_Life_Cycle.xcdatamodeld */; };
		71480F4B293931430051C027 /* Assets.xcassets in Resources */ = {isa = PBXBuildFile; fileRef = 71480F4A293931430051C027 /* Assets.xcassets */; };
		71480F4E293931430051C027 /* LaunchScreen.storyboard in Resources */ = {isa = PBXBuildFile; fileRef = 71480F4C293931430051C027 /* LaunchScreen.storyboard */; };
		71480F56293931F40051C027 /* SecondViewController.swift in Sources */ = {isa = PBXBuildFile; fileRef = 71480F55293931F40051C027 /* SecondViewController.swift */; };
		71480F58293932030051C027 /* SecondViewController.storyboard in Resources */ = {isa = PBXBuildFile; fileRef = 71480F57293932030051C027 /* SecondViewController.storyboard */; };
/* End PBXBuildFile section */

/* Begin PBXFileReference section */
		71480F3B293931410051C027 /* iOS_Life_Cycle.app */ = {isa = PBXFileReference; explicitFileType = wrapper.application; includeInIndex = 0; path = iOS_Life_Cycle.app; sourceTree = BUILT_PRODUCTS_DIR; };
		71480F3E293931410051C027 /* AppDelegate.swift */ = {isa = PBXFileReference; lastKnownFileType = sourcecode.swift; path = AppDelegate.swift; sourceTree = "<group>"; };
		71480F40293931410051C027 /* SceneDelegate.swift */ = {isa = PBXFileReference; lastKnownFileType = sourcecode.swift; path = SceneDelegate.swift; sourceTree = "<group>"; };
		71480F42293931410051C027 /* ViewController.swift */ = {isa = PBXFileReference; lastKnownFileType = sourcecode.swift; path = ViewController.swift; sourceTree = "<group>"; };
		71480F45293931410051C027 /* Base */ = {isa = PBXFileReference; lastKnownFileType = file.storyboard; name = Base; path = Base.lproj/Main.storyboard; sourceTree = "<group>"; };
		71480F48293931410051C027 /* iOS_Life_Cycle.xcdatamodel */ = {isa = PBXFileReference; lastKnownFileType = wrapper.xcdatamodel; path = iOS_Life_Cycle.xcdatamodel; sourceTree = "<group>"; };
		71480F4A293931430051C027 /* Assets.xcassets */ = {isa = PBXFileReference; lastKnownFileType = folder.assetcatalog; path = Assets.xcassets; sourceTree = "<group>"; };
		71480F4D293931430051C027 /* Base */ = {isa = PBXFileReference; lastKnownFileType = file.storyboard; name = Base; path = Base.lproj/LaunchScreen.storyboard; sourceTree = "<group>"; };
		71480F4F293931430051C027 /* Info.plist */ = {isa = PBXFileReference; lastKnownFileType = text.plist.xml; path = Info.plist; sourceTree = "<group>"; };
		71480F55293931F40051C027 /* SecondViewController.swift */ = {isa = PBXFileReference; lastKnownFileType = sourcecode.swift; path = SecondViewController.swift; sourceTree = "<group>"; };
		71480F57293932030051C027 /* SecondViewController.storyboard */ = {isa = PBXFileReference; lastKnownFileType = file.storyboard; path = SecondViewController.storyboard; sourceTree = "<group>"; };
/* End PBXFileReference section */

/* Begin PBXFrameworksBuildPhase section */
		71480F38293931410051C027 /* Frameworks */ = {
			isa = PBXFrameworksBuildPhase;
			buildActionMask = 2147483647;
			files = (
			);
			runOnlyForDeploymentPostprocessing = 0;
		};
/* End PBXFrameworksBuildPhase section */

/* Begin PBXGroup section */
		71480F32293931410051C027 = {
			isa = PBXGroup;
			children = (
				71480F3D293931410051C027 /* iOS_Life_Cycle */,
				71480F3C293931410051C027 /* Products */,
			);
			sourceTree = "<group>";
		};
		71480F3C293931410051C027 /* Products */ = {
			isa = PBXGroup;
			children = (
				71480F3B293931410051C027 /* iOS_Life_Cycle.app */,
			);
			name = Products;
			sourceTree = "<group>";
		};
		71480F3D293931410051C027 /* iOS_Life_Cycle */ = {
			isa = PBXGroup;
			children = (
				71480F3E293931410051C027 /* AppDelegate.swift */,
				71480F40293931410051C027 /* SceneDelegate.swift */,
				71480F55293931F40051C027 /* SecondViewController.swift */,
				71480F57293932030051C027 /* SecondViewController.storyboard */,
				71480F42293931410051C027 /* ViewController.swift */,
				71480F44293931410051C027 /* Main.storyboard */,
				71480F4A293931430051C027 /* Assets.xcassets */,
				71480F4C293931430051C027 /* LaunchScreen.storyboard */,
				71480F4F293931430051C027 /* Info.plist */,
				71480F47293931410051C027 /* iOS_Life_Cycle.xcdatamodeld */,
			);
			path = iOS_Life_Cycle;
			sourceTree = "<group>";
		};
/* End PBXGroup section */

/* Begin PBXNativeTarget section */
		71480F3A293931410051C027 /* iOS_Life_Cycle */ = {
			isa = PBXNativeTarget;
			buildConfigurationList = 71480F52293931430051C027 /* Build configuration list for PBXNativeTarget "iOS_Life_Cycle" */;
			buildPhases = (
				71480F37293931410051C027 /* Sources */,
				71480F38293931410051C027 /* Frameworks */,
				71480F39293931410051C027 /* Resources */,
			);
			buildRules = (
			);
			dependencies = (
			);
			name = iOS_Life_Cycle;
			productName = iOS_Life_Cycle;
			productReference = 71480F3B293931410051C027 /* iOS_Life_Cycle.app */;
			productType = "com.apple.product-type.application";
		};
/* End PBXNativeTarget section */

/* Begin PBXProject section */
		71480F33293931410051C027 /* Project object */ = {
			isa = PBXProject;
			attributes = {
				BuildIndependentTargetsInParallel = 1;
				LastSwiftUpdateCheck = 1410;
				LastUpgradeCheck = 1410;
				TargetAttributes = {
					71480F3A293931410051C027 = {
						CreatedOnToolsVersion = 14.1;
					};
				};
			};
			buildConfigurationList = 71480F36293931410051C027 /* Build configuration list for PBXProject "iOS_Life_Cycle" */;
			compatibilityVersion = "Xcode 14.0";
			developmentRegion = en;
			hasScannedForEncodings = 0;
			knownRegions = (
				en,
				Base,
			);
			mainGroup = 71480F32293931410051C027;
			productRefGroup = 71480F3C293931410051C027 /* Products */;
			projectDirPath = "";
			projectRoot = "";
			targets = (
				71480F3A293931410051C027 /* iOS_Life_Cycle */,
			);
		};
/* End PBXProject section */

/* Begin PBXResourcesBuildPhase section */
		71480F39293931410051C027 /* Resources */ = {
			isa = PBXResourcesBuildPhase;
			buildActionMask = 2147483647;
			files = (
				71480F4E293931430051C027 /* LaunchScreen.storyboard in Resources */,
				71480F58293932030051C027 /* SecondViewController.storyboard in Resources */,
				71480F4B293931430051C027 /* Assets.xcassets in Resources */,
				71480F46293931410051C027 /* Main.storyboard in Resources */,
			);
			runOnlyForDeploymentPostprocessing = 0;
		};
/* End PBXResourcesBuildPhase section */

/* Begin PBXSourcesBuildPhase section */
		71480F37293931410051C027 /* Sources */ = {
			isa = PBXSourcesBuildPhase;
			buildActionMask = 2147483647;
			files = (
				71480F49293931410051C027 /* iOS_Life_Cycle.xcdatamodeld in Sources */,
				71480F43293931410051C027 /* ViewController.swift in Sources */,
				71480F3F293931410051C027 /* AppDelegate.swift in Sources */,
				71480F56293931F40051C027 /* SecondViewController.swift in Sources */,
				71480F41293931410051C027 /* SceneDelegate.swift in Sources */,
			);
			runOnlyForDeploymentPostprocessing = 0;
		};
/* End PBXSourcesBuildPhase section */

/* Begin PBXVariantGroup section */
		71480F44293931410051C027 /* Main.storyboard */ = {
			isa = PBXVariantGroup;
			children = (
				71480F45293931410051C027 /* Base */,
			);
			name = Main.storyboard;
			sourceTree = "<group>";
		};
		71480F4C293931430051C027 /* LaunchScreen.storyboard */ = {
			isa = PBXVariantGroup;
			children = (
				71480F4D293931430051C027 /* Base */,
			);
			name = LaunchScreen.storyboard;
			sourceTree = "<group>";
		};
/* End PBXVariantGroup section */

/* Begin XCBuildConfiguration section */
		71480F50293931430051C027 /* Debug */ = {
			isa = XCBuildConfiguration;
			buildSettings = {
				ALWAYS_SEARCH_USER_PATHS = NO;
				CLANG_ANALYZER_NONNULL = YES;
				CLANG_ANALYZER_NUMBER_OBJECT_CONVERSION = YES_AGGRESSIVE;
				CLANG_CXX_LANGUAGE_STANDARD = "gnu++20";
				CLANG_ENABLE_MODULES = YES;
				CLANG_ENABLE_OBJC_ARC = YES;
				CLANG_ENABLE_OBJC_WEAK = YES;
				CLANG_WARN_BLOCK_CAPTURE_AUTORELEASING = YES;
				CLANG_WARN_BOOL_CONVERSION = YES;
				CLANG_WARN_COMMA = YES;
				CLANG_WARN_CONSTANT_CONVERSION = YES;
				CLANG_WARN_DEPRECATED_OBJC_IMPLEMENTATIONS = YES;
				CLANG_WARN_DIRECT_OBJC_ISA_USAGE = YES_ERROR;
				CLANG_WARN_DOCUMENTATION_COMMENTS = YES;
				CLANG_WARN_EMPTY_BODY = YES;
				CLANG_WARN_ENUM_CONVERSION = YES;
				CLANG_WARN_INFINITE_RECURSION = YES;
				CLANG_WARN_INT_CONVERSION = YES;
				CLANG_WARN_NON_LITERAL_NULL_CONVERSION = YES;
				CLANG_WARN_OBJC_IMPLICIT_RETAIN_SELF = YES;
				CLANG_WARN_OBJC_LITERAL_CONVERSION = YES;
				CLANG_WARN_OBJC_ROOT_CLASS = YES_ERROR;
				CLANG_WARN_QUOTED_INCLUDE_IN_FRAMEWORK_HEADER = YES;
				CLANG_WARN_RANGE_LOOP_ANALYSIS = YES;
				CLANG_WARN_STRICT_PROTOTYPES = YES;
				CLANG_WARN_SUSPICIOUS_MOVE = YES;
				CLANG_WARN_UNGUARDED_AVAILABILITY = YES_AGGRESSIVE;
				CLANG_WARN_UNREACHABLE_CODE = YES;
				CLANG_WARN__DUPLICATE_METHOD_MATCH = YES;
				COPY_PHASE_STRIP = NO;
				DEBUG_INFORMATION_FORMAT = dwarf;
				ENABLE_STRICT_OBJC_MSGSEND = YES;
				ENABLE_TESTABILITY = YES;
				GCC_C_LANGUAGE_STANDARD = gnu11;
				GCC_DYNAMIC_NO_PIC = NO;
				GCC_NO_COMMON_BLOCKS = YES;
				GCC_OPTIMIZATION_LEVEL = 0;
				GCC_PREPROCESSOR_DEFINITIONS = (
					"DEBUG=1",
					"$(inherited)",
				);
				GCC_WARN_64_TO_32_BIT_CONVERSION = YES;
				GCC_WARN_ABOUT_RETURN_TYPE = YES_ERROR;
				GCC_WARN_UNDECLARED_SELECTOR = YES;
				GCC_WARN_UNINITIALIZED_AUTOS = YES_AGGRESSIVE;
				GCC_WARN_UNUSED_FUNCTION = YES;
				GCC_WARN_UNUSED_VARIABLE = YES;
				IPHONEOS_DEPLOYMENT_TARGET = 16.1;
				MTL_ENABLE_DEBUG_INFO = INCLUDE_SOURCE;
				MTL_FAST_MATH = YES;
				ONLY_ACTIVE_ARCH = YES;
				SDKROOT = iphoneos;
				SWIFT_ACTIVE_COMPILATION_CONDITIONS = DEBUG;
				SWIFT_OPTIMIZATION_LEVEL = "-Onone";
			};
			name = Debug;
		};
		71480F51293931430051C027 /* Release */ = {
			isa = XCBuildConfiguration;
			buildSettings = {
				ALWAYS_SEARCH_USER_PATHS = NO;
				CLANG_ANALYZER_NONNULL = YES;
				CLANG_ANALYZER_NUMBER_OBJECT_CONVERSION = YES_AGGRESSIVE;
				CLANG_CXX_LANGUAGE_STANDARD = "gnu++20";
				CLANG_ENABLE_MODULES = YES;
				CLANG_ENABLE_OBJC_ARC = YES;
				CLANG_ENABLE_OBJC_WEAK = YES;
				CLANG_WARN_BLOCK_CAPTURE_AUTORELEASING = YES;
				CLANG_WARN_BOOL_CONVERSION = YES;
				CLANG_WARN_COMMA = YES;
				CLANG_WARN_CONSTANT_CONVERSION = YES;
				CLANG_WARN_DEPRECATED_OBJC_IMPLEMENTATIONS = YES;
				CLANG_WARN_DIRECT_OBJC_ISA_USAGE = YES_ERROR;
				CLANG_WARN_DOCUMENTATION_COMMENTS = YES;
				CLANG_WARN_EMPTY_BODY = YES;
				CLANG_WARN_ENUM_CONVERSION = YES;
				CLANG_WARN_INFINITE_RECURSION = YES;
				CLANG_WARN_INT_CONVERSION = YES;
				CLANG_WARN_NON_LITERAL_NULL_CONVERSION = YES;
				CLANG_WARN_OBJC_IMPLICIT_RETAIN_SELF = YES;
				CLANG_WARN_OBJC_LITERAL_CONVERSION = YES;
				CLANG_WARN_OBJC_ROOT_CLASS = YES_ERROR;
				CLANG_WARN_QUOTED_INCLUDE_IN_FRAMEWORK_HEADER = YES;
				CLANG_WARN_RANGE_LOOP_ANALYSIS = YES;
				CLANG_WARN_STRICT_PROTOTYPES = YES;
				CLANG_WARN_SUSPICIOUS_MOVE = YES;
				CLANG_WARN_UNGUARDED_AVAILABILITY = YES_AGGRESSIVE;
				CLANG_WARN_UNREACHABLE_CODE = YES;
				CLANG_WARN__DUPLICATE_METHOD_MATCH = YES;
				COPY_PHASE_STRIP = NO;
				DEBUG_INFORMATION_FORMAT = "dwarf-with-dsym";
				ENABLE_NS_ASSERTIONS = NO;
				ENABLE_STRICT_OBJC_MSGSEND = YES;
				GCC_C_LANGUAGE_STANDARD = gnu11;
				GCC_NO_COMMON_BLOCKS = YES;
				GCC_WARN_64_TO_32_BIT_CONVERSION = YES;
				GCC_WARN_ABOUT_RETURN_TYPE = YES_ERROR;
				GCC_WARN_UNDECLARED_SELECTOR = YES;
				GCC_WARN_UNINITIALIZED_AUTOS = YES_AGGRESSIVE;
				GCC_WARN_UNUSED_FUNCTION = YES;
				GCC_WARN_UNUSED_VARIABLE = YES;
				IPHONEOS_DEPLOYMENT_TARGET = 16.1;
				MTL_ENABLE_DEBUG_INFO = NO;
				MTL_FAST_MATH = YES;
				SDKROOT = iphoneos;
				SWIFT_COMPILATION_MODE = wholemodule;
				SWIFT_OPTIMIZATION_LEVEL = "-O";
				VALIDATE_PRODUCT = YES;
			};
			name = Release;
		};
		71480F53293931430051C027 /* Debug */ = {
			isa = XCBuildConfiguration;
			buildSettings = {
				ASSETCATALOG_COMPILER_APPICON_NAME = AppIcon;
				ASSETCATALOG_COMPILER_GLOBAL_ACCENT_COLOR_NAME = AccentColor;
				CODE_SIGN_STYLE = Automatic;
				CURRENT_PROJECT_VERSION = 1;
				DEVELOPMENT_TEAM = WXHAH5T735;
				GENERATE_INFOPLIST_FILE = YES;
				INFOPLIST_FILE = iOS_Life_Cycle/Info.plist;
				INFOPLIST_KEY_UIApplicationSupportsIndirectInputEvents = YES;
				INFOPLIST_KEY_UILaunchStoryboardName = LaunchScreen;
				INFOPLIST_KEY_UIMainStoryboardFile = Main;
				INFOPLIST_KEY_UISupportedInterfaceOrientations_iPad = "UIInterfaceOrientationPortrait UIInterfaceOrientationPortraitUpsideDown UIInterfaceOrientationLandscapeLeft UIInterfaceOrientationLandscapeRight";
				INFOPLIST_KEY_UISupportedInterfaceOrientations_iPhone = "UIInterfaceOrientationPortrait UIInterfaceOrientationLandscapeLeft UIInterfaceOrientationLandscapeRight";
				LD_RUNPATH_SEARCH_PATHS = (
					"$(inherited)",
					"@executable_path/Frameworks",
				);
				MARKETING_VERSION = 1.0;
				PRODUCT_BUNDLE_IDENTIFIER = "com.faysal.iOS-Life-Cycle";
				PRODUCT_NAME = "$(TARGET_NAME)";
				SWIFT_EMIT_LOC_STRINGS = YES;
				SWIFT_VERSION = 5.0;
				TARGETED_DEVICE_FAMILY = "1,2";
			};
			name = Debug;
		};
		71480F54293931430051C027 /* Release */ = {
			isa = XCBuildConfiguration;
			buildSettings = {
				ASSETCATALOG_COMPILER_APPICON_NAME = AppIcon;
				ASSETCATALOG_COMPILER_GLOBAL_ACCENT_COLOR_NAME = AccentColor;
				CODE_SIGN_STYLE = Automatic;
				CURRENT_PROJECT_VERSION = 1;
				DEVELOPMENT_TEAM = WXHAH5T735;
				GENERATE_INFOPLIST_FILE = YES;
				INFOPLIST_FILE = iOS_Life_Cycle/Info.plist;
				INFOPLIST_KEY_UIApplicationSupportsIndirectInputEvents = YES;
				INFOPLIST_KEY_UILaunchStoryboardName = LaunchScreen;
				INFOPLIST_KEY_UIMainStoryboardFile = Main;
				INFOPLIST_KEY_UISupportedInterfaceOrientations_iPad = "UIInterfaceOrientationPortrait UIInterfaceOrientationPortraitUpsideDown UIInterfaceOrientationLandscapeLeft UIInterfaceOrientationLandscapeRight";
				INFOPLIST_KEY_UISupportedInterfaceOrientations_iPhone = "UIInterfaceOrientationPortrait UIInterfaceOrientationLandscapeLeft UIInterfaceOrientationLandscapeRight";
				LD_RUNPATH_SEARCH_PATHS = (
					"$(inherited)",
					"@executable_path/Frameworks",
				);
				MARKETING_VERSION = 1.0;
				PRODUCT_BUNDLE_IDENTIFIER = "com.faysal.iOS-Life-Cycle";
				PRODUCT_NAME = "$(TARGET_NAME)";
				SWIFT_EMIT_LOC_STRINGS = YES;
				SWIFT_VERSION = 5.0;
				TARGETED_DEVICE_FAMILY = "1,2";
			};
			name = Release;
		};
/* End XCBuildConfiguration section */

/* Begin XCConfigurationList section */
		71480F36293931410051C027 /* Build configuration list for PBXProject "iOS_Life_Cycle" */ = {
			isa = XCConfigurationList;
			buildConfigurations = (
				71480F50293931430051C027 /* Debug */,
				71480F51293931430051C027 /* Release */,
			);
			defaultConfigurationIsVisible = 0;
			defaultConfigurationName = Release;
		};
		71480F52293931430051C027 /* Build configuration list for PBXNativeTarget "iOS_Life_Cycle" */ = {
			isa = XCConfigurationList;
			buildConfigurations = (
				71480F53293931430051C027 /* Debug */,
				71480F54293931430051C027 /* Release */,
			);
			defaultConfigurationIsVisible = 0;
			defaultConfigurationName = Release;
		};
/* End XCConfigurationList section */

/* Begin XCVersionGroup section */
		71480F47293931410051C027 /* iOS_Life_Cycle.xcdatamodeld */ = {
			isa = XCVersionGroup;
			children = (
				71480F48293931410051C027 /* iOS_Life_Cycle.xcdatamodel */,
			);
			currentVersion = 71480F48293931410051C027 /* iOS_Life_Cycle.xcdatamodel */;
			path = iOS_Life_Cycle.xcdatamodeld;
			sourceTree = "<group>";
			versionGroupType = wrapper.xcdatamodel;
		};
/* End XCVersionGroup section */
	};
	rootObject = 71480F33293931410051C027 /* Project object */;
}
