// !$*UTF8*$!
{
	archiveVersion = 1;
	classes = {
	};
	objectVersion = 56;
	objects = {

/* Begin PBXBuildFile section */
		714B9D48296F3B3800DC644E /* AppDelegate.swift in Sources */ = {isa = PBXBuildFile; fileRef = 714B9D47296F3B3800DC644E /* AppDelegate.swift */; };
		714B9D4A296F3B3800DC644E /* SceneDelegate.swift in Sources */ = {isa = PBXBuildFile; fileRef = 714B9D49296F3B3800DC644E /* SceneDelegate.swift */; };
		714B9D4C296F3B3800DC644E /* ViewController.swift in Sources */ = {isa = PBXBuildFile; fileRef = 714B9D4B296F3B3800DC644E /* ViewController.swift */; };
		714B9D4F296F3B3800DC644E /* Main.storyboard in Resources */ = {isa = PBXBuildFile; fileRef = 714B9D4D296F3B3800DC644E /* Main.storyboard */; };
		714B9D51296F3B3A00DC644E /* Assets.xcassets in Resources */ = {isa = PBXBuildFile; fileRef = 714B9D50296F3B3A00DC644E /* Assets.xcassets */; };
		714B9D54296F3B3A00DC644E /* LaunchScreen.storyboard in Resources */ = {isa = PBXBuildFile; fileRef = 714B9D52296F3B3A00DC644E /* LaunchScreen.storyboard */; };
		714B9D5F296F3BB500DC644E /* SecondVC.swift in Sources */ = {isa = PBXBuildFile; fileRef = 714B9D5E296F3BB500DC644E /* SecondVC.swift */; };
		714B9D61296F3BD800DC644E /* Second.storyboard in Resources */ = {isa = PBXBuildFile; fileRef = 714B9D60296F3BD800DC644E /* Second.storyboard */; };
/* End PBXBuildFile section */

/* Begin PBXFileReference section */
		714B9D44296F3B3800DC644E /* CallbackClosure.app */ = {isa = PBXFileReference; explicitFileType = wrapper.application; includeInIndex = 0; path = CallbackClosure.app; sourceTree = BUILT_PRODUCTS_DIR; };
		714B9D47296F3B3800DC644E /* AppDelegate.swift */ = {isa = PBXFileReference; lastKnownFileType = sourcecode.swift; path = AppDelegate.swift; sourceTree = "<group>"; };
		714B9D49296F3B3800DC644E /* SceneDelegate.swift */ = {isa = PBXFileReference; lastKnownFileType = sourcecode.swift; path = SceneDelegate.swift; sourceTree = "<group>"; };
		714B9D4B296F3B3800DC644E /* ViewController.swift */ = {isa = PBXFileReference; lastKnownFileType = sourcecode.swift; path = ViewController.swift; sourceTree = "<group>"; };
		714B9D4E296F3B3800DC644E /* Base */ = {isa = PBXFileReference; lastKnownFileType = file.storyboard; name = Base; path = Base.lproj/Main.storyboard; sourceTree = "<group>"; };
		714B9D50296F3B3A00DC644E /* Assets.xcassets */ = {isa = PBXFileReference; lastKnownFileType = folder.assetcatalog; path = Assets.xcassets; sourceTree = "<group>"; };
		714B9D53296F3B3A00DC644E /* Base */ = {isa = PBXFileReference; lastKnownFileType = file.storyboard; name = Base; path = Base.lproj/LaunchScreen.storyboard; sourceTree = "<group>"; };
		714B9D55296F3B3A00DC644E /* Info.plist */ = {isa = PBXFileReference; lastKnownFileType = text.plist.xml; path = Info.plist; sourceTree = "<group>"; };
		714B9D5E296F3BB500DC644E /* SecondVC.swift */ = {isa = PBXFileReference; lastKnownFileType = sourcecode.swift; path = SecondVC.swift; sourceTree = "<group>"; };
		714B9D60296F3BD800DC644E /* Second.storyboard */ = {isa = PBXFileReference; lastKnownFileType = file.storyboard; path = Second.storyboard; sourceTree = "<group>"; };
/* End PBXFileReference section */

/* Begin PBXFrameworksBuildPhase section */
		714B9D41296F3B3800DC644E /* Frameworks */ = {
			isa = PBXFrameworksBuildPhase;
			buildActionMask = 2147483647;
			files = (
			);
			runOnlyForDeploymentPostprocessing = 0;
		};
/* End PBXFrameworksBuildPhase section */

/* Begin PBXGroup section */
		714B9D3B296F3B3800DC644E = {
			isa = PBXGroup;
			children = (
				714B9D46296F3B3800DC644E /* CallbackClosure */,
				714B9D45296F3B3800DC644E /* Products */,
			);
			sourceTree = "<group>";
		};
		714B9D45296F3B3800DC644E /* Products */ = {
			isa = PBXGroup;
			children = (
				714B9D44296F3B3800DC644E /* CallbackClosure.app */,
			);
			name = Products;
			sourceTree = "<group>";
		};
		714B9D46296F3B3800DC644E /* CallbackClosure */ = {
			isa = PBXGroup;
			children = (
				714B9D5D296F3B4D00DC644E /* System */,
				714B9D5C296F3B4800DC644E /* View */,
				714B9D5B296F3B4100DC644E /* Controller */,
				714B9D50296F3B3A00DC644E /* Assets.xcassets */,
				714B9D52296F3B3A00DC644E /* LaunchScreen.storyboard */,
				714B9D55296F3B3A00DC644E /* Info.plist */,
			);
			path = CallbackClosure;
			sourceTree = "<group>";
		};
		714B9D5B296F3B4100DC644E /* Controller */ = {
			isa = PBXGroup;
			children = (
				714B9D4B296F3B3800DC644E /* ViewController.swift */,
				714B9D4D296F3B3800DC644E /* Main.storyboard */,
			);
			path = Controller;
			sourceTree = "<group>";
		};
		714B9D5C296F3B4800DC644E /* View */ = {
			isa = PBXGroup;
			children = (
				714B9D5E296F3BB500DC644E /* SecondVC.swift */,
				714B9D60296F3BD800DC644E /* Second.storyboard */,
			);
			path = View;
			sourceTree = "<group>";
		};
		714B9D5D296F3B4D00DC644E /* System */ = {
			isa = PBXGroup;
			children = (
				714B9D47296F3B3800DC644E /* AppDelegate.swift */,
				714B9D49296F3B3800DC644E /* SceneDelegate.swift */,
			);
			path = System;
			sourceTree = "<group>";
		};
/* End PBXGroup section */

/* Begin PBXNativeTarget section */
		714B9D43296F3B3800DC644E /* CallbackClosure */ = {
			isa = PBXNativeTarget;
			buildConfigurationList = 714B9D58296F3B3A00DC644E /* Build configuration list for PBXNativeTarget "CallbackClosure" */;
			buildPhases = (
				714B9D40296F3B3800DC644E /* Sources */,
				714B9D41296F3B3800DC644E /* Frameworks */,
				714B9D42296F3B3800DC644E /* Resources */,
			);
			buildRules = (
			);
			dependencies = (
			);
			name = CallbackClosure;
			productName = CallbackClosure;
			productReference = 714B9D44296F3B3800DC644E /* CallbackClosure.app */;
			productType = "com.apple.product-type.application";
		};
/* End PBXNativeTarget section */

/* Begin PBXProject section */
		714B9D3C296F3B3800DC644E /* Project object */ = {
			isa = PBXProject;
			attributes = {
				BuildIndependentTargetsInParallel = 1;
				LastSwiftUpdateCheck = 1410;
				LastUpgradeCheck = 1410;
				TargetAttributes = {
					714B9D43296F3B3800DC644E = {
						CreatedOnToolsVersion = 14.1;
					};
				};
			};
			buildConfigurationList = 714B9D3F296F3B3800DC644E /* Build configuration list for PBXProject "CallbackClosure" */;
			compatibilityVersion = "Xcode 14.0";
			developmentRegion = en;
			hasScannedForEncodings = 0;
			knownRegions = (
				en,
				Base,
			);
			mainGroup = 714B9D3B296F3B3800DC644E;
			productRefGroup = 714B9D45296F3B3800DC644E /* Products */;
			projectDirPath = "";
			projectRoot = "";
			targets = (
				714B9D43296F3B3800DC644E /* CallbackClosure */,
			);
		};
/* End PBXProject section */

/* Begin PBXResourcesBuildPhase section */
		714B9D42296F3B3800DC644E /* Resources */ = {
			isa = PBXResourcesBuildPhase;
			buildActionMask = 2147483647;
			files = (
				714B9D61296F3BD800DC644E /* Second.storyboard in Resources */,
				714B9D54296F3B3A00DC644E /* LaunchScreen.storyboard in Resources */,
				714B9D51296F3B3A00DC644E /* Assets.xcassets in Resources */,
				714B9D4F296F3B3800DC644E /* Main.storyboard in Resources */,
			);
			runOnlyForDeploymentPostprocessing = 0;
		};
/* End PBXResourcesBuildPhase section */

/* Begin PBXSourcesBuildPhase section */
		714B9D40296F3B3800DC644E /* Sources */ = {
			isa = PBXSourcesBuildPhase;
			buildActionMask = 2147483647;
			files = (
				714B9D4C296F3B3800DC644E /* ViewController.swift in Sources */,
				714B9D48296F3B3800DC644E /* AppDelegate.swift in Sources */,
				714B9D5F296F3BB500DC644E /* SecondVC.swift in Sources */,
				714B9D4A296F3B3800DC644E /* SceneDelegate.swift in Sources */,
			);
			runOnlyForDeploymentPostprocessing = 0;
		};
/* End PBXSourcesBuildPhase section */

/* Begin PBXVariantGroup section */
		714B9D4D296F3B3800DC644E /* Main.storyboard */ = {
			isa = PBXVariantGroup;
			children = (
				714B9D4E296F3B3800DC644E /* Base */,
			);
			name = Main.storyboard;
			sourceTree = "<group>";
		};
		714B9D52296F3B3A00DC644E /* LaunchScreen.storyboard */ = {
			isa = PBXVariantGroup;
			children = (
				714B9D53296F3B3A00DC644E /* Base */,
			);
			name = LaunchScreen.storyboard;
			sourceTree = "<group>";
		};
/* End PBXVariantGroup section */

/* Begin XCBuildConfiguration section */
		714B9D56296F3B3A00DC644E /* Debug */ = {
			isa = XCBuildConfiguration;
			buildSettings = {
				ALWAYS_SEARCH_USER_PATHS = NO;
				CLANG_ANALYZER_NONNULL = YES;
				CLANG_ANALYZER_NUMBER_OBJECT_CONVERSION = YES_AGGRESSIVE;
				CLANG_CXX_LANGUAGE_STANDARD = "gnu++20";
				CLANG_ENABLE_MODULES = YES;
				CLANG_ENABLE_OBJC_ARC = YES;
				CLANG_ENABLE_OBJC_WEAK = YES;
				CLANG_WARN_BLOCK_CAPTURE_AUTORELEASING = YES;
				CLANG_WARN_BOOL_CONVERSION = YES;
				CLANG_WARN_COMMA = YES;
				CLANG_WARN_CONSTANT_CONVERSION = YES;
				CLANG_WARN_DEPRECATED_OBJC_IMPLEMENTATIONS = YES;
				CLANG_WARN_DIRECT_OBJC_ISA_USAGE = YES_ERROR;
				CLANG_WARN_DOCUMENTATION_COMMENTS = YES;
				CLANG_WARN_EMPTY_BODY = YES;
				CLANG_WARN_ENUM_CONVERSION = YES;
				CLANG_WARN_INFINITE_RECURSION = YES;
				CLANG_WARN_INT_CONVERSION = YES;
				CLANG_WARN_NON_LITERAL_NULL_CONVERSION = YES;
				CLANG_WARN_OBJC_IMPLICIT_RETAIN_SELF = YES;
				CLANG_WARN_OBJC_LITERAL_CONVERSION = YES;
				CLANG_WARN_OBJC_ROOT_CLASS = YES_ERROR;
				CLANG_WARN_QUOTED_INCLUDE_IN_FRAMEWORK_HEADER = YES;
				CLANG_WARN_RANGE_LOOP_ANALYSIS = YES;
				CLANG_WARN_STRICT_PROTOTYPES = YES;
				CLANG_WARN_SUSPICIOUS_MOVE = YES;
				CLANG_WARN_UNGUARDED_AVAILABILITY = YES_AGGRESSIVE;
				CLANG_WARN_UNREACHABLE_CODE = YES;
				CLANG_WARN__DUPLICATE_METHOD_MATCH = YES;
				COPY_PHASE_STRIP = NO;
				DEBUG_INFORMATION_FORMAT = dwarf;
				ENABLE_STRICT_OBJC_MSGSEND = YES;
				ENABLE_TESTABILITY = YES;
				GCC_C_LANGUAGE_STANDARD = gnu11;
				GCC_DYNAMIC_NO_PIC = NO;
				GCC_NO_COMMON_BLOCKS = YES;
				GCC_OPTIMIZATION_LEVEL = 0;
				GCC_PREPROCESSOR_DEFINITIONS = (
					"DEBUG=1",
					"$(inherited)",
				);
				GCC_WARN_64_TO_32_BIT_CONVERSION = YES;
				GCC_WARN_ABOUT_RETURN_TYPE = YES_ERROR;
				GCC_WARN_UNDECLARED_SELECTOR = YES;
				GCC_WARN_UNINITIALIZED_AUTOS = YES_AGGRESSIVE;
				GCC_WARN_UNUSED_FUNCTION = YES;
				GCC_WARN_UNUSED_VARIABLE = YES;
				IPHONEOS_DEPLOYMENT_TARGET = 16.1;
				MTL_ENABLE_DEBUG_INFO = INCLUDE_SOURCE;
				MTL_FAST_MATH = YES;
				ONLY_ACTIVE_ARCH = YES;
				SDKROOT = iphoneos;
				SWIFT_ACTIVE_COMPILATION_CONDITIONS = DEBUG;
				SWIFT_OPTIMIZATION_LEVEL = "-Onone";
			};
			name = Debug;
		};
		714B9D57296F3B3A00DC644E /* Release */ = {
			isa = XCBuildConfiguration;
			buildSettings = {
				ALWAYS_SEARCH_USER_PATHS = NO;
				CLANG_ANALYZER_NONNULL = YES;
				CLANG_ANALYZER_NUMBER_OBJECT_CONVERSION = YES_AGGRESSIVE;
				CLANG_CXX_LANGUAGE_STANDARD = "gnu++20";
				CLANG_ENABLE_MODULES = YES;
				CLANG_ENABLE_OBJC_ARC = YES;
				CLANG_ENABLE_OBJC_WEAK = YES;
				CLANG_WARN_BLOCK_CAPTURE_AUTORELEASING = YES;
				CLANG_WARN_BOOL_CONVERSION = YES;
				CLANG_WARN_COMMA = YES;
				CLANG_WARN_CONSTANT_CONVERSION = YES;
				CLANG_WARN_DEPRECATED_OBJC_IMPLEMENTATIONS = YES;
				CLANG_WARN_DIRECT_OBJC_ISA_USAGE = YES_ERROR;
				CLANG_WARN_DOCUMENTATION_COMMENTS = YES;
				CLANG_WARN_EMPTY_BODY = YES;
				CLANG_WARN_ENUM_CONVERSION = YES;
				CLANG_WARN_INFINITE_RECURSION = YES;
				CLANG_WARN_INT_CONVERSION = YES;
				CLANG_WARN_NON_LITERAL_NULL_CONVERSION = YES;
				CLANG_WARN_OBJC_IMPLICIT_RETAIN_SELF = YES;
				CLANG_WARN_OBJC_LITERAL_CONVERSION = YES;
				CLANG_WARN_OBJC_ROOT_CLASS = YES_ERROR;
				CLANG_WARN_QUOTED_INCLUDE_IN_FRAMEWORK_HEADER = YES;
				CLANG_WARN_RANGE_LOOP_ANALYSIS = YES;
				CLANG_WARN_STRICT_PROTOTYPES = YES;
				CLANG_WARN_SUSPICIOUS_MOVE = YES;
				CLANG_WARN_UNGUARDED_AVAILABILITY = YES_AGGRESSIVE;
				CLANG_WARN_UNREACHABLE_CODE = YES;
				CLANG_WARN__DUPLICATE_METHOD_MATCH = YES;
				COPY_PHASE_STRIP = NO;
				DEBUG_INFORMATION_FORMAT = "dwarf-with-dsym";
				ENABLE_NS_ASSERTIONS = NO;
				ENABLE_STRICT_OBJC_MSGSEND = YES;
				GCC_C_LANGUAGE_STANDARD = gnu11;
				GCC_NO_COMMON_BLOCKS = YES;
				GCC_WARN_64_TO_32_BIT_CONVERSION = YES;
				GCC_WARN_ABOUT_RETURN_TYPE = YES_ERROR;
				GCC_WARN_UNDECLARED_SELECTOR = YES;
				GCC_WARN_UNINITIALIZED_AUTOS = YES_AGGRESSIVE;
				GCC_WARN_UNUSED_FUNCTION = YES;
				GCC_WARN_UNUSED_VARIABLE = YES;
				IPHONEOS_DEPLOYMENT_TARGET = 16.1;
				MTL_ENABLE_DEBUG_INFO = NO;
				MTL_FAST_MATH = YES;
				SDKROOT = iphoneos;
				SWIFT_COMPILATION_MODE = wholemodule;
				SWIFT_OPTIMIZATION_LEVEL = "-O";
				VALIDATE_PRODUCT = YES;
			};
			name = Release;
		};
		714B9D59296F3B3A00DC644E /* Debug */ = {
			isa = XCBuildConfiguration;
			buildSettings = {
				ASSETCATALOG_COMPILER_APPICON_NAME = AppIcon;
				ASSETCATALOG_COMPILER_GLOBAL_ACCENT_COLOR_NAME = AccentColor;
				CODE_SIGN_STYLE = Automatic;
				CURRENT_PROJECT_VERSION = 1;
				DEVELOPMENT_TEAM = WXHAH5T735;
				GENERATE_INFOPLIST_FILE = YES;
				INFOPLIST_FILE = CallbackClosure/Info.plist;
				INFOPLIST_KEY_UIApplicationSupportsIndirectInputEvents = YES;
				INFOPLIST_KEY_UILaunchStoryboardName = LaunchScreen;
				INFOPLIST_KEY_UIMainStoryboardFile = Main;
				INFOPLIST_KEY_UISupportedInterfaceOrientations_iPad = "UIInterfaceOrientationPortrait UIInterfaceOrientationPortraitUpsideDown UIInterfaceOrientationLandscapeLeft UIInterfaceOrientationLandscapeRight";
				INFOPLIST_KEY_UISupportedInterfaceOrientations_iPhone = "UIInterfaceOrientationPortrait UIInterfaceOrientationLandscapeLeft UIInterfaceOrientationLandscapeRight";
				LD_RUNPATH_SEARCH_PATHS = (
					"$(inherited)",
					"@executable_path/Frameworks",
				);
				MARKETING_VERSION = 1.0;
				PRODUCT_BUNDLE_IDENTIFIER = com.faysal.CallbackClosure;
				PRODUCT_NAME = "$(TARGET_NAME)";
				SWIFT_EMIT_LOC_STRINGS = YES;
				SWIFT_VERSION = 5.0;
				TARGETED_DEVICE_FAMILY = "1,2";
			};
			name = Debug;
		};
		714B9D5A296F3B3A00DC644E /* Release */ = {
			isa = XCBuildConfiguration;
			buildSettings = {
				ASSETCATALOG_COMPILER_APPICON_NAME = AppIcon;
				ASSETCATALOG_COMPILER_GLOBAL_ACCENT_COLOR_NAME = AccentColor;
				CODE_SIGN_STYLE = Automatic;
				CURRENT_PROJECT_VERSION = 1;
				DEVELOPMENT_TEAM = WXHAH5T735;
				GENERATE_INFOPLIST_FILE = YES;
				INFOPLIST_FILE = CallbackClosure/Info.plist;
				INFOPLIST_KEY_UIApplicationSupportsIndirectInputEvents = YES;
				INFOPLIST_KEY_UILaunchStoryboardName = LaunchScreen;
				INFOPLIST_KEY_UIMainStoryboardFile = Main;
				INFOPLIST_KEY_UISupportedInterfaceOrientations_iPad = "UIInterfaceOrientationPortrait UIInterfaceOrientationPortraitUpsideDown UIInterfaceOrientationLandscapeLeft UIInterfaceOrientationLandscapeRight";
				INFOPLIST_KEY_UISupportedInterfaceOrientations_iPhone = "UIInterfaceOrientationPortrait UIInterfaceOrientationLandscapeLeft UIInterfaceOrientationLandscapeRight";
				LD_RUNPATH_SEARCH_PATHS = (
					"$(inherited)",
					"@executable_path/Frameworks",
				);
				MARKETING_VERSION = 1.0;
				PRODUCT_BUNDLE_IDENTIFIER = com.faysal.CallbackClosure;
				PRODUCT_NAME = "$(TARGET_NAME)";
				SWIFT_EMIT_LOC_STRINGS = YES;
				SWIFT_VERSION = 5.0;
				TARGETED_DEVICE_FAMILY = "1,2";
			};
			name = Release;
		};
/* End XCBuildConfiguration section */

/* Begin XCConfigurationList section */
		714B9D3F296F3B3800DC644E /* Build configuration list for PBXProject "CallbackClosure" */ = {
			isa = XCConfigurationList;
			buildConfigurations = (
				714B9D56296F3B3A00DC644E /* Debug */,
				714B9D57296F3B3A00DC644E /* Release */,
			);
			defaultConfigurationIsVisible = 0;
			defaultConfigurationName = Release;
		};
		714B9D58296F3B3A00DC644E /* Build configuration list for PBXNativeTarget "CallbackClosure" */ = {
			isa = XCConfigurationList;
			buildConfigurations = (
				714B9D59296F3B3A00DC644E /* Debug */,
				714B9D5A296F3B3A00DC644E /* Release */,
			);
			defaultConfigurationIsVisible = 0;
			defaultConfigurationName = Release;
		};
/* End XCConfigurationList section */
	};
	rootObject = 714B9D3C296F3B3800DC644E /* Project object */;
}
