// !$*UTF8*$!
{
	archiveVersion = 1;
	classes = {
	};
	objectVersion = 56;
	objects = {

/* Begin PBXBuildFile section */
		714BB0F12946ED2E00B3BE16 /* AppDelegate.swift in Sources */ = {isa = PBXBuildFile; fileRef = 714BB0F02946ED2E00B3BE16 /* AppDelegate.swift */; };
		714BB0F32946ED2E00B3BE16 /* SceneDelegate.swift in Sources */ = {isa = PBXBuildFile; fileRef = 714BB0F22946ED2E00B3BE16 /* SceneDelegate.swift */; };
		714BB0F52946ED2E00B3BE16 /* ViewController.swift in Sources */ = {isa = PBXBuildFile; fileRef = 714BB0F42946ED2E00B3BE16 /* ViewController.swift */; };
		714BB0F82946ED2E00B3BE16 /* Main.storyboard in Resources */ = {isa = PBXBuildFile; fileRef = 714BB0F62946ED2E00B3BE16 /* Main.storyboard */; };
		714BB0FB2946ED2E00B3BE16 /* DemoApp.xcdatamodeld in Sources */ = {isa = PBXBuildFile; fileRef = 714BB0F92946ED2E00B3BE16 /* DemoApp.xcdatamodeld */; };
		714BB0FD2946ED2F00B3BE16 /* Assets.xcassets in Resources */ = {isa = PBXBuildFile; fileRef = 714BB0FC2946ED2F00B3BE16 /* Assets.xcassets */; };
		714BB1002946ED2F00B3BE16 /* LaunchScreen.storyboard in Resources */ = {isa = PBXBuildFile; fileRef = 714BB0FE2946ED2F00B3BE16 /* LaunchScreen.storyboard */; };
		714BB10B2946EE7900B3BE16 /* CustomTableViewCell.swift in Sources */ = {isa = PBXBuildFile; fileRef = 714BB1092946EE7900B3BE16 /* CustomTableViewCell.swift */; };
		714BB10C2946EE7900B3BE16 /* CustomTableViewCell.xib in Resources */ = {isa = PBXBuildFile; fileRef = 714BB10A2946EE7900B3BE16 /* CustomTableViewCell.xib */; };
/* End PBXBuildFile section */

/* Begin PBXFileReference section */
		714BB0ED2946ED2E00B3BE16 /* DemoApp.app */ = {isa = PBXFileReference; explicitFileType = wrapper.application; includeInIndex = 0; path = DemoApp.app; sourceTree = BUILT_PRODUCTS_DIR; };
		714BB0F02946ED2E00B3BE16 /* AppDelegate.swift */ = {isa = PBXFileReference; lastKnownFileType = sourcecode.swift; path = AppDelegate.swift; sourceTree = "<group>"; };
		714BB0F22946ED2E00B3BE16 /* SceneDelegate.swift */ = {isa = PBXFileReference; lastKnownFileType = sourcecode.swift; path = SceneDelegate.swift; sourceTree = "<group>"; };
		714BB0F42946ED2E00B3BE16 /* ViewController.swift */ = {isa = PBXFileReference; lastKnownFileType = sourcecode.swift; path = ViewController.swift; sourceTree = "<group>"; };
		714BB0F72946ED2E00B3BE16 /* Base */ = {isa = PBXFileReference; lastKnownFileType = file.storyboard; name = Base; path = Base.lproj/Main.storyboard; sourceTree = "<group>"; };
		714BB0FA2946ED2E00B3BE16 /* DemoApp.xcdatamodel */ = {isa = PBXFileReference; lastKnownFileType = wrapper.xcdatamodel; path = DemoApp.xcdatamodel; sourceTree = "<group>"; };
		714BB0FC2946ED2F00B3BE16 /* Assets.xcassets */ = {isa = PBXFileReference; lastKnownFileType = folder.assetcatalog; path = Assets.xcassets; sourceTree = "<group>"; };
		714BB0FF2946ED2F00B3BE16 /* Base */ = {isa = PBXFileReference; lastKnownFileType = file.storyboard; name = Base; path = Base.lproj/LaunchScreen.storyboard; sourceTree = "<group>"; };
		714BB1012946ED2F00B3BE16 /* Info.plist */ = {isa = PBXFileReference; lastKnownFileType = text.plist.xml; path = Info.plist; sourceTree = "<group>"; };
		714BB1092946EE7900B3BE16 /* CustomTableViewCell.swift */ = {isa = PBXFileReference; lastKnownFileType = sourcecode.swift; path = CustomTableViewCell.swift; sourceTree = "<group>"; };
		714BB10A2946EE7900B3BE16 /* CustomTableViewCell.xib */ = {isa = PBXFileReference; lastKnownFileType = file.xib; path = CustomTableViewCell.xib; sourceTree = "<group>"; };
/* End PBXFileReference section */

/* Begin PBXFrameworksBuildPhase section */
		714BB0EA2946ED2E00B3BE16 /* Frameworks */ = {
			isa = PBXFrameworksBuildPhase;
			buildActionMask = 2147483647;
			files = (
			);
			runOnlyForDeploymentPostprocessing = 0;
		};
/* End PBXFrameworksBuildPhase section */

/* Begin PBXGroup section */
		714BB0E42946ED2E00B3BE16 = {
			isa = PBXGroup;
			children = (
				714BB0EF2946ED2E00B3BE16 /* DemoApp */,
				714BB0EE2946ED2E00B3BE16 /* Products */,
			);
			sourceTree = "<group>";
		};
		714BB0EE2946ED2E00B3BE16 /* Products */ = {
			isa = PBXGroup;
			children = (
				714BB0ED2946ED2E00B3BE16 /* DemoApp.app */,
			);
			name = Products;
			sourceTree = "<group>";
		};
		714BB0EF2946ED2E00B3BE16 /* DemoApp */ = {
			isa = PBXGroup;
			children = (
				714BB1082946EE5200B3BE16 /* System */,
				714BB1072946EE4900B3BE16 /* View */,
				714BB10D2947342900B3BE16 /* Controller */,
				714BB0FC2946ED2F00B3BE16 /* Assets.xcassets */,
				714BB0FE2946ED2F00B3BE16 /* LaunchScreen.storyboard */,
				714BB1012946ED2F00B3BE16 /* Info.plist */,
				714BB0F92946ED2E00B3BE16 /* DemoApp.xcdatamodeld */,
			);
			path = DemoApp;
			sourceTree = "<group>";
		};
		714BB1072946EE4900B3BE16 /* View */ = {
			isa = PBXGroup;
			children = (
				714BB1092946EE7900B3BE16 /* CustomTableViewCell.swift */,
				714BB10A2946EE7900B3BE16 /* CustomTableViewCell.xib */,
			);
			path = View;
			sourceTree = "<group>";
		};
		714BB1082946EE5200B3BE16 /* System */ = {
			isa = PBXGroup;
			children = (
				714BB0F02946ED2E00B3BE16 /* AppDelegate.swift */,
				714BB0F22946ED2E00B3BE16 /* SceneDelegate.swift */,
			);
			path = System;
			sourceTree = "<group>";
		};
		714BB10D2947342900B3BE16 /* Controller */ = {
			isa = PBXGroup;
			children = (
				714BB0F42946ED2E00B3BE16 /* ViewController.swift */,
				714BB0F62946ED2E00B3BE16 /* Main.storyboard */,
			);
			path = Controller;
			sourceTree = "<group>";
		};
/* End PBXGroup section */

/* Begin PBXNativeTarget section */
		714BB0EC2946ED2E00B3BE16 /* DemoApp */ = {
			isa = PBXNativeTarget;
			buildConfigurationList = 714BB1042946ED2F00B3BE16 /* Build configuration list for PBXNativeTarget "DemoApp" */;
			buildPhases = (
				714BB0E92946ED2E00B3BE16 /* Sources */,
				714BB0EA2946ED2E00B3BE16 /* Frameworks */,
				714BB0EB2946ED2E00B3BE16 /* Resources */,
			);
			buildRules = (
			);
			dependencies = (
			);
			name = DemoApp;
			productName = DemoApp;
			productReference = 714BB0ED2946ED2E00B3BE16 /* DemoApp.app */;
			productType = "com.apple.product-type.application";
		};
/* End PBXNativeTarget section */

/* Begin PBXProject section */
		714BB0E52946ED2E00B3BE16 /* Project object */ = {
			isa = PBXProject;
			attributes = {
				BuildIndependentTargetsInParallel = 1;
				LastSwiftUpdateCheck = 1410;
				LastUpgradeCheck = 1410;
				TargetAttributes = {
					714BB0EC2946ED2E00B3BE16 = {
						CreatedOnToolsVersion = 14.1;
					};
				};
			};
			buildConfigurationList = 714BB0E82946ED2E00B3BE16 /* Build configuration list for PBXProject "DemoApp" */;
			compatibilityVersion = "Xcode 14.0";
			developmentRegion = en;
			hasScannedForEncodings = 0;
			knownRegions = (
				en,
				Base,
			);
			mainGroup = 714BB0E42946ED2E00B3BE16;
			productRefGroup = 714BB0EE2946ED2E00B3BE16 /* Products */;
			projectDirPath = "";
			projectRoot = "";
			targets = (
				714BB0EC2946ED2E00B3BE16 /* DemoApp */,
			);
		};
/* End PBXProject section */

/* Begin PBXResourcesBuildPhase section */
		714BB0EB2946ED2E00B3BE16 /* Resources */ = {
			isa = PBXResourcesBuildPhase;
			buildActionMask = 2147483647;
			files = (
				714BB1002946ED2F00B3BE16 /* LaunchScreen.storyboard in Resources */,
				714BB0FD2946ED2F00B3BE16 /* Assets.xcassets in Resources */,
				714BB10C2946EE7900B3BE16 /* CustomTableViewCell.xib in Resources */,
				714BB0F82946ED2E00B3BE16 /* Main.storyboard in Resources */,
			);
			runOnlyForDeploymentPostprocessing = 0;
		};
/* End PBXResourcesBuildPhase section */

/* Begin PBXSourcesBuildPhase section */
		714BB0E92946ED2E00B3BE16 /* Sources */ = {
			isa = PBXSourcesBuildPhase;
			buildActionMask = 2147483647;
			files = (
				714BB0F52946ED2E00B3BE16 /* ViewController.swift in Sources */,
				714BB10B2946EE7900B3BE16 /* CustomTableViewCell.swift in Sources */,
				714BB0F12946ED2E00B3BE16 /* AppDelegate.swift in Sources */,
				714BB0FB2946ED2E00B3BE16 /* DemoApp.xcdatamodeld in Sources */,
				714BB0F32946ED2E00B3BE16 /* SceneDelegate.swift in Sources */,
			);
			runOnlyForDeploymentPostprocessing = 0;
		};
/* End PBXSourcesBuildPhase section */

/* Begin PBXVariantGroup section */
		714BB0F62946ED2E00B3BE16 /* Main.storyboard */ = {
			isa = PBXVariantGroup;
			children = (
				714BB0F72946ED2E00B3BE16 /* Base */,
			);
			name = Main.storyboard;
			sourceTree = "<group>";
		};
		714BB0FE2946ED2F00B3BE16 /* LaunchScreen.storyboard */ = {
			isa = PBXVariantGroup;
			children = (
				714BB0FF2946ED2F00B3BE16 /* Base */,
			);
			name = LaunchScreen.storyboard;
			sourceTree = "<group>";
		};
/* End PBXVariantGroup section */

/* Begin XCBuildConfiguration section */
		714BB1022946ED2F00B3BE16 /* Debug */ = {
			isa = XCBuildConfiguration;
			buildSettings = {
				ALWAYS_SEARCH_USER_PATHS = NO;
				CLANG_ANALYZER_NONNULL = YES;
				CLANG_ANALYZER_NUMBER_OBJECT_CONVERSION = YES_AGGRESSIVE;
				CLANG_CXX_LANGUAGE_STANDARD = "gnu++20";
				CLANG_ENABLE_MODULES = YES;
				CLANG_ENABLE_OBJC_ARC = YES;
				CLANG_ENABLE_OBJC_WEAK = YES;
				CLANG_WARN_BLOCK_CAPTURE_AUTORELEASING = YES;
				CLANG_WARN_BOOL_CONVERSION = YES;
				CLANG_WARN_COMMA = YES;
				CLANG_WARN_CONSTANT_CONVERSION = YES;
				CLANG_WARN_DEPRECATED_OBJC_IMPLEMENTATIONS = YES;
				CLANG_WARN_DIRECT_OBJC_ISA_USAGE = YES_ERROR;
				CLANG_WARN_DOCUMENTATION_COMMENTS = YES;
				CLANG_WARN_EMPTY_BODY = YES;
				CLANG_WARN_ENUM_CONVERSION = YES;
				CLANG_WARN_INFINITE_RECURSION = YES;
				CLANG_WARN_INT_CONVERSION = YES;
				CLANG_WARN_NON_LITERAL_NULL_CONVERSION = YES;
				CLANG_WARN_OBJC_IMPLICIT_RETAIN_SELF = YES;
				CLANG_WARN_OBJC_LITERAL_CONVERSION = YES;
				CLANG_WARN_OBJC_ROOT_CLASS = YES_ERROR;
				CLANG_WARN_QUOTED_INCLUDE_IN_FRAMEWORK_HEADER = YES;
				CLANG_WARN_RANGE_LOOP_ANALYSIS = YES;
				CLANG_WARN_STRICT_PROTOTYPES = YES;
				CLANG_WARN_SUSPICIOUS_MOVE = YES;
				CLANG_WARN_UNGUARDED_AVAILABILITY = YES_AGGRESSIVE;
				CLANG_WARN_UNREACHABLE_CODE = YES;
				CLANG_WARN__DUPLICATE_METHOD_MATCH = YES;
				COPY_PHASE_STRIP = NO;
				DEBUG_INFORMATION_FORMAT = dwarf;
				ENABLE_STRICT_OBJC_MSGSEND = YES;
				ENABLE_TESTABILITY = YES;
				GCC_C_LANGUAGE_STANDARD = gnu11;
				GCC_DYNAMIC_NO_PIC = NO;
				GCC_NO_COMMON_BLOCKS = YES;
				GCC_OPTIMIZATION_LEVEL = 0;
				GCC_PREPROCESSOR_DEFINITIONS = (
					"DEBUG=1",
					"$(inherited)",
				);
				GCC_WARN_64_TO_32_BIT_CONVERSION = YES;
				GCC_WARN_ABOUT_RETURN_TYPE = YES_ERROR;
				GCC_WARN_UNDECLARED_SELECTOR = YES;
				GCC_WARN_UNINITIALIZED_AUTOS = YES_AGGRESSIVE;
				GCC_WARN_UNUSED_FUNCTION = YES;
				GCC_WARN_UNUSED_VARIABLE = YES;
				IPHONEOS_DEPLOYMENT_TARGET = 16.1;
				MTL_ENABLE_DEBUG_INFO = INCLUDE_SOURCE;
				MTL_FAST_MATH = YES;
				ONLY_ACTIVE_ARCH = YES;
				SDKROOT = iphoneos;
				SWIFT_ACTIVE_COMPILATION_CONDITIONS = DEBUG;
				SWIFT_OPTIMIZATION_LEVEL = "-Onone";
			};
			name = Debug;
		};
		714BB1032946ED2F00B3BE16 /* Release */ = {
			isa = XCBuildConfiguration;
			buildSettings = {
				ALWAYS_SEARCH_USER_PATHS = NO;
				CLANG_ANALYZER_NONNULL = YES;
				CLANG_ANALYZER_NUMBER_OBJECT_CONVERSION = YES_AGGRESSIVE;
				CLANG_CXX_LANGUAGE_STANDARD = "gnu++20";
				CLANG_ENABLE_MODULES = YES;
				CLANG_ENABLE_OBJC_ARC = YES;
				CLANG_ENABLE_OBJC_WEAK = YES;
				CLANG_WARN_BLOCK_CAPTURE_AUTORELEASING = YES;
				CLANG_WARN_BOOL_CONVERSION = YES;
				CLANG_WARN_COMMA = YES;
				CLANG_WARN_CONSTANT_CONVERSION = YES;
				CLANG_WARN_DEPRECATED_OBJC_IMPLEMENTATIONS = YES;
				CLANG_WARN_DIRECT_OBJC_ISA_USAGE = YES_ERROR;
				CLANG_WARN_DOCUMENTATION_COMMENTS = YES;
				CLANG_WARN_EMPTY_BODY = YES;
				CLANG_WARN_ENUM_CONVERSION = YES;
				CLANG_WARN_INFINITE_RECURSION = YES;
				CLANG_WARN_INT_CONVERSION = YES;
				CLANG_WARN_NON_LITERAL_NULL_CONVERSION = YES;
				CLANG_WARN_OBJC_IMPLICIT_RETAIN_SELF = YES;
				CLANG_WARN_OBJC_LITERAL_CONVERSION = YES;
				CLANG_WARN_OBJC_ROOT_CLASS = YES_ERROR;
				CLANG_WARN_QUOTED_INCLUDE_IN_FRAMEWORK_HEADER = YES;
				CLANG_WARN_RANGE_LOOP_ANALYSIS = YES;
				CLANG_WARN_STRICT_PROTOTYPES = YES;
				CLANG_WARN_SUSPICIOUS_MOVE = YES;
				CLANG_WARN_UNGUARDED_AVAILABILITY = YES_AGGRESSIVE;
				CLANG_WARN_UNREACHABLE_CODE = YES;
				CLANG_WARN__DUPLICATE_METHOD_MATCH = YES;
				COPY_PHASE_STRIP = NO;
				DEBUG_INFORMATION_FORMAT = "dwarf-with-dsym";
				ENABLE_NS_ASSERTIONS = NO;
				ENABLE_STRICT_OBJC_MSGSEND = YES;
				GCC_C_LANGUAGE_STANDARD = gnu11;
				GCC_NO_COMMON_BLOCKS = YES;
				GCC_WARN_64_TO_32_BIT_CONVERSION = YES;
				GCC_WARN_ABOUT_RETURN_TYPE = YES_ERROR;
				GCC_WARN_UNDECLARED_SELECTOR = YES;
				GCC_WARN_UNINITIALIZED_AUTOS = YES_AGGRESSIVE;
				GCC_WARN_UNUSED_FUNCTION = YES;
				GCC_WARN_UNUSED_VARIABLE = YES;
				IPHONEOS_DEPLOYMENT_TARGET = 16.1;
				MTL_ENABLE_DEBUG_INFO = NO;
				MTL_FAST_MATH = YES;
				SDKROOT = iphoneos;
				SWIFT_COMPILATION_MODE = wholemodule;
				SWIFT_OPTIMIZATION_LEVEL = "-O";
				VALIDATE_PRODUCT = YES;
			};
			name = Release;
		};
		714BB1052946ED2F00B3BE16 /* Debug */ = {
			isa = XCBuildConfiguration;
			buildSettings = {
				ASSETCATALOG_COMPILER_APPICON_NAME = AppIcon;
				ASSETCATALOG_COMPILER_GLOBAL_ACCENT_COLOR_NAME = AccentColor;
				CODE_SIGN_STYLE = Automatic;
				CURRENT_PROJECT_VERSION = 1;
				DEVELOPMENT_TEAM = WXHAH5T735;
				GENERATE_INFOPLIST_FILE = YES;
				INFOPLIST_FILE = DemoApp/Info.plist;
				INFOPLIST_KEY_UIApplicationSupportsIndirectInputEvents = YES;
				INFOPLIST_KEY_UILaunchStoryboardName = LaunchScreen;
				INFOPLIST_KEY_UIMainStoryboardFile = Main;
				INFOPLIST_KEY_UISupportedInterfaceOrientations_iPad = "UIInterfaceOrientationPortrait UIInterfaceOrientationPortraitUpsideDown UIInterfaceOrientationLandscapeLeft UIInterfaceOrientationLandscapeRight";
				INFOPLIST_KEY_UISupportedInterfaceOrientations_iPhone = "UIInterfaceOrientationPortrait UIInterfaceOrientationLandscapeLeft UIInterfaceOrientationLandscapeRight";
				LD_RUNPATH_SEARCH_PATHS = (
					"$(inherited)",
					"@executable_path/Frameworks",
				);
				MARKETING_VERSION = 1.0;
				PRODUCT_BUNDLE_IDENTIFIER = com.faysal.DemoApp;
				PRODUCT_NAME = "$(TARGET_NAME)";
				SWIFT_EMIT_LOC_STRINGS = YES;
				SWIFT_VERSION = 5.0;
				TARGETED_DEVICE_FAMILY = "1,2";
			};
			name = Debug;
		};
		714BB1062946ED2F00B3BE16 /* Release */ = {
			isa = XCBuildConfiguration;
			buildSettings = {
				ASSETCATALOG_COMPILER_APPICON_NAME = AppIcon;
				ASSETCATALOG_COMPILER_GLOBAL_ACCENT_COLOR_NAME = AccentColor;
				CODE_SIGN_STYLE = Automatic;
				CURRENT_PROJECT_VERSION = 1;
				DEVELOPMENT_TEAM = WXHAH5T735;
				GENERATE_INFOPLIST_FILE = YES;
				INFOPLIST_FILE = DemoApp/Info.plist;
				INFOPLIST_KEY_UIApplicationSupportsIndirectInputEvents = YES;
				INFOPLIST_KEY_UILaunchStoryboardName = LaunchScreen;
				INFOPLIST_KEY_UIMainStoryboardFile = Main;
				INFOPLIST_KEY_UISupportedInterfaceOrientations_iPad = "UIInterfaceOrientationPortrait UIInterfaceOrientationPortraitUpsideDown UIInterfaceOrientationLandscapeLeft UIInterfaceOrientationLandscapeRight";
				INFOPLIST_KEY_UISupportedInterfaceOrientations_iPhone = "UIInterfaceOrientationPortrait UIInterfaceOrientationLandscapeLeft UIInterfaceOrientationLandscapeRight";
				LD_RUNPATH_SEARCH_PATHS = (
					"$(inherited)",
					"@executable_path/Frameworks",
				);
				MARKETING_VERSION = 1.0;
				PRODUCT_BUNDLE_IDENTIFIER = com.faysal.DemoApp;
				PRODUCT_NAME = "$(TARGET_NAME)";
				SWIFT_EMIT_LOC_STRINGS = YES;
				SWIFT_VERSION = 5.0;
				TARGETED_DEVICE_FAMILY = "1,2";
			};
			name = Release;
		};
/* End XCBuildConfiguration section */

/* Begin XCConfigurationList section */
		714BB0E82946ED2E00B3BE16 /* Build configuration list for PBXProject "DemoApp" */ = {
			isa = XCConfigurationList;
			buildConfigurations = (
				714BB1022946ED2F00B3BE16 /* Debug */,
				714BB1032946ED2F00B3BE16 /* Release */,
			);
			defaultConfigurationIsVisible = 0;
			defaultConfigurationName = Release;
		};
		714BB1042946ED2F00B3BE16 /* Build configuration list for PBXNativeTarget "DemoApp" */ = {
			isa = XCConfigurationList;
			buildConfigurations = (
				714BB1052946ED2F00B3BE16 /* Debug */,
				714BB1062946ED2F00B3BE16 /* Release */,
			);
			defaultConfigurationIsVisible = 0;
			defaultConfigurationName = Release;
		};
/* End XCConfigurationList section */

/* Begin XCVersionGroup section */
		714BB0F92946ED2E00B3BE16 /* DemoApp.xcdatamodeld */ = {
			isa = XCVersionGroup;
			children = (
				714BB0FA2946ED2E00B3BE16 /* DemoApp.xcdatamodel */,
			);
			currentVersion = 714BB0FA2946ED2E00B3BE16 /* DemoApp.xcdatamodel */;
			path = DemoApp.xcdatamodeld;
			sourceTree = "<group>";
			versionGroupType = wrapper.xcdatamodel;
		};
/* End XCVersionGroup section */
	};
	rootObject = 714BB0E52946ED2E00B3BE16 /* Project object */;
}
