// !$*UTF8*$!
{
	archiveVersion = 1;
	classes = {
	};
	objectVersion = 56;
	objects = {

/* Begin PBXBuildFile section */
		714351BA296D54AE00CD3246 /* collectionViewCell.swift in Sources */ = {isa = PBXBuildFile; fileRef = 714351B8296D54AE00CD3246 /* collectionViewCell.swift */; };
		714351BB296D54AE00CD3246 /* collectionViewCell.xib in Resources */ = {isa = PBXBuildFile; fileRef = 714351B9296D54AE00CD3246 /* collectionViewCell.xib */; };
		715A4F92296C54B000643D2A /* Documents-Directory.swift in Sources */ = {isa = PBXBuildFile; fileRef = 715A4F91296C54B000643D2A /* Documents-Directory.swift */; };
		715A4F94296C5AD600643D2A /* gif.gif in Resources */ = {isa = PBXBuildFile; fileRef = 715A4F93296C5AD600643D2A /* gif.gif */; };
		715A4F96296C5B1800643D2A /* giphy2.gif in Resources */ = {isa = PBXBuildFile; fileRef = 715A4F95296C5B1800643D2A /* giphy2.gif */; };
		715A4F98296C5B2000643D2A /* giphy3.gif in Resources */ = {isa = PBXBuildFile; fileRef = 715A4F97296C5B2000643D2A /* giphy3.gif */; };
		717794DF296B269600F6BCC2 /* AppDelegate.swift in Sources */ = {isa = PBXBuildFile; fileRef = 717794DE296B269600F6BCC2 /* AppDelegate.swift */; };
		717794E1296B269600F6BCC2 /* SceneDelegate.swift in Sources */ = {isa = PBXBuildFile; fileRef = 717794E0296B269600F6BCC2 /* SceneDelegate.swift */; };
		717794E3296B269600F6BCC2 /* ViewController.swift in Sources */ = {isa = PBXBuildFile; fileRef = 717794E2296B269600F6BCC2 /* ViewController.swift */; };
		717794E6296B269600F6BCC2 /* Main.storyboard in Resources */ = {isa = PBXBuildFile; fileRef = 717794E4296B269600F6BCC2 /* Main.storyboard */; };
		717794E8296B269700F6BCC2 /* Assets.xcassets in Resources */ = {isa = PBXBuildFile; fileRef = 717794E7296B269700F6BCC2 /* Assets.xcassets */; };
		717794EB296B269700F6BCC2 /* LaunchScreen.storyboard in Resources */ = {isa = PBXBuildFile; fileRef = 717794E9296B269700F6BCC2 /* LaunchScreen.storyboard */; };
		717794F7296B33F600F6BCC2 /* giphy.gif in Resources */ = {isa = PBXBuildFile; fileRef = 717794F6296B33F600F6BCC2 /* giphy.gif */; };
		717794F9296B39B200F6BCC2 /* LoadGif.swift in Sources */ = {isa = PBXBuildFile; fileRef = 717794F8296B39B200F6BCC2 /* LoadGif.swift */; };
		BCDD7CDC71749550B1BDBB91 /* Pods_RealmDatabaseToSaveGif.framework in Frameworks */ = {isa = PBXBuildFile; fileRef = 691F60D4075049BA23CB66AA /* Pods_RealmDatabaseToSaveGif.framework */; };
/* End PBXBuildFile section */

/* Begin PBXFileReference section */
		503B40299279CD05C2A0146E /* Pods-RealmDatabaseToSaveGif.debug.xcconfig */ = {isa = PBXFileReference; includeInIndex = 1; lastKnownFileType = text.xcconfig; name = "Pods-RealmDatabaseToSaveGif.debug.xcconfig"; path = "Target Support Files/Pods-RealmDatabaseToSaveGif/Pods-RealmDatabaseToSaveGif.debug.xcconfig"; sourceTree = "<group>"; };
		55BE6861292B5ADA00671DD5 /* Pods-RealmDatabaseToSaveGif.release.xcconfig */ = {isa = PBXFileReference; includeInIndex = 1; lastKnownFileType = text.xcconfig; name = "Pods-RealmDatabaseToSaveGif.release.xcconfig"; path = "Target Support Files/Pods-RealmDatabaseToSaveGif/Pods-RealmDatabaseToSaveGif.release.xcconfig"; sourceTree = "<group>"; };
		691F60D4075049BA23CB66AA /* Pods_RealmDatabaseToSaveGif.framework */ = {isa = PBXFileReference; explicitFileType = wrapper.framework; includeInIndex = 0; path = Pods_RealmDatabaseToSaveGif.framework; sourceTree = BUILT_PRODUCTS_DIR; };
		714351B8296D54AE00CD3246 /* collectionViewCell.swift */ = {isa = PBXFileReference; lastKnownFileType = sourcecode.swift; path = collectionViewCell.swift; sourceTree = "<group>"; };
		714351B9296D54AE00CD3246 /* collectionViewCell.xib */ = {isa = PBXFileReference; lastKnownFileType = file.xib; path = collectionViewCell.xib; sourceTree = "<group>"; };
		715A4F91296C54B000643D2A /* Documents-Directory.swift */ = {isa = PBXFileReference; lastKnownFileType = sourcecode.swift; path = "Documents-Directory.swift"; sourceTree = "<group>"; };
		715A4F93296C5AD600643D2A /* gif.gif */ = {isa = PBXFileReference; lastKnownFileType = image.gif; name = gif.gif; path = ../../../../../Downloads/photo/gif.gif; sourceTree = "<group>"; };
		715A4F95296C5B1800643D2A /* giphy2.gif */ = {isa = PBXFileReference; lastKnownFileType = image.gif; name = giphy2.gif; path = ../../../../../Downloads/photo/giphy2.gif; sourceTree = "<group>"; };
		715A4F97296C5B2000643D2A /* giphy3.gif */ = {isa = PBXFileReference; lastKnownFileType = image.gif; name = giphy3.gif; path = ../../../../../Downloads/photo/giphy3.gif; sourceTree = "<group>"; };
		717794DB296B269600F6BCC2 /* RealmDatabaseToSaveGif.app */ = {isa = PBXFileReference; explicitFileType = wrapper.application; includeInIndex = 0; path = RealmDatabaseToSaveGif.app; sourceTree = BUILT_PRODUCTS_DIR; };
		717794DE296B269600F6BCC2 /* AppDelegate.swift */ = {isa = PBXFileReference; lastKnownFileType = sourcecode.swift; path = AppDelegate.swift; sourceTree = "<group>"; };
		717794E0296B269600F6BCC2 /* SceneDelegate.swift */ = {isa = PBXFileReference; lastKnownFileType = sourcecode.swift; path = SceneDelegate.swift; sourceTree = "<group>"; };
		717794E2296B269600F6BCC2 /* ViewController.swift */ = {isa = PBXFileReference; lastKnownFileType = sourcecode.swift; path = ViewController.swift; sourceTree = "<group>"; };
		717794E5296B269600F6BCC2 /* Base */ = {isa = PBXFileReference; lastKnownFileType = file.storyboard; name = Base; path = Base.lproj/Main.storyboard; sourceTree = "<group>"; };
		717794E7296B269700F6BCC2 /* Assets.xcassets */ = {isa = PBXFileReference; lastKnownFileType = folder.assetcatalog; path = Assets.xcassets; sourceTree = "<group>"; };
		717794EA296B269700F6BCC2 /* Base */ = {isa = PBXFileReference; lastKnownFileType = file.storyboard; name = Base; path = Base.lproj/LaunchScreen.storyboard; sourceTree = "<group>"; };
		717794EC296B269700F6BCC2 /* Info.plist */ = {isa = PBXFileReference; lastKnownFileType = text.plist.xml; path = Info.plist; sourceTree = "<group>"; };
		717794F6296B33F600F6BCC2 /* giphy.gif */ = {isa = PBXFileReference; lastKnownFileType = image.gif; name = giphy.gif; path = ../../../../../Downloads/photo/giphy.gif; sourceTree = "<group>"; };
		717794F8296B39B200F6BCC2 /* LoadGif.swift */ = {isa = PBXFileReference; lastKnownFileType = sourcecode.swift; path = LoadGif.swift; sourceTree = "<group>"; };
/* End PBXFileReference section */

/* Begin PBXFrameworksBuildPhase section */
		717794D8296B269600F6BCC2 /* Frameworks */ = {
			isa = PBXFrameworksBuildPhase;
			buildActionMask = 2147483647;
			files = (
				BCDD7CDC71749550B1BDBB91 /* Pods_RealmDatabaseToSaveGif.framework in Frameworks */,
			);
			runOnlyForDeploymentPostprocessing = 0;
		};
/* End PBXFrameworksBuildPhase section */

/* Begin PBXGroup section */
		714351B7296D547400CD3246 /* CollectionViewCell */ = {
			isa = PBXGroup;
			children = (
				714351B8296D54AE00CD3246 /* collectionViewCell.swift */,
				714351B9296D54AE00CD3246 /* collectionViewCell.xib */,
			);
			path = CollectionViewCell;
			sourceTree = "<group>";
		};
		717794D2296B269600F6BCC2 = {
			isa = PBXGroup;
			children = (
				717794DD296B269600F6BCC2 /* RealmDatabaseToSaveGif */,
				717794DC296B269600F6BCC2 /* Products */,
				DD6CADB453609260BBDCDBCC /* Pods */,
				FC2FA836FEB03267B1073A1C /* Frameworks */,
			);
			sourceTree = "<group>";
		};
		717794DC296B269600F6BCC2 /* Products */ = {
			isa = PBXGroup;
			children = (
				717794DB296B269600F6BCC2 /* RealmDatabaseToSaveGif.app */,
			);
			name = Products;
			sourceTree = "<group>";
		};
		717794DD296B269600F6BCC2 /* RealmDatabaseToSaveGif */ = {
			isa = PBXGroup;
			children = (
				717794F5296B26B900F6BCC2 /* System */,
				717794F4296B26B100F6BCC2 /* Model */,
				717794F3296B26A800F6BCC2 /* View */,
				717794F2296B26A100F6BCC2 /* Controller */,
				717794E7296B269700F6BCC2 /* Assets.xcassets */,
				715A4F93296C5AD600643D2A /* gif.gif */,
				717794F6296B33F600F6BCC2 /* giphy.gif */,
				715A4F95296C5B1800643D2A /* giphy2.gif */,
				715A4F97296C5B2000643D2A /* giphy3.gif */,
				717794E9296B269700F6BCC2 /* LaunchScreen.storyboard */,
				717794EC296B269700F6BCC2 /* Info.plist */,
			);
			path = RealmDatabaseToSaveGif;
			sourceTree = "<group>";
		};
		717794F2296B26A100F6BCC2 /* Controller */ = {
			isa = PBXGroup;
			children = (
				717794E2296B269600F6BCC2 /* ViewController.swift */,
				717794E4296B269600F6BCC2 /* Main.storyboard */,
			);
			path = Controller;
			sourceTree = "<group>";
		};
		717794F3296B26A800F6BCC2 /* View */ = {
			isa = PBXGroup;
			children = (
				714351B7296D547400CD3246 /* CollectionViewCell */,
			);
			path = View;
			sourceTree = "<group>";
		};
		717794F4296B26B100F6BCC2 /* Model */ = {
			isa = PBXGroup;
			children = (
				717794F8296B39B200F6BCC2 /* LoadGif.swift */,
				715A4F91296C54B000643D2A /* Documents-Directory.swift */,
			);
			path = Model;
			sourceTree = "<group>";
		};
		717794F5296B26B900F6BCC2 /* System */ = {
			isa = PBXGroup;
			children = (
				717794DE296B269600F6BCC2 /* AppDelegate.swift */,
				717794E0296B269600F6BCC2 /* SceneDelegate.swift */,
			);
			path = System;
			sourceTree = "<group>";
		};
		DD6CADB453609260BBDCDBCC /* Pods */ = {
			isa = PBXGroup;
			children = (
				503B40299279CD05C2A0146E /* Pods-RealmDatabaseToSaveGif.debug.xcconfig */,
				55BE6861292B5ADA00671DD5 /* Pods-RealmDatabaseToSaveGif.release.xcconfig */,
			);
			path = Pods;
			sourceTree = "<group>";
		};
		FC2FA836FEB03267B1073A1C /* Frameworks */ = {
			isa = PBXGroup;
			children = (
				691F60D4075049BA23CB66AA /* Pods_RealmDatabaseToSaveGif.framework */,
			);
			name = Frameworks;
			sourceTree = "<group>";
		};
/* End PBXGroup section */

/* Begin PBXNativeTarget section */
		717794DA296B269600F6BCC2 /* RealmDatabaseToSaveGif */ = {
			isa = PBXNativeTarget;
			buildConfigurationList = 717794EF296B269700F6BCC2 /* Build configuration list for PBXNativeTarget "RealmDatabaseToSaveGif" */;
			buildPhases = (
				BB2A8E53E6AEAC0B77E71963 /* [CP] Check Pods Manifest.lock */,
				717794D7296B269600F6BCC2 /* Sources */,
				717794D8296B269600F6BCC2 /* Frameworks */,
				717794D9296B269600F6BCC2 /* Resources */,
				49571E0E6A64C2BFA44B636B /* [CP] Embed Pods Frameworks */,
			);
			buildRules = (
			);
			dependencies = (
			);
			name = RealmDatabaseToSaveGif;
			productName = RealmDatabaseToSaveGif;
			productReference = 717794DB296B269600F6BCC2 /* RealmDatabaseToSaveGif.app */;
			productType = "com.apple.product-type.application";
		};
/* End PBXNativeTarget section */

/* Begin PBXProject section */
		717794D3296B269600F6BCC2 /* Project object */ = {
			isa = PBXProject;
			attributes = {
				BuildIndependentTargetsInParallel = 1;
				LastSwiftUpdateCheck = 1410;
				LastUpgradeCheck = 1410;
				TargetAttributes = {
					717794DA296B269600F6BCC2 = {
						CreatedOnToolsVersion = 14.1;
					};
				};
			};
			buildConfigurationList = 717794D6296B269600F6BCC2 /* Build configuration list for PBXProject "RealmDatabaseToSaveGif" */;
			compatibilityVersion = "Xcode 14.0";
			developmentRegion = en;
			hasScannedForEncodings = 0;
			knownRegions = (
				en,
				Base,
			);
			mainGroup = 717794D2296B269600F6BCC2;
			productRefGroup = 717794DC296B269600F6BCC2 /* Products */;
			projectDirPath = "";
			projectRoot = "";
			targets = (
				717794DA296B269600F6BCC2 /* RealmDatabaseToSaveGif */,
			);
		};
/* End PBXProject section */

/* Begin PBXResourcesBuildPhase section */
		717794D9296B269600F6BCC2 /* Resources */ = {
			isa = PBXResourcesBuildPhase;
			buildActionMask = 2147483647;
			files = (
				717794EB296B269700F6BCC2 /* LaunchScreen.storyboard in Resources */,
				717794E8296B269700F6BCC2 /* Assets.xcassets in Resources */,
				717794F7296B33F600F6BCC2 /* giphy.gif in Resources */,
				715A4F96296C5B1800643D2A /* giphy2.gif in Resources */,
				717794E6296B269600F6BCC2 /* Main.storyboard in Resources */,
				715A4F98296C5B2000643D2A /* giphy3.gif in Resources */,
				715A4F94296C5AD600643D2A /* gif.gif in Resources */,
				714351BB296D54AE00CD3246 /* collectionViewCell.xib in Resources */,
			);
			runOnlyForDeploymentPostprocessing = 0;
		};
/* End PBXResourcesBuildPhase section */

/* Begin PBXShellScriptBuildPhase section */
		49571E0E6A64C2BFA44B636B /* [CP] Embed Pods Frameworks */ = {
			isa = PBXShellScriptBuildPhase;
			buildActionMask = 2147483647;
			files = (
			);
			inputFileListPaths = (
				"${PODS_ROOT}/Target Support Files/Pods-RealmDatabaseToSaveGif/Pods-RealmDatabaseToSaveGif-frameworks-${CONFIGURATION}-input-files.xcfilelist",
			);
			name = "[CP] Embed Pods Frameworks";
			outputFileListPaths = (
				"${PODS_ROOT}/Target Support Files/Pods-RealmDatabaseToSaveGif/Pods-RealmDatabaseToSaveGif-frameworks-${CONFIGURATION}-output-files.xcfilelist",
			);
			runOnlyForDeploymentPostprocessing = 0;
			shellPath = /bin/sh;
			shellScript = "\"${PODS_ROOT}/Target Support Files/Pods-RealmDatabaseToSaveGif/Pods-RealmDatabaseToSaveGif-frameworks.sh\"\n";
			showEnvVarsInLog = 0;
		};
		BB2A8E53E6AEAC0B77E71963 /* [CP] Check Pods Manifest.lock */ = {
			isa = PBXShellScriptBuildPhase;
			buildActionMask = 2147483647;
			files = (
			);
			inputFileListPaths = (
			);
			inputPaths = (
				"${PODS_PODFILE_DIR_PATH}/Podfile.lock",
				"${PODS_ROOT}/Manifest.lock",
			);
			name = "[CP] Check Pods Manifest.lock";
			outputFileListPaths = (
			);
			outputPaths = (
				"$(DERIVED_FILE_DIR)/Pods-RealmDatabaseToSaveGif-checkManifestLockResult.txt",
			);
			runOnlyForDeploymentPostprocessing = 0;
			shellPath = /bin/sh;
			shellScript = "diff \"${PODS_PODFILE_DIR_PATH}/Podfile.lock\" \"${PODS_ROOT}/Manifest.lock\" > /dev/null\nif [ $? != 0 ] ; then\n    # print error to STDERR\n    echo \"error: The sandbox is not in sync with the Podfile.lock. Run 'pod install' or update your CocoaPods installation.\" >&2\n    exit 1\nfi\n# This output is used by Xcode 'outputs' to avoid re-running this script phase.\necho \"SUCCESS\" > \"${SCRIPT_OUTPUT_FILE_0}\"\n";
			showEnvVarsInLog = 0;
		};
/* End PBXShellScriptBuildPhase section */

/* Begin PBXSourcesBuildPhase section */
		717794D7296B269600F6BCC2 /* Sources */ = {
			isa = PBXSourcesBuildPhase;
			buildActionMask = 2147483647;
			files = (
				715A4F92296C54B000643D2A /* Documents-Directory.swift in Sources */,
				714351BA296D54AE00CD3246 /* collectionViewCell.swift in Sources */,
				717794E3296B269600F6BCC2 /* ViewController.swift in Sources */,
				717794DF296B269600F6BCC2 /* AppDelegate.swift in Sources */,
				717794F9296B39B200F6BCC2 /* LoadGif.swift in Sources */,
				717794E1296B269600F6BCC2 /* SceneDelegate.swift in Sources */,
			);
			runOnlyForDeploymentPostprocessing = 0;
		};
/* End PBXSourcesBuildPhase section */

/* Begin PBXVariantGroup section */
		717794E4296B269600F6BCC2 /* Main.storyboard */ = {
			isa = PBXVariantGroup;
			children = (
				717794E5296B269600F6BCC2 /* Base */,
			);
			name = Main.storyboard;
			sourceTree = "<group>";
		};
		717794E9296B269700F6BCC2 /* LaunchScreen.storyboard */ = {
			isa = PBXVariantGroup;
			children = (
				717794EA296B269700F6BCC2 /* Base */,
			);
			name = LaunchScreen.storyboard;
			sourceTree = "<group>";
		};
/* End PBXVariantGroup section */

/* Begin XCBuildConfiguration section */
		717794ED296B269700F6BCC2 /* Debug */ = {
			isa = XCBuildConfiguration;
			buildSettings = {
				ALWAYS_SEARCH_USER_PATHS = NO;
				CLANG_ANALYZER_NONNULL = YES;
				CLANG_ANALYZER_NUMBER_OBJECT_CONVERSION = YES_AGGRESSIVE;
				CLANG_CXX_LANGUAGE_STANDARD = "gnu++20";
				CLANG_ENABLE_MODULES = YES;
				CLANG_ENABLE_OBJC_ARC = YES;
				CLANG_ENABLE_OBJC_WEAK = YES;
				CLANG_WARN_BLOCK_CAPTURE_AUTORELEASING = YES;
				CLANG_WARN_BOOL_CONVERSION = YES;
				CLANG_WARN_COMMA = YES;
				CLANG_WARN_CONSTANT_CONVERSION = YES;
				CLANG_WARN_DEPRECATED_OBJC_IMPLEMENTATIONS = YES;
				CLANG_WARN_DIRECT_OBJC_ISA_USAGE = YES_ERROR;
				CLANG_WARN_DOCUMENTATION_COMMENTS = YES;
				CLANG_WARN_EMPTY_BODY = YES;
				CLANG_WARN_ENUM_CONVERSION = YES;
				CLANG_WARN_INFINITE_RECURSION = YES;
				CLANG_WARN_INT_CONVERSION = YES;
				CLANG_WARN_NON_LITERAL_NULL_CONVERSION = YES;
				CLANG_WARN_OBJC_IMPLICIT_RETAIN_SELF = YES;
				CLANG_WARN_OBJC_LITERAL_CONVERSION = YES;
				CLANG_WARN_OBJC_ROOT_CLASS = YES_ERROR;
				CLANG_WARN_QUOTED_INCLUDE_IN_FRAMEWORK_HEADER = YES;
				CLANG_WARN_RANGE_LOOP_ANALYSIS = YES;
				CLANG_WARN_STRICT_PROTOTYPES = YES;
				CLANG_WARN_SUSPICIOUS_MOVE = YES;
				CLANG_WARN_UNGUARDED_AVAILABILITY = YES_AGGRESSIVE;
				CLANG_WARN_UNREACHABLE_CODE = YES;
				CLANG_WARN__DUPLICATE_METHOD_MATCH = YES;
				COPY_PHASE_STRIP = NO;
				DEBUG_INFORMATION_FORMAT = dwarf;
				ENABLE_STRICT_OBJC_MSGSEND = YES;
				ENABLE_TESTABILITY = YES;
				GCC_C_LANGUAGE_STANDARD = gnu11;
				GCC_DYNAMIC_NO_PIC = NO;
				GCC_NO_COMMON_BLOCKS = YES;
				GCC_OPTIMIZATION_LEVEL = 0;
				GCC_PREPROCESSOR_DEFINITIONS = (
					"DEBUG=1",
					"$(inherited)",
				);
				GCC_WARN_64_TO_32_BIT_CONVERSION = YES;
				GCC_WARN_ABOUT_RETURN_TYPE = YES_ERROR;
				GCC_WARN_UNDECLARED_SELECTOR = YES;
				GCC_WARN_UNINITIALIZED_AUTOS = YES_AGGRESSIVE;
				GCC_WARN_UNUSED_FUNCTION = YES;
				GCC_WARN_UNUSED_VARIABLE = YES;
				IPHONEOS_DEPLOYMENT_TARGET = 16.1;
				MTL_ENABLE_DEBUG_INFO = INCLUDE_SOURCE;
				MTL_FAST_MATH = YES;
				ONLY_ACTIVE_ARCH = YES;
				SDKROOT = iphoneos;
				SWIFT_ACTIVE_COMPILATION_CONDITIONS = DEBUG;
				SWIFT_OPTIMIZATION_LEVEL = "-Onone";
			};
			name = Debug;
		};
		717794EE296B269700F6BCC2 /* Release */ = {
			isa = XCBuildConfiguration;
			buildSettings = {
				ALWAYS_SEARCH_USER_PATHS = NO;
				CLANG_ANALYZER_NONNULL = YES;
				CLANG_ANALYZER_NUMBER_OBJECT_CONVERSION = YES_AGGRESSIVE;
				CLANG_CXX_LANGUAGE_STANDARD = "gnu++20";
				CLANG_ENABLE_MODULES = YES;
				CLANG_ENABLE_OBJC_ARC = YES;
				CLANG_ENABLE_OBJC_WEAK = YES;
				CLANG_WARN_BLOCK_CAPTURE_AUTORELEASING = YES;
				CLANG_WARN_BOOL_CONVERSION = YES;
				CLANG_WARN_COMMA = YES;
				CLANG_WARN_CONSTANT_CONVERSION = YES;
				CLANG_WARN_DEPRECATED_OBJC_IMPLEMENTATIONS = YES;
				CLANG_WARN_DIRECT_OBJC_ISA_USAGE = YES_ERROR;
				CLANG_WARN_DOCUMENTATION_COMMENTS = YES;
				CLANG_WARN_EMPTY_BODY = YES;
				CLANG_WARN_ENUM_CONVERSION = YES;
				CLANG_WARN_INFINITE_RECURSION = YES;
				CLANG_WARN_INT_CONVERSION = YES;
				CLANG_WARN_NON_LITERAL_NULL_CONVERSION = YES;
				CLANG_WARN_OBJC_IMPLICIT_RETAIN_SELF = YES;
				CLANG_WARN_OBJC_LITERAL_CONVERSION = YES;
				CLANG_WARN_OBJC_ROOT_CLASS = YES_ERROR;
				CLANG_WARN_QUOTED_INCLUDE_IN_FRAMEWORK_HEADER = YES;
				CLANG_WARN_RANGE_LOOP_ANALYSIS = YES;
				CLANG_WARN_STRICT_PROTOTYPES = YES;
				CLANG_WARN_SUSPICIOUS_MOVE = YES;
				CLANG_WARN_UNGUARDED_AVAILABILITY = YES_AGGRESSIVE;
				CLANG_WARN_UNREACHABLE_CODE = YES;
				CLANG_WARN__DUPLICATE_METHOD_MATCH = YES;
				COPY_PHASE_STRIP = NO;
				DEBUG_INFORMATION_FORMAT = "dwarf-with-dsym";
				ENABLE_NS_ASSERTIONS = NO;
				ENABLE_STRICT_OBJC_MSGSEND = YES;
				GCC_C_LANGUAGE_STANDARD = gnu11;
				GCC_NO_COMMON_BLOCKS = YES;
				GCC_WARN_64_TO_32_BIT_CONVERSION = YES;
				GCC_WARN_ABOUT_RETURN_TYPE = YES_ERROR;
				GCC_WARN_UNDECLARED_SELECTOR = YES;
				GCC_WARN_UNINITIALIZED_AUTOS = YES_AGGRESSIVE;
				GCC_WARN_UNUSED_FUNCTION = YES;
				GCC_WARN_UNUSED_VARIABLE = YES;
				IPHONEOS_DEPLOYMENT_TARGET = 16.1;
				MTL_ENABLE_DEBUG_INFO = NO;
				MTL_FAST_MATH = YES;
				SDKROOT = iphoneos;
				SWIFT_COMPILATION_MODE = wholemodule;
				SWIFT_OPTIMIZATION_LEVEL = "-O";
				VALIDATE_PRODUCT = YES;
			};
			name = Release;
		};
		717794F0296B269700F6BCC2 /* Debug */ = {
			isa = XCBuildConfiguration;
			baseConfigurationReference = 503B40299279CD05C2A0146E /* Pods-RealmDatabaseToSaveGif.debug.xcconfig */;
			buildSettings = {
				ASSETCATALOG_COMPILER_APPICON_NAME = AppIcon;
				ASSETCATALOG_COMPILER_GLOBAL_ACCENT_COLOR_NAME = AccentColor;
				CODE_SIGN_STYLE = Automatic;
				CURRENT_PROJECT_VERSION = 1;
				DEVELOPMENT_TEAM = WXHAH5T735;
				GENERATE_INFOPLIST_FILE = YES;
				INFOPLIST_FILE = RealmDatabaseToSaveGif/Info.plist;
				INFOPLIST_KEY_UIApplicationSupportsIndirectInputEvents = YES;
				INFOPLIST_KEY_UILaunchStoryboardName = LaunchScreen;
				INFOPLIST_KEY_UIMainStoryboardFile = Main;
				INFOPLIST_KEY_UISupportedInterfaceOrientations_iPad = "UIInterfaceOrientationPortrait UIInterfaceOrientationPortraitUpsideDown UIInterfaceOrientationLandscapeLeft UIInterfaceOrientationLandscapeRight";
				INFOPLIST_KEY_UISupportedInterfaceOrientations_iPhone = "UIInterfaceOrientationPortrait UIInterfaceOrientationLandscapeLeft UIInterfaceOrientationLandscapeRight";
				LD_RUNPATH_SEARCH_PATHS = (
					"$(inherited)",
					"@executable_path/Frameworks",
				);
				MARKETING_VERSION = 1.0;
				PRODUCT_BUNDLE_IDENTIFIER = com.faysal.RealmDatabaseToSaveGif;
				PRODUCT_NAME = "$(TARGET_NAME)";
				SWIFT_EMIT_LOC_STRINGS = YES;
				SWIFT_VERSION = 5.0;
				TARGETED_DEVICE_FAMILY = "1,2";
			};
			name = Debug;
		};
		717794F1296B269700F6BCC2 /* Release */ = {
			isa = XCBuildConfiguration;
			baseConfigurationReference = 55BE6861292B5ADA00671DD5 /* Pods-RealmDatabaseToSaveGif.release.xcconfig */;
			buildSettings = {
				ASSETCATALOG_COMPILER_APPICON_NAME = AppIcon;
				ASSETCATALOG_COMPILER_GLOBAL_ACCENT_COLOR_NAME = AccentColor;
				CODE_SIGN_STYLE = Automatic;
				CURRENT_PROJECT_VERSION = 1;
				DEVELOPMENT_TEAM = WXHAH5T735;
				GENERATE_INFOPLIST_FILE = YES;
				INFOPLIST_FILE = RealmDatabaseToSaveGif/Info.plist;
				INFOPLIST_KEY_UIApplicationSupportsIndirectInputEvents = YES;
				INFOPLIST_KEY_UILaunchStoryboardName = LaunchScreen;
				INFOPLIST_KEY_UIMainStoryboardFile = Main;
				INFOPLIST_KEY_UISupportedInterfaceOrientations_iPad = "UIInterfaceOrientationPortrait UIInterfaceOrientationPortraitUpsideDown UIInterfaceOrientationLandscapeLeft UIInterfaceOrientationLandscapeRight";
				INFOPLIST_KEY_UISupportedInterfaceOrientations_iPhone = "UIInterfaceOrientationPortrait UIInterfaceOrientationLandscapeLeft UIInterfaceOrientationLandscapeRight";
				LD_RUNPATH_SEARCH_PATHS = (
					"$(inherited)",
					"@executable_path/Frameworks",
				);
				MARKETING_VERSION = 1.0;
				PRODUCT_BUNDLE_IDENTIFIER = com.faysal.RealmDatabaseToSaveGif;
				PRODUCT_NAME = "$(TARGET_NAME)";
				SWIFT_EMIT_LOC_STRINGS = YES;
				SWIFT_VERSION = 5.0;
				TARGETED_DEVICE_FAMILY = "1,2";
			};
			name = Release;
		};
/* End XCBuildConfiguration section */

/* Begin XCConfigurationList section */
		717794D6296B269600F6BCC2 /* Build configuration list for PBXProject "RealmDatabaseToSaveGif" */ = {
			isa = XCConfigurationList;
			buildConfigurations = (
				717794ED296B269700F6BCC2 /* Debug */,
				717794EE296B269700F6BCC2 /* Release */,
			);
			defaultConfigurationIsVisible = 0;
			defaultConfigurationName = Release;
		};
		717794EF296B269700F6BCC2 /* Build configuration list for PBXNativeTarget "RealmDatabaseToSaveGif" */ = {
			isa = XCConfigurationList;
			buildConfigurations = (
				717794F0296B269700F6BCC2 /* Debug */,
				717794F1296B269700F6BCC2 /* Release */,
			);
			defaultConfigurationIsVisible = 0;
			defaultConfigurationName = Release;
		};
/* End XCConfigurationList section */
	};
	rootObject = 717794D3296B269600F6BCC2 /* Project object */;
}
