// !$*UTF8*$!
{
	archiveVersion = 1;
	classes = {
	};
	objectVersion = 56;
	objects = {

/* Begin PBXBuildFile section */
		71CCA02529CD9CDE00398747 /* Ext+UIImageView.swift in Sources */ = {isa = PBXBuildFile; fileRef = 71CCA02429CD9CDE00398747 /* Ext+UIImageView.swift */; };
		71D5E0EC29CA061B00443BD9 /* AppDelegate.swift in Sources */ = {isa = PBXBuildFile; fileRef = 71D5E0EB29CA061B00443BD9 /* AppDelegate.swift */; };
		71D5E0EE29CA061B00443BD9 /* SceneDelegate.swift in Sources */ = {isa = PBXBuildFile; fileRef = 71D5E0ED29CA061B00443BD9 /* SceneDelegate.swift */; };
		71D5E0F029CA061B00443BD9 /* ViewController.swift in Sources */ = {isa = PBXBuildFile; fileRef = 71D5E0EF29CA061B00443BD9 /* ViewController.swift */; };
		71D5E0F329CA061B00443BD9 /* Main.storyboard in Resources */ = {isa = PBXBuildFile; fileRef = 71D5E0F129CA061B00443BD9 /* Main.storyboard */; };
		71D5E0F529CA061C00443BD9 /* Assets.xcassets in Resources */ = {isa = PBXBuildFile; fileRef = 71D5E0F429CA061C00443BD9 /* Assets.xcassets */; };
		71D5E0F829CA061C00443BD9 /* LaunchScreen.storyboard in Resources */ = {isa = PBXBuildFile; fileRef = 71D5E0F629CA061C00443BD9 /* LaunchScreen.storyboard */; };
		B22597AA29CECE5B00680F7D /* HTTPMethodsCustomization.swift in Sources */ = {isa = PBXBuildFile; fileRef = B22597A929CECE5B00680F7D /* HTTPMethodsCustomization.swift */; };
		B22597CF29CEEEE400680F7D /* CustomTableTableViewCell.swift in Sources */ = {isa = PBXBuildFile; fileRef = B22597CD29CEEEE400680F7D /* CustomTableTableViewCell.swift */; };
		B22597D029CEEEE400680F7D /* CustomTableTableViewCell.xib in Resources */ = {isa = PBXBuildFile; fileRef = B22597CE29CEEEE400680F7D /* CustomTableTableViewCell.xib */; };
		B22597D229CEF22100680F7D /* VM+UserInfo.swift in Sources */ = {isa = PBXBuildFile; fileRef = B22597D129CEF22100680F7D /* VM+UserInfo.swift */; };
		B22597D429CEFB1500680F7D /* Protocol.swift in Sources */ = {isa = PBXBuildFile; fileRef = B22597D329CEFB1500680F7D /* Protocol.swift */; };
		B25B71EB29D16D8900F36F70 /* API+SingleGet.swift in Sources */ = {isa = PBXBuildFile; fileRef = B25B71EA29D16D8900F36F70 /* API+SingleGet.swift */; };
		B25B71ED29D16DF300F36F70 /* API+ListGet.swift in Sources */ = {isa = PBXBuildFile; fileRef = B25B71EC29D16DF300F36F70 /* API+ListGet.swift */; };
		B25B71EF29D16E1300F36F70 /* API+Post.swift in Sources */ = {isa = PBXBuildFile; fileRef = B25B71EE29D16E1300F36F70 /* API+Post.swift */; };
		B25B71F129D16E8E00F36F70 /* VM+LoginStatus.swift in Sources */ = {isa = PBXBuildFile; fileRef = B25B71F029D16E8E00F36F70 /* VM+LoginStatus.swift */; };
		B294508929CB1E10004A8A14 /* API+PutModel.swift in Sources */ = {isa = PBXBuildFile; fileRef = B294508829CB1E10004A8A14 /* API+PutModel.swift */; };
		DEB0D478223F71A901AF4460 /* Pods_API_Alamofire.framework in Frameworks */ = {isa = PBXBuildFile; fileRef = 7CFB449340DAD4B8952C7F57 /* Pods_API_Alamofire.framework */; };
/* End PBXBuildFile section */

/* Begin PBXFileReference section */
		71CCA02429CD9CDE00398747 /* Ext+UIImageView.swift */ = {isa = PBXFileReference; lastKnownFileType = sourcecode.swift; path = "Ext+UIImageView.swift"; sourceTree = "<group>"; };
		71D5E0E829CA061B00443BD9 /* API-Alamofire.app */ = {isa = PBXFileReference; explicitFileType = wrapper.application; includeInIndex = 0; path = "API-Alamofire.app"; sourceTree = BUILT_PRODUCTS_DIR; };
		71D5E0EB29CA061B00443BD9 /* AppDelegate.swift */ = {isa = PBXFileReference; lastKnownFileType = sourcecode.swift; path = AppDelegate.swift; sourceTree = "<group>"; };
		71D5E0ED29CA061B00443BD9 /* SceneDelegate.swift */ = {isa = PBXFileReference; lastKnownFileType = sourcecode.swift; path = SceneDelegate.swift; sourceTree = "<group>"; };
		71D5E0EF29CA061B00443BD9 /* ViewController.swift */ = {isa = PBXFileReference; lastKnownFileType = sourcecode.swift; path = ViewController.swift; sourceTree = "<group>"; };
		71D5E0F229CA061B00443BD9 /* Base */ = {isa = PBXFileReference; lastKnownFileType = file.storyboard; name = Base; path = Base.lproj/Main.storyboard; sourceTree = "<group>"; };
		71D5E0F429CA061C00443BD9 /* Assets.xcassets */ = {isa = PBXFileReference; lastKnownFileType = folder.assetcatalog; path = Assets.xcassets; sourceTree = "<group>"; };
		71D5E0F729CA061C00443BD9 /* Base */ = {isa = PBXFileReference; lastKnownFileType = file.storyboard; name = Base; path = Base.lproj/LaunchScreen.storyboard; sourceTree = "<group>"; };
		71D5E0F929CA061C00443BD9 /* Info.plist */ = {isa = PBXFileReference; lastKnownFileType = text.plist.xml; path = Info.plist; sourceTree = "<group>"; };
		7CFB449340DAD4B8952C7F57 /* Pods_API_Alamofire.framework */ = {isa = PBXFileReference; explicitFileType = wrapper.framework; includeInIndex = 0; path = Pods_API_Alamofire.framework; sourceTree = BUILT_PRODUCTS_DIR; };
		81F574D6F0225B8FCE676EB2 /* Pods-API-Alamofire.debug.xcconfig */ = {isa = PBXFileReference; includeInIndex = 1; lastKnownFileType = text.xcconfig; name = "Pods-API-Alamofire.debug.xcconfig"; path = "Target Support Files/Pods-API-Alamofire/Pods-API-Alamofire.debug.xcconfig"; sourceTree = "<group>"; };
		AB301A085C2E11EB2C0FA6EA /* Pods-API-Alamofire.release.xcconfig */ = {isa = PBXFileReference; includeInIndex = 1; lastKnownFileType = text.xcconfig; name = "Pods-API-Alamofire.release.xcconfig"; path = "Target Support Files/Pods-API-Alamofire/Pods-API-Alamofire.release.xcconfig"; sourceTree = "<group>"; };
		B22597A929CECE5B00680F7D /* HTTPMethodsCustomization.swift */ = {isa = PBXFileReference; lastKnownFileType = sourcecode.swift; path = HTTPMethodsCustomization.swift; sourceTree = "<group>"; };
		B22597CD29CEEEE400680F7D /* CustomTableTableViewCell.swift */ = {isa = PBXFileReference; lastKnownFileType = sourcecode.swift; path = CustomTableTableViewCell.swift; sourceTree = "<group>"; };
		B22597CE29CEEEE400680F7D /* CustomTableTableViewCell.xib */ = {isa = PBXFileReference; lastKnownFileType = file.xib; path = CustomTableTableViewCell.xib; sourceTree = "<group>"; };
		B22597D129CEF22100680F7D /* VM+UserInfo.swift */ = {isa = PBXFileReference; lastKnownFileType = sourcecode.swift; path = "VM+UserInfo.swift"; sourceTree = "<group>"; };
		B22597D329CEFB1500680F7D /* Protocol.swift */ = {isa = PBXFileReference; lastKnownFileType = sourcecode.swift; path = Protocol.swift; sourceTree = "<group>"; };
		B25B71EA29D16D8900F36F70 /* API+SingleGet.swift */ = {isa = PBXFileReference; lastKnownFileType = sourcecode.swift; path = "API+SingleGet.swift"; sourceTree = "<group>"; };
		B25B71EC29D16DF300F36F70 /* API+ListGet.swift */ = {isa = PBXFileReference; lastKnownFileType = sourcecode.swift; path = "API+ListGet.swift"; sourceTree = "<group>"; };
		B25B71EE29D16E1300F36F70 /* API+Post.swift */ = {isa = PBXFileReference; lastKnownFileType = sourcecode.swift; path = "API+Post.swift"; sourceTree = "<group>"; };
		B25B71F029D16E8E00F36F70 /* VM+LoginStatus.swift */ = {isa = PBXFileReference; lastKnownFileType = sourcecode.swift; path = "VM+LoginStatus.swift"; sourceTree = "<group>"; };
		B294508829CB1E10004A8A14 /* API+PutModel.swift */ = {isa = PBXFileReference; lastKnownFileType = sourcecode.swift; path = "API+PutModel.swift"; sourceTree = "<group>"; };
/* End PBXFileReference section */

/* Begin PBXFrameworksBuildPhase section */
		71D5E0E529CA061B00443BD9 /* Frameworks */ = {
			isa = PBXFrameworksBuildPhase;
			buildActionMask = 2147483647;
			files = (
				DEB0D478223F71A901AF4460 /* Pods_API_Alamofire.framework in Frameworks */,
			);
			runOnlyForDeploymentPostprocessing = 0;
		};
/* End PBXFrameworksBuildPhase section */

/* Begin PBXGroup section */
		32DCF4061B4951FDD91D6DB6 /* Pods */ = {
			isa = PBXGroup;
			children = (
				81F574D6F0225B8FCE676EB2 /* Pods-API-Alamofire.debug.xcconfig */,
				AB301A085C2E11EB2C0FA6EA /* Pods-API-Alamofire.release.xcconfig */,
			);
			path = Pods;
			sourceTree = "<group>";
		};
		658213ADEF14D1B81EE80591 /* Frameworks */ = {
			isa = PBXGroup;
			children = (
				7CFB449340DAD4B8952C7F57 /* Pods_API_Alamofire.framework */,
			);
			name = Frameworks;
			sourceTree = "<group>";
		};
		71CCA02329CD9CC700398747 /* Extensions */ = {
			isa = PBXGroup;
			children = (
				71CCA02429CD9CDE00398747 /* Ext+UIImageView.swift */,
			);
			path = Extensions;
			sourceTree = "<group>";
		};
		71D5E0DF29CA061B00443BD9 = {
			isa = PBXGroup;
			children = (
				71D5E0EA29CA061B00443BD9 /* API-Alamofire */,
				71D5E0E929CA061B00443BD9 /* Products */,
				32DCF4061B4951FDD91D6DB6 /* Pods */,
				658213ADEF14D1B81EE80591 /* Frameworks */,
			);
			sourceTree = "<group>";
		};
		71D5E0E929CA061B00443BD9 /* Products */ = {
			isa = PBXGroup;
			children = (
				71D5E0E829CA061B00443BD9 /* API-Alamofire.app */,
			);
			name = Products;
			sourceTree = "<group>";
		};
		71D5E0EA29CA061B00443BD9 /* API-Alamofire */ = {
			isa = PBXGroup;
			children = (
				B22597A629CECDD500680F7D /* System */,
				71CCA02329CD9CC700398747 /* Extensions */,
				B294508729CB1E02004A8A14 /* Model */,
				B22597A229CECDAC00680F7D /* View */,
				B22597A529CECDCC00680F7D /* ViewModel */,
				B22597A829CECE2D00680F7D /* Services */,
				B22597A729CECDDA00680F7D /* Assets */,
				71D5E0F129CA061B00443BD9 /* Main.storyboard */,
				71D5E0F629CA061C00443BD9 /* LaunchScreen.storyboard */,
				71D5E0F929CA061C00443BD9 /* Info.plist */,
			);
			path = "API-Alamofire";
			sourceTree = "<group>";
		};
		B22597A229CECDAC00680F7D /* View */ = {
			isa = PBXGroup;
			children = (
				B22597A429CECDB900680F7D /* View */,
				B22597A329CECDB100680F7D /* Controllers */,
			);
			path = View;
			sourceTree = "<group>";
		};
		B22597A329CECDB100680F7D /* Controllers */ = {
			isa = PBXGroup;
			children = (
				71D5E0EF29CA061B00443BD9 /* ViewController.swift */,
			);
			path = Controllers;
			sourceTree = "<group>";
		};
		B22597A429CECDB900680F7D /* View */ = {
			isa = PBXGroup;
			children = (
				B22597CD29CEEEE400680F7D /* CustomTableTableViewCell.swift */,
				B22597CE29CEEEE400680F7D /* CustomTableTableViewCell.xib */,
			);
			path = View;
			sourceTree = "<group>";
		};
		B22597A529CECDCC00680F7D /* ViewModel */ = {
			isa = PBXGroup;
			children = (
				B22597D129CEF22100680F7D /* VM+UserInfo.swift */,
				B25B71F029D16E8E00F36F70 /* VM+LoginStatus.swift */,
			);
			path = ViewModel;
			sourceTree = "<group>";
		};
		B22597A629CECDD500680F7D /* System */ = {
			isa = PBXGroup;
			children = (
				71D5E0EB29CA061B00443BD9 /* AppDelegate.swift */,
				71D5E0ED29CA061B00443BD9 /* SceneDelegate.swift */,
			);
			path = System;
			sourceTree = "<group>";
		};
		B22597A729CECDDA00680F7D /* Assets */ = {
			isa = PBXGroup;
			children = (
				71D5E0F429CA061C00443BD9 /* Assets.xcassets */,
			);
			path = Assets;
			sourceTree = "<group>";
		};
		B22597A829CECE2D00680F7D /* Services */ = {
			isa = PBXGroup;
			children = (
				B22597A929CECE5B00680F7D /* HTTPMethodsCustomization.swift */,
				B22597D329CEFB1500680F7D /* Protocol.swift */,
			);
			path = Services;
			sourceTree = "<group>";
		};
		B294508729CB1E02004A8A14 /* Model */ = {
			isa = PBXGroup;
			children = (
				B25B71EA29D16D8900F36F70 /* API+SingleGet.swift */,
				B25B71EC29D16DF300F36F70 /* API+ListGet.swift */,
				B25B71EE29D16E1300F36F70 /* API+Post.swift */,
				B294508829CB1E10004A8A14 /* API+PutModel.swift */,
			);
			path = Model;
			sourceTree = "<group>";
		};
/* End PBXGroup section */

/* Begin PBXNativeTarget section */
		71D5E0E729CA061B00443BD9 /* API-Alamofire */ = {
			isa = PBXNativeTarget;
			buildConfigurationList = 71D5E0FC29CA061C00443BD9 /* Build configuration list for PBXNativeTarget "API-Alamofire" */;
			buildPhases = (
				C1CCF9D0865F9C806930AC9A /* [CP] Check Pods Manifest.lock */,
				71D5E0E429CA061B00443BD9 /* Sources */,
				71D5E0E529CA061B00443BD9 /* Frameworks */,
				71D5E0E629CA061B00443BD9 /* Resources */,
				12674A6CCC055C6EAC543D33 /* [CP] Embed Pods Frameworks */,
			);
			buildRules = (
			);
			dependencies = (
			);
			name = "API-Alamofire";
			productName = "API-Alamofire";
			productReference = 71D5E0E829CA061B00443BD9 /* API-Alamofire.app */;
			productType = "com.apple.product-type.application";
		};
/* End PBXNativeTarget section */

/* Begin PBXProject section */
		71D5E0E029CA061B00443BD9 /* Project object */ = {
			isa = PBXProject;
			attributes = {
				BuildIndependentTargetsInParallel = 1;
				LastSwiftUpdateCheck = 1420;
				LastUpgradeCheck = 1420;
				TargetAttributes = {
					71D5E0E729CA061B00443BD9 = {
						CreatedOnToolsVersion = 14.2;
					};
				};
			};
			buildConfigurationList = 71D5E0E329CA061B00443BD9 /* Build configuration list for PBXProject "API-Alamofire" */;
			compatibilityVersion = "Xcode 14.0";
			developmentRegion = en;
			hasScannedForEncodings = 0;
			knownRegions = (
				en,
				Base,
			);
			mainGroup = 71D5E0DF29CA061B00443BD9;
			productRefGroup = 71D5E0E929CA061B00443BD9 /* Products */;
			projectDirPath = "";
			projectRoot = "";
			targets = (
				71D5E0E729CA061B00443BD9 /* API-Alamofire */,
			);
		};
/* End PBXProject section */

/* Begin PBXResourcesBuildPhase section */
		71D5E0E629CA061B00443BD9 /* Resources */ = {
			isa = PBXResourcesBuildPhase;
			buildActionMask = 2147483647;
			files = (
				71D5E0F829CA061C00443BD9 /* LaunchScreen.storyboard in Resources */,
				71D5E0F529CA061C00443BD9 /* Assets.xcassets in Resources */,
				71D5E0F329CA061B00443BD9 /* Main.storyboard in Resources */,
				B22597D029CEEEE400680F7D /* CustomTableTableViewCell.xib in Resources */,
			);
			runOnlyForDeploymentPostprocessing = 0;
		};
/* End PBXResourcesBuildPhase section */

/* Begin PBXShellScriptBuildPhase section */
		12674A6CCC055C6EAC543D33 /* [CP] Embed Pods Frameworks */ = {
			isa = PBXShellScriptBuildPhase;
			buildActionMask = 2147483647;
			files = (
			);
			inputFileListPaths = (
				"${PODS_ROOT}/Target Support Files/Pods-API-Alamofire/Pods-API-Alamofire-frameworks-${CONFIGURATION}-input-files.xcfilelist",
			);
			name = "[CP] Embed Pods Frameworks";
			outputFileListPaths = (
				"${PODS_ROOT}/Target Support Files/Pods-API-Alamofire/Pods-API-Alamofire-frameworks-${CONFIGURATION}-output-files.xcfilelist",
			);
			runOnlyForDeploymentPostprocessing = 0;
			shellPath = /bin/sh;
			shellScript = "\"${PODS_ROOT}/Target Support Files/Pods-API-Alamofire/Pods-API-Alamofire-frameworks.sh\"\n";
			showEnvVarsInLog = 0;
		};
		C1CCF9D0865F9C806930AC9A /* [CP] Check Pods Manifest.lock */ = {
			isa = PBXShellScriptBuildPhase;
			buildActionMask = 2147483647;
			files = (
			);
			inputFileListPaths = (
			);
			inputPaths = (
				"${PODS_PODFILE_DIR_PATH}/Podfile.lock",
				"${PODS_ROOT}/Manifest.lock",
			);
			name = "[CP] Check Pods Manifest.lock";
			outputFileListPaths = (
			);
			outputPaths = (
				"$(DERIVED_FILE_DIR)/Pods-API-Alamofire-checkManifestLockResult.txt",
			);
			runOnlyForDeploymentPostprocessing = 0;
			shellPath = /bin/sh;
			shellScript = "diff \"${PODS_PODFILE_DIR_PATH}/Podfile.lock\" \"${PODS_ROOT}/Manifest.lock\" > /dev/null\nif [ $? != 0 ] ; then\n    # print error to STDERR\n    echo \"error: The sandbox is not in sync with the Podfile.lock. Run 'pod install' or update your CocoaPods installation.\" >&2\n    exit 1\nfi\n# This output is used by Xcode 'outputs' to avoid re-running this script phase.\necho \"SUCCESS\" > \"${SCRIPT_OUTPUT_FILE_0}\"\n";
			showEnvVarsInLog = 0;
		};
/* End PBXShellScriptBuildPhase section */

/* Begin PBXSourcesBuildPhase section */
		71D5E0E429CA061B00443BD9 /* Sources */ = {
			isa = PBXSourcesBuildPhase;
			buildActionMask = 2147483647;
			files = (
				B25B71F129D16E8E00F36F70 /* VM+LoginStatus.swift in Sources */,
				B25B71EF29D16E1300F36F70 /* API+Post.swift in Sources */,
				B294508929CB1E10004A8A14 /* API+PutModel.swift in Sources */,
				B25B71EB29D16D8900F36F70 /* API+SingleGet.swift in Sources */,
				B22597D229CEF22100680F7D /* VM+UserInfo.swift in Sources */,
				71D5E0F029CA061B00443BD9 /* ViewController.swift in Sources */,
				B22597AA29CECE5B00680F7D /* HTTPMethodsCustomization.swift in Sources */,
				B25B71ED29D16DF300F36F70 /* API+ListGet.swift in Sources */,
				71D5E0EC29CA061B00443BD9 /* AppDelegate.swift in Sources */,
				B22597D429CEFB1500680F7D /* Protocol.swift in Sources */,
				71CCA02529CD9CDE00398747 /* Ext+UIImageView.swift in Sources */,
				71D5E0EE29CA061B00443BD9 /* SceneDelegate.swift in Sources */,
				B22597CF29CEEEE400680F7D /* CustomTableTableViewCell.swift in Sources */,
			);
			runOnlyForDeploymentPostprocessing = 0;
		};
/* End PBXSourcesBuildPhase section */

/* Begin PBXVariantGroup section */
		71D5E0F129CA061B00443BD9 /* Main.storyboard */ = {
			isa = PBXVariantGroup;
			children = (
				71D5E0F229CA061B00443BD9 /* Base */,
			);
			name = Main.storyboard;
			sourceTree = "<group>";
		};
		71D5E0F629CA061C00443BD9 /* LaunchScreen.storyboard */ = {
			isa = PBXVariantGroup;
			children = (
				71D5E0F729CA061C00443BD9 /* Base */,
			);
			name = LaunchScreen.storyboard;
			sourceTree = "<group>";
		};
/* End PBXVariantGroup section */

/* Begin XCBuildConfiguration section */
		71D5E0FA29CA061C00443BD9 /* Debug */ = {
			isa = XCBuildConfiguration;
			buildSettings = {
				ALWAYS_SEARCH_USER_PATHS = NO;
				CLANG_ANALYZER_NONNULL = YES;
				CLANG_ANALYZER_NUMBER_OBJECT_CONVERSION = YES_AGGRESSIVE;
				CLANG_CXX_LANGUAGE_STANDARD = "gnu++20";
				CLANG_ENABLE_MODULES = YES;
				CLANG_ENABLE_OBJC_ARC = YES;
				CLANG_ENABLE_OBJC_WEAK = YES;
				CLANG_WARN_BLOCK_CAPTURE_AUTORELEASING = YES;
				CLANG_WARN_BOOL_CONVERSION = YES;
				CLANG_WARN_COMMA = YES;
				CLANG_WARN_CONSTANT_CONVERSION = YES;
				CLANG_WARN_DEPRECATED_OBJC_IMPLEMENTATIONS = YES;
				CLANG_WARN_DIRECT_OBJC_ISA_USAGE = YES_ERROR;
				CLANG_WARN_DOCUMENTATION_COMMENTS = YES;
				CLANG_WARN_EMPTY_BODY = YES;
				CLANG_WARN_ENUM_CONVERSION = YES;
				CLANG_WARN_INFINITE_RECURSION = YES;
				CLANG_WARN_INT_CONVERSION = YES;
				CLANG_WARN_NON_LITERAL_NULL_CONVERSION = YES;
				CLANG_WARN_OBJC_IMPLICIT_RETAIN_SELF = YES;
				CLANG_WARN_OBJC_LITERAL_CONVERSION = YES;
				CLANG_WARN_OBJC_ROOT_CLASS = YES_ERROR;
				CLANG_WARN_QUOTED_INCLUDE_IN_FRAMEWORK_HEADER = YES;
				CLANG_WARN_RANGE_LOOP_ANALYSIS = YES;
				CLANG_WARN_STRICT_PROTOTYPES = YES;
				CLANG_WARN_SUSPICIOUS_MOVE = YES;
				CLANG_WARN_UNGUARDED_AVAILABILITY = YES_AGGRESSIVE;
				CLANG_WARN_UNREACHABLE_CODE = YES;
				CLANG_WARN__DUPLICATE_METHOD_MATCH = YES;
				COPY_PHASE_STRIP = NO;
				DEBUG_INFORMATION_FORMAT = dwarf;
				ENABLE_STRICT_OBJC_MSGSEND = YES;
				ENABLE_TESTABILITY = YES;
				GCC_C_LANGUAGE_STANDARD = gnu11;
				GCC_DYNAMIC_NO_PIC = NO;
				GCC_NO_COMMON_BLOCKS = YES;
				GCC_OPTIMIZATION_LEVEL = 0;
				GCC_PREPROCESSOR_DEFINITIONS = (
					"DEBUG=1",
					"$(inherited)",
				);
				GCC_WARN_64_TO_32_BIT_CONVERSION = YES;
				GCC_WARN_ABOUT_RETURN_TYPE = YES_ERROR;
				GCC_WARN_UNDECLARED_SELECTOR = YES;
				GCC_WARN_UNINITIALIZED_AUTOS = YES_AGGRESSIVE;
				GCC_WARN_UNUSED_FUNCTION = YES;
				GCC_WARN_UNUSED_VARIABLE = YES;
				IPHONEOS_DEPLOYMENT_TARGET = 16.2;
				MTL_ENABLE_DEBUG_INFO = INCLUDE_SOURCE;
				MTL_FAST_MATH = YES;
				ONLY_ACTIVE_ARCH = YES;
				SDKROOT = iphoneos;
				SWIFT_ACTIVE_COMPILATION_CONDITIONS = DEBUG;
				SWIFT_OPTIMIZATION_LEVEL = "-Onone";
			};
			name = Debug;
		};
		71D5E0FB29CA061C00443BD9 /* Release */ = {
			isa = XCBuildConfiguration;
			buildSettings = {
				ALWAYS_SEARCH_USER_PATHS = NO;
				CLANG_ANALYZER_NONNULL = YES;
				CLANG_ANALYZER_NUMBER_OBJECT_CONVERSION = YES_AGGRESSIVE;
				CLANG_CXX_LANGUAGE_STANDARD = "gnu++20";
				CLANG_ENABLE_MODULES = YES;
				CLANG_ENABLE_OBJC_ARC = YES;
				CLANG_ENABLE_OBJC_WEAK = YES;
				CLANG_WARN_BLOCK_CAPTURE_AUTORELEASING = YES;
				CLANG_WARN_BOOL_CONVERSION = YES;
				CLANG_WARN_COMMA = YES;
				CLANG_WARN_CONSTANT_CONVERSION = YES;
				CLANG_WARN_DEPRECATED_OBJC_IMPLEMENTATIONS = YES;
				CLANG_WARN_DIRECT_OBJC_ISA_USAGE = YES_ERROR;
				CLANG_WARN_DOCUMENTATION_COMMENTS = YES;
				CLANG_WARN_EMPTY_BODY = YES;
				CLANG_WARN_ENUM_CONVERSION = YES;
				CLANG_WARN_INFINITE_RECURSION = YES;
				CLANG_WARN_INT_CONVERSION = YES;
				CLANG_WARN_NON_LITERAL_NULL_CONVERSION = YES;
				CLANG_WARN_OBJC_IMPLICIT_RETAIN_SELF = YES;
				CLANG_WARN_OBJC_LITERAL_CONVERSION = YES;
				CLANG_WARN_OBJC_ROOT_CLASS = YES_ERROR;
				CLANG_WARN_QUOTED_INCLUDE_IN_FRAMEWORK_HEADER = YES;
				CLANG_WARN_RANGE_LOOP_ANALYSIS = YES;
				CLANG_WARN_STRICT_PROTOTYPES = YES;
				CLANG_WARN_SUSPICIOUS_MOVE = YES;
				CLANG_WARN_UNGUARDED_AVAILABILITY = YES_AGGRESSIVE;
				CLANG_WARN_UNREACHABLE_CODE = YES;
				CLANG_WARN__DUPLICATE_METHOD_MATCH = YES;
				COPY_PHASE_STRIP = NO;
				DEBUG_INFORMATION_FORMAT = "dwarf-with-dsym";
				ENABLE_NS_ASSERTIONS = NO;
				ENABLE_STRICT_OBJC_MSGSEND = YES;
				GCC_C_LANGUAGE_STANDARD = gnu11;
				GCC_NO_COMMON_BLOCKS = YES;
				GCC_WARN_64_TO_32_BIT_CONVERSION = YES;
				GCC_WARN_ABOUT_RETURN_TYPE = YES_ERROR;
				GCC_WARN_UNDECLARED_SELECTOR = YES;
				GCC_WARN_UNINITIALIZED_AUTOS = YES_AGGRESSIVE;
				GCC_WARN_UNUSED_FUNCTION = YES;
				GCC_WARN_UNUSED_VARIABLE = YES;
				IPHONEOS_DEPLOYMENT_TARGET = 16.2;
				MTL_ENABLE_DEBUG_INFO = NO;
				MTL_FAST_MATH = YES;
				SDKROOT = iphoneos;
				SWIFT_COMPILATION_MODE = wholemodule;
				SWIFT_OPTIMIZATION_LEVEL = "-O";
				VALIDATE_PRODUCT = YES;
			};
			name = Release;
		};
		71D5E0FD29CA061C00443BD9 /* Debug */ = {
			isa = XCBuildConfiguration;
			baseConfigurationReference = 81F574D6F0225B8FCE676EB2 /* Pods-API-Alamofire.debug.xcconfig */;
			buildSettings = {
				ASSETCATALOG_COMPILER_APPICON_NAME = AppIcon;
				ASSETCATALOG_COMPILER_GLOBAL_ACCENT_COLOR_NAME = AccentColor;
				CODE_SIGN_STYLE = Automatic;
				CURRENT_PROJECT_VERSION = 1;
				DEVELOPMENT_TEAM = BGTCQBPS5D;
				GENERATE_INFOPLIST_FILE = YES;
				INFOPLIST_FILE = "API-Alamofire/Info.plist";
				INFOPLIST_KEY_UIApplicationSupportsIndirectInputEvents = YES;
				INFOPLIST_KEY_UILaunchStoryboardName = LaunchScreen;
				INFOPLIST_KEY_UIMainStoryboardFile = Main;
				INFOPLIST_KEY_UISupportedInterfaceOrientations_iPad = "UIInterfaceOrientationPortrait UIInterfaceOrientationPortraitUpsideDown UIInterfaceOrientationLandscapeLeft UIInterfaceOrientationLandscapeRight";
				INFOPLIST_KEY_UISupportedInterfaceOrientations_iPhone = "UIInterfaceOrientationPortrait UIInterfaceOrientationLandscapeLeft UIInterfaceOrientationLandscapeRight";
				LD_RUNPATH_SEARCH_PATHS = (
					"$(inherited)",
					"@executable_path/Frameworks",
				);
				MARKETING_VERSION = 1.0;
				PRODUCT_BUNDLE_IDENTIFIER = "com.faysal.API-Alamofire";
				PRODUCT_NAME = "$(TARGET_NAME)";
				SWIFT_EMIT_LOC_STRINGS = YES;
				SWIFT_VERSION = 5.0;
				TARGETED_DEVICE_FAMILY = "1,2";
			};
			name = Debug;
		};
		71D5E0FE29CA061C00443BD9 /* Release */ = {
			isa = XCBuildConfiguration;
			baseConfigurationReference = AB301A085C2E11EB2C0FA6EA /* Pods-API-Alamofire.release.xcconfig */;
			buildSettings = {
				ASSETCATALOG_COMPILER_APPICON_NAME = AppIcon;
				ASSETCATALOG_COMPILER_GLOBAL_ACCENT_COLOR_NAME = AccentColor;
				CODE_SIGN_STYLE = Automatic;
				CURRENT_PROJECT_VERSION = 1;
				DEVELOPMENT_TEAM = BGTCQBPS5D;
				GENERATE_INFOPLIST_FILE = YES;
				INFOPLIST_FILE = "API-Alamofire/Info.plist";
				INFOPLIST_KEY_UIApplicationSupportsIndirectInputEvents = YES;
				INFOPLIST_KEY_UILaunchStoryboardName = LaunchScreen;
				INFOPLIST_KEY_UIMainStoryboardFile = Main;
				INFOPLIST_KEY_UISupportedInterfaceOrientations_iPad = "UIInterfaceOrientationPortrait UIInterfaceOrientationPortraitUpsideDown UIInterfaceOrientationLandscapeLeft UIInterfaceOrientationLandscapeRight";
				INFOPLIST_KEY_UISupportedInterfaceOrientations_iPhone = "UIInterfaceOrientationPortrait UIInterfaceOrientationLandscapeLeft UIInterfaceOrientationLandscapeRight";
				LD_RUNPATH_SEARCH_PATHS = (
					"$(inherited)",
					"@executable_path/Frameworks",
				);
				MARKETING_VERSION = 1.0;
				PRODUCT_BUNDLE_IDENTIFIER = "com.faysal.API-Alamofire";
				PRODUCT_NAME = "$(TARGET_NAME)";
				SWIFT_EMIT_LOC_STRINGS = YES;
				SWIFT_VERSION = 5.0;
				TARGETED_DEVICE_FAMILY = "1,2";
			};
			name = Release;
		};
/* End XCBuildConfiguration section */

/* Begin XCConfigurationList section */
		71D5E0E329CA061B00443BD9 /* Build configuration list for PBXProject "API-Alamofire" */ = {
			isa = XCConfigurationList;
			buildConfigurations = (
				71D5E0FA29CA061C00443BD9 /* Debug */,
				71D5E0FB29CA061C00443BD9 /* Release */,
			);
			defaultConfigurationIsVisible = 0;
			defaultConfigurationName = Release;
		};
		71D5E0FC29CA061C00443BD9 /* Build configuration list for PBXNativeTarget "API-Alamofire" */ = {
			isa = XCConfigurationList;
			buildConfigurations = (
				71D5E0FD29CA061C00443BD9 /* Debug */,
				71D5E0FE29CA061C00443BD9 /* Release */,
			);
			defaultConfigurationIsVisible = 0;
			defaultConfigurationName = Release;
		};
/* End XCConfigurationList section */
	};
	rootObject = 71D5E0E029CA061B00443BD9 /* Project object */;
}
