// !$*UTF8*$!
{
	archiveVersion = 1;
	classes = {
	};
	objectVersion = 56;
	objects = {

/* Begin PBXBuildFile section */
		714351C9296D947F00CD3246 /* AppDelegate.swift in Sources */ = {isa = PBXBuildFile; fileRef = 714351C8296D947F00CD3246 /* AppDelegate.swift */; };
		714351CB296D947F00CD3246 /* SceneDelegate.swift in Sources */ = {isa = PBXBuildFile; fileRef = 714351CA296D947F00CD3246 /* SceneDelegate.swift */; };
		714351CD296D947F00CD3246 /* ViewController.swift in Sources */ = {isa = PBXBuildFile; fileRef = 714351CC296D947F00CD3246 /* ViewController.swift */; };
		714351D0296D947F00CD3246 /* Main.storyboard in Resources */ = {isa = PBXBuildFile; fileRef = 714351CE296D947F00CD3246 /* Main.storyboard */; };
		714351D2296D948100CD3246 /* Assets.xcassets in Resources */ = {isa = PBXBuildFile; fileRef = 714351D1296D948100CD3246 /* Assets.xcassets */; };
		714351D5296D948100CD3246 /* LaunchScreen.storyboard in Resources */ = {isa = PBXBuildFile; fileRef = 714351D3296D948100CD3246 /* LaunchScreen.storyboard */; };
		714351E5296D954000CD3246 /* SecondVC.swift in Sources */ = {isa = PBXBuildFile; fileRef = 714351E3296D954000CD3246 /* SecondVC.swift */; };
		714351E8296D955D00CD3246 /* Second.storyboard in Resources */ = {isa = PBXBuildFile; fileRef = 714351E7296D955D00CD3246 /* Second.storyboard */; };
/* End PBXBuildFile section */

/* Begin PBXFileReference section */
		714351C5296D947F00CD3246 /* NotificationCenterDemo.app */ = {isa = PBXFileReference; explicitFileType = wrapper.application; includeInIndex = 0; path = NotificationCenterDemo.app; sourceTree = BUILT_PRODUCTS_DIR; };
		714351C8296D947F00CD3246 /* AppDelegate.swift */ = {isa = PBXFileReference; lastKnownFileType = sourcecode.swift; path = AppDelegate.swift; sourceTree = "<group>"; };
		714351CA296D947F00CD3246 /* SceneDelegate.swift */ = {isa = PBXFileReference; lastKnownFileType = sourcecode.swift; path = SceneDelegate.swift; sourceTree = "<group>"; };
		714351CC296D947F00CD3246 /* ViewController.swift */ = {isa = PBXFileReference; lastKnownFileType = sourcecode.swift; path = ViewController.swift; sourceTree = "<group>"; };
		714351CF296D947F00CD3246 /* Base */ = {isa = PBXFileReference; lastKnownFileType = file.storyboard; name = Base; path = Base.lproj/Main.storyboard; sourceTree = "<group>"; };
		714351D1296D948100CD3246 /* Assets.xcassets */ = {isa = PBXFileReference; lastKnownFileType = folder.assetcatalog; path = Assets.xcassets; sourceTree = "<group>"; };
		714351D4296D948100CD3246 /* Base */ = {isa = PBXFileReference; lastKnownFileType = file.storyboard; name = Base; path = Base.lproj/LaunchScreen.storyboard; sourceTree = "<group>"; };
		714351D6296D948100CD3246 /* Info.plist */ = {isa = PBXFileReference; lastKnownFileType = text.plist.xml; path = Info.plist; sourceTree = "<group>"; };
		714351E3296D954000CD3246 /* SecondVC.swift */ = {isa = PBXFileReference; lastKnownFileType = sourcecode.swift; path = SecondVC.swift; sourceTree = "<group>"; };
		714351E7296D955D00CD3246 /* Second.storyboard */ = {isa = PBXFileReference; lastKnownFileType = file.storyboard; path = Second.storyboard; sourceTree = "<group>"; };
/* End PBXFileReference section */

/* Begin PBXFrameworksBuildPhase section */
		714351C2296D947F00CD3246 /* Frameworks */ = {
			isa = PBXFrameworksBuildPhase;
			buildActionMask = 2147483647;
			files = (
			);
			runOnlyForDeploymentPostprocessing = 0;
		};
/* End PBXFrameworksBuildPhase section */

/* Begin PBXGroup section */
		714351BC296D947F00CD3246 = {
			isa = PBXGroup;
			children = (
				714351C7296D947F00CD3246 /* NotificationCenterDemo */,
				714351C6296D947F00CD3246 /* Products */,
			);
			sourceTree = "<group>";
		};
		714351C6296D947F00CD3246 /* Products */ = {
			isa = PBXGroup;
			children = (
				714351C5296D947F00CD3246 /* NotificationCenterDemo.app */,
			);
			name = Products;
			sourceTree = "<group>";
		};
		714351C7296D947F00CD3246 /* NotificationCenterDemo */ = {
			isa = PBXGroup;
			children = (
				714351DF296D94A900CD3246 /* System */,
				714351DE296D94A000CD3246 /* Model */,
				714351DD296D949A00CD3246 /* View */,
				714351DC296D948E00CD3246 /* Controller */,
				714351D1296D948100CD3246 /* Assets.xcassets */,
				714351D3296D948100CD3246 /* LaunchScreen.storyboard */,
				714351D6296D948100CD3246 /* Info.plist */,
			);
			path = NotificationCenterDemo;
			sourceTree = "<group>";
		};
		714351DC296D948E00CD3246 /* Controller */ = {
			isa = PBXGroup;
			children = (
				714351E2296D94EA00CD3246 /* MainVC */,
			);
			path = Controller;
			sourceTree = "<group>";
		};
		714351DD296D949A00CD3246 /* View */ = {
			isa = PBXGroup;
			children = (
				714351E0296D94D700CD3246 /* SecondVC */,
			);
			path = View;
			sourceTree = "<group>";
		};
		714351DE296D94A000CD3246 /* Model */ = {
			isa = PBXGroup;
			children = (
			);
			path = Model;
			sourceTree = "<group>";
		};
		714351DF296D94A900CD3246 /* System */ = {
			isa = PBXGroup;
			children = (
				714351C8296D947F00CD3246 /* AppDelegate.swift */,
				714351CA296D947F00CD3246 /* SceneDelegate.swift */,
			);
			path = System;
			sourceTree = "<group>";
		};
		714351E0296D94D700CD3246 /* SecondVC */ = {
			isa = PBXGroup;
			children = (
				714351E3296D954000CD3246 /* SecondVC.swift */,
				714351E7296D955D00CD3246 /* Second.storyboard */,
			);
			path = SecondVC;
			sourceTree = "<group>";
		};
		714351E2296D94EA00CD3246 /* MainVC */ = {
			isa = PBXGroup;
			children = (
				714351CC296D947F00CD3246 /* ViewController.swift */,
				714351CE296D947F00CD3246 /* Main.storyboard */,
			);
			path = MainVC;
			sourceTree = "<group>";
		};
/* End PBXGroup section */

/* Begin PBXNativeTarget section */
		714351C4296D947F00CD3246 /* NotificationCenterDemo */ = {
			isa = PBXNativeTarget;
			buildConfigurationList = 714351D9296D948100CD3246 /* Build configuration list for PBXNativeTarget "NotificationCenterDemo" */;
			buildPhases = (
				714351C1296D947F00CD3246 /* Sources */,
				714351C2296D947F00CD3246 /* Frameworks */,
				714351C3296D947F00CD3246 /* Resources */,
			);
			buildRules = (
			);
			dependencies = (
			);
			name = NotificationCenterDemo;
			productName = NotificationCenterDemo;
			productReference = 714351C5296D947F00CD3246 /* NotificationCenterDemo.app */;
			productType = "com.apple.product-type.application";
		};
/* End PBXNativeTarget section */

/* Begin PBXProject section */
		714351BD296D947F00CD3246 /* Project object */ = {
			isa = PBXProject;
			attributes = {
				BuildIndependentTargetsInParallel = 1;
				LastSwiftUpdateCheck = 1410;
				LastUpgradeCheck = 1410;
				TargetAttributes = {
					714351C4296D947F00CD3246 = {
						CreatedOnToolsVersion = 14.1;
					};
				};
			};
			buildConfigurationList = 714351C0296D947F00CD3246 /* Build configuration list for PBXProject "NotificationCenterDemo" */;
			compatibilityVersion = "Xcode 14.0";
			developmentRegion = en;
			hasScannedForEncodings = 0;
			knownRegions = (
				en,
				Base,
			);
			mainGroup = 714351BC296D947F00CD3246;
			productRefGroup = 714351C6296D947F00CD3246 /* Products */;
			projectDirPath = "";
			projectRoot = "";
			targets = (
				714351C4296D947F00CD3246 /* NotificationCenterDemo */,
			);
		};
/* End PBXProject section */

/* Begin PBXResourcesBuildPhase section */
		714351C3296D947F00CD3246 /* Resources */ = {
			isa = PBXResourcesBuildPhase;
			buildActionMask = 2147483647;
			files = (
				714351E8296D955D00CD3246 /* Second.storyboard in Resources */,
				714351D5296D948100CD3246 /* LaunchScreen.storyboard in Resources */,
				714351D2296D948100CD3246 /* Assets.xcassets in Resources */,
				714351D0296D947F00CD3246 /* Main.storyboard in Resources */,
			);
			runOnlyForDeploymentPostprocessing = 0;
		};
/* End PBXResourcesBuildPhase section */

/* Begin PBXSourcesBuildPhase section */
		714351C1296D947F00CD3246 /* Sources */ = {
			isa = PBXSourcesBuildPhase;
			buildActionMask = 2147483647;
			files = (
				714351CD296D947F00CD3246 /* ViewController.swift in Sources */,
				714351C9296D947F00CD3246 /* AppDelegate.swift in Sources */,
				714351E5296D954000CD3246 /* SecondVC.swift in Sources */,
				714351CB296D947F00CD3246 /* SceneDelegate.swift in Sources */,
			);
			runOnlyForDeploymentPostprocessing = 0;
		};
/* End PBXSourcesBuildPhase section */

/* Begin PBXVariantGroup section */
		714351CE296D947F00CD3246 /* Main.storyboard */ = {
			isa = PBXVariantGroup;
			children = (
				714351CF296D947F00CD3246 /* Base */,
			);
			name = Main.storyboard;
			sourceTree = "<group>";
		};
		714351D3296D948100CD3246 /* LaunchScreen.storyboard */ = {
			isa = PBXVariantGroup;
			children = (
				714351D4296D948100CD3246 /* Base */,
			);
			name = LaunchScreen.storyboard;
			sourceTree = "<group>";
		};
/* End PBXVariantGroup section */

/* Begin XCBuildConfiguration section */
		714351D7296D948100CD3246 /* Debug */ = {
			isa = XCBuildConfiguration;
			buildSettings = {
				ALWAYS_SEARCH_USER_PATHS = NO;
				CLANG_ANALYZER_NONNULL = YES;
				CLANG_ANALYZER_NUMBER_OBJECT_CONVERSION = YES_AGGRESSIVE;
				CLANG_CXX_LANGUAGE_STANDARD = "gnu++20";
				CLANG_ENABLE_MODULES = YES;
				CLANG_ENABLE_OBJC_ARC = YES;
				CLANG_ENABLE_OBJC_WEAK = YES;
				CLANG_WARN_BLOCK_CAPTURE_AUTORELEASING = YES;
				CLANG_WARN_BOOL_CONVERSION = YES;
				CLANG_WARN_COMMA = YES;
				CLANG_WARN_CONSTANT_CONVERSION = YES;
				CLANG_WARN_DEPRECATED_OBJC_IMPLEMENTATIONS = YES;
				CLANG_WARN_DIRECT_OBJC_ISA_USAGE = YES_ERROR;
				CLANG_WARN_DOCUMENTATION_COMMENTS = YES;
				CLANG_WARN_EMPTY_BODY = YES;
				CLANG_WARN_ENUM_CONVERSION = YES;
				CLANG_WARN_INFINITE_RECURSION = YES;
				CLANG_WARN_INT_CONVERSION = YES;
				CLANG_WARN_NON_LITERAL_NULL_CONVERSION = YES;
				CLANG_WARN_OBJC_IMPLICIT_RETAIN_SELF = YES;
				CLANG_WARN_OBJC_LITERAL_CONVERSION = YES;
				CLANG_WARN_OBJC_ROOT_CLASS = YES_ERROR;
				CLANG_WARN_QUOTED_INCLUDE_IN_FRAMEWORK_HEADER = YES;
				CLANG_WARN_RANGE_LOOP_ANALYSIS = YES;
				CLANG_WARN_STRICT_PROTOTYPES = YES;
				CLANG_WARN_SUSPICIOUS_MOVE = YES;
				CLANG_WARN_UNGUARDED_AVAILABILITY = YES_AGGRESSIVE;
				CLANG_WARN_UNREACHABLE_CODE = YES;
				CLANG_WARN__DUPLICATE_METHOD_MATCH = YES;
				COPY_PHASE_STRIP = NO;
				DEBUG_INFORMATION_FORMAT = dwarf;
				ENABLE_STRICT_OBJC_MSGSEND = YES;
				ENABLE_TESTABILITY = YES;
				GCC_C_LANGUAGE_STANDARD = gnu11;
				GCC_DYNAMIC_NO_PIC = NO;
				GCC_NO_COMMON_BLOCKS = YES;
				GCC_OPTIMIZATION_LEVEL = 0;
				GCC_PREPROCESSOR_DEFINITIONS = (
					"DEBUG=1",
					"$(inherited)",
				);
				GCC_WARN_64_TO_32_BIT_CONVERSION = YES;
				GCC_WARN_ABOUT_RETURN_TYPE = YES_ERROR;
				GCC_WARN_UNDECLARED_SELECTOR = YES;
				GCC_WARN_UNINITIALIZED_AUTOS = YES_AGGRESSIVE;
				GCC_WARN_UNUSED_FUNCTION = YES;
				GCC_WARN_UNUSED_VARIABLE = YES;
				IPHONEOS_DEPLOYMENT_TARGET = 16.1;
				MTL_ENABLE_DEBUG_INFO = INCLUDE_SOURCE;
				MTL_FAST_MATH = YES;
				ONLY_ACTIVE_ARCH = YES;
				SDKROOT = iphoneos;
				SWIFT_ACTIVE_COMPILATION_CONDITIONS = DEBUG;
				SWIFT_OPTIMIZATION_LEVEL = "-Onone";
			};
			name = Debug;
		};
		714351D8296D948100CD3246 /* Release */ = {
			isa = XCBuildConfiguration;
			buildSettings = {
				ALWAYS_SEARCH_USER_PATHS = NO;
				CLANG_ANALYZER_NONNULL = YES;
				CLANG_ANALYZER_NUMBER_OBJECT_CONVERSION = YES_AGGRESSIVE;
				CLANG_CXX_LANGUAGE_STANDARD = "gnu++20";
				CLANG_ENABLE_MODULES = YES;
				CLANG_ENABLE_OBJC_ARC = YES;
				CLANG_ENABLE_OBJC_WEAK = YES;
				CLANG_WARN_BLOCK_CAPTURE_AUTORELEASING = YES;
				CLANG_WARN_BOOL_CONVERSION = YES;
				CLANG_WARN_COMMA = YES;
				CLANG_WARN_CONSTANT_CONVERSION = YES;
				CLANG_WARN_DEPRECATED_OBJC_IMPLEMENTATIONS = YES;
				CLANG_WARN_DIRECT_OBJC_ISA_USAGE = YES_ERROR;
				CLANG_WARN_DOCUMENTATION_COMMENTS = YES;
				CLANG_WARN_EMPTY_BODY = YES;
				CLANG_WARN_ENUM_CONVERSION = YES;
				CLANG_WARN_INFINITE_RECURSION = YES;
				CLANG_WARN_INT_CONVERSION = YES;
				CLANG_WARN_NON_LITERAL_NULL_CONVERSION = YES;
				CLANG_WARN_OBJC_IMPLICIT_RETAIN_SELF = YES;
				CLANG_WARN_OBJC_LITERAL_CONVERSION = YES;
				CLANG_WARN_OBJC_ROOT_CLASS = YES_ERROR;
				CLANG_WARN_QUOTED_INCLUDE_IN_FRAMEWORK_HEADER = YES;
				CLANG_WARN_RANGE_LOOP_ANALYSIS = YES;
				CLANG_WARN_STRICT_PROTOTYPES = YES;
				CLANG_WARN_SUSPICIOUS_MOVE = YES;
				CLANG_WARN_UNGUARDED_AVAILABILITY = YES_AGGRESSIVE;
				CLANG_WARN_UNREACHABLE_CODE = YES;
				CLANG_WARN__DUPLICATE_METHOD_MATCH = YES;
				COPY_PHASE_STRIP = NO;
				DEBUG_INFORMATION_FORMAT = "dwarf-with-dsym";
				ENABLE_NS_ASSERTIONS = NO;
				ENABLE_STRICT_OBJC_MSGSEND = YES;
				GCC_C_LANGUAGE_STANDARD = gnu11;
				GCC_NO_COMMON_BLOCKS = YES;
				GCC_WARN_64_TO_32_BIT_CONVERSION = YES;
				GCC_WARN_ABOUT_RETURN_TYPE = YES_ERROR;
				GCC_WARN_UNDECLARED_SELECTOR = YES;
				GCC_WARN_UNINITIALIZED_AUTOS = YES_AGGRESSIVE;
				GCC_WARN_UNUSED_FUNCTION = YES;
				GCC_WARN_UNUSED_VARIABLE = YES;
				IPHONEOS_DEPLOYMENT_TARGET = 16.1;
				MTL_ENABLE_DEBUG_INFO = NO;
				MTL_FAST_MATH = YES;
				SDKROOT = iphoneos;
				SWIFT_COMPILATION_MODE = wholemodule;
				SWIFT_OPTIMIZATION_LEVEL = "-O";
				VALIDATE_PRODUCT = YES;
			};
			name = Release;
		};
		714351DA296D948100CD3246 /* Debug */ = {
			isa = XCBuildConfiguration;
			buildSettings = {
				ASSETCATALOG_COMPILER_APPICON_NAME = AppIcon;
				ASSETCATALOG_COMPILER_GLOBAL_ACCENT_COLOR_NAME = AccentColor;
				CODE_SIGN_STYLE = Automatic;
				CURRENT_PROJECT_VERSION = 1;
				DEVELOPMENT_TEAM = WXHAH5T735;
				GENERATE_INFOPLIST_FILE = YES;
				INFOPLIST_FILE = NotificationCenterDemo/Info.plist;
				INFOPLIST_KEY_UIApplicationSupportsIndirectInputEvents = YES;
				INFOPLIST_KEY_UILaunchStoryboardName = LaunchScreen;
				INFOPLIST_KEY_UIMainStoryboardFile = Main;
				INFOPLIST_KEY_UISupportedInterfaceOrientations_iPad = "UIInterfaceOrientationPortrait UIInterfaceOrientationPortraitUpsideDown UIInterfaceOrientationLandscapeLeft UIInterfaceOrientationLandscapeRight";
				INFOPLIST_KEY_UISupportedInterfaceOrientations_iPhone = "UIInterfaceOrientationPortrait UIInterfaceOrientationLandscapeLeft UIInterfaceOrientationLandscapeRight";
				LD_RUNPATH_SEARCH_PATHS = (
					"$(inherited)",
					"@executable_path/Frameworks",
				);
				MARKETING_VERSION = 1.0;
				PRODUCT_BUNDLE_IDENTIFIER = com.faysal.NotificationCenterDemo;
				PRODUCT_NAME = "$(TARGET_NAME)";
				SWIFT_EMIT_LOC_STRINGS = YES;
				SWIFT_VERSION = 5.0;
				TARGETED_DEVICE_FAMILY = "1,2";
			};
			name = Debug;
		};
		714351DB296D948100CD3246 /* Release */ = {
			isa = XCBuildConfiguration;
			buildSettings = {
				ASSETCATALOG_COMPILER_APPICON_NAME = AppIcon;
				ASSETCATALOG_COMPILER_GLOBAL_ACCENT_COLOR_NAME = AccentColor;
				CODE_SIGN_STYLE = Automatic;
				CURRENT_PROJECT_VERSION = 1;
				DEVELOPMENT_TEAM = WXHAH5T735;
				GENERATE_INFOPLIST_FILE = YES;
				INFOPLIST_FILE = NotificationCenterDemo/Info.plist;
				INFOPLIST_KEY_UIApplicationSupportsIndirectInputEvents = YES;
				INFOPLIST_KEY_UILaunchStoryboardName = LaunchScreen;
				INFOPLIST_KEY_UIMainStoryboardFile = Main;
				INFOPLIST_KEY_UISupportedInterfaceOrientations_iPad = "UIInterfaceOrientationPortrait UIInterfaceOrientationPortraitUpsideDown UIInterfaceOrientationLandscapeLeft UIInterfaceOrientationLandscapeRight";
				INFOPLIST_KEY_UISupportedInterfaceOrientations_iPhone = "UIInterfaceOrientationPortrait UIInterfaceOrientationLandscapeLeft UIInterfaceOrientationLandscapeRight";
				LD_RUNPATH_SEARCH_PATHS = (
					"$(inherited)",
					"@executable_path/Frameworks",
				);
				MARKETING_VERSION = 1.0;
				PRODUCT_BUNDLE_IDENTIFIER = com.faysal.NotificationCenterDemo;
				PRODUCT_NAME = "$(TARGET_NAME)";
				SWIFT_EMIT_LOC_STRINGS = YES;
				SWIFT_VERSION = 5.0;
				TARGETED_DEVICE_FAMILY = "1,2";
			};
			name = Release;
		};
/* End XCBuildConfiguration section */

/* Begin XCConfigurationList section */
		714351C0296D947F00CD3246 /* Build configuration list for PBXProject "NotificationCenterDemo" */ = {
			isa = XCConfigurationList;
			buildConfigurations = (
				714351D7296D948100CD3246 /* Debug */,
				714351D8296D948100CD3246 /* Release */,
			);
			defaultConfigurationIsVisible = 0;
			defaultConfigurationName = Release;
		};
		714351D9296D948100CD3246 /* Build configuration list for PBXNativeTarget "NotificationCenterDemo" */ = {
			isa = XCConfigurationList;
			buildConfigurations = (
				714351DA296D948100CD3246 /* Debug */,
				714351DB296D948100CD3246 /* Release */,
			);
			defaultConfigurationIsVisible = 0;
			defaultConfigurationName = Release;
		};
/* End XCConfigurationList section */
	};
	rootObject = 714351BD296D947F00CD3246 /* Project object */;
}
