// !$*UTF8*$!
{
	archiveVersion = 1;
	classes = {
	};
	objectVersion = 56;
	objects = {

/* Begin PBXBuildFile section */
		614AD3FE2DCE78B48F48BCB0 /* Pods_RealmDatabase.framework in Frameworks */ = {isa = PBXBuildFile; fileRef = 5E1736799DBD7D840A640F14 /* Pods_RealmDatabase.framework */; };
		71BA70A62968A33200AA2339 /* AppDelegate.swift in Sources */ = {isa = PBXBuildFile; fileRef = 71BA70A52968A33200AA2339 /* AppDelegate.swift */; };
		71BA70A82968A33200AA2339 /* SceneDelegate.swift in Sources */ = {isa = PBXBuildFile; fileRef = 71BA70A72968A33200AA2339 /* SceneDelegate.swift */; };
		71BA70AA2968A33200AA2339 /* ViewController.swift in Sources */ = {isa = PBXBuildFile; fileRef = 71BA70A92968A33200AA2339 /* ViewController.swift */; };
		71BA70AD2968A33200AA2339 /* Main.storyboard in Resources */ = {isa = PBXBuildFile; fileRef = 71BA70AB2968A33200AA2339 /* Main.storyboard */; };
		71BA70AF2968A33400AA2339 /* Assets.xcassets in Resources */ = {isa = PBXBuildFile; fileRef = 71BA70AE2968A33400AA2339 /* Assets.xcassets */; };
		71BA70B22968A33400AA2339 /* LaunchScreen.storyboard in Resources */ = {isa = PBXBuildFile; fileRef = 71BA70B02968A33400AA2339 /* LaunchScreen.storyboard */; };
		71BA70BD2968B31200AA2339 /* ToDoTask.swift in Sources */ = {isa = PBXBuildFile; fileRef = 71BA70BC2968B31200AA2339 /* ToDoTask.swift */; };
/* End PBXBuildFile section */

/* Begin PBXFileReference section */
		585F711C7E1ED3430AEF4F73 /* Pods-RealmDatabase.debug.xcconfig */ = {isa = PBXFileReference; includeInIndex = 1; lastKnownFileType = text.xcconfig; name = "Pods-RealmDatabase.debug.xcconfig"; path = "Target Support Files/Pods-RealmDatabase/Pods-RealmDatabase.debug.xcconfig"; sourceTree = "<group>"; };
		5E1736799DBD7D840A640F14 /* Pods_RealmDatabase.framework */ = {isa = PBXFileReference; explicitFileType = wrapper.framework; includeInIndex = 0; path = Pods_RealmDatabase.framework; sourceTree = BUILT_PRODUCTS_DIR; };
		71BA70A22968A33200AA2339 /* RealmDatabase.app */ = {isa = PBXFileReference; explicitFileType = wrapper.application; includeInIndex = 0; path = RealmDatabase.app; sourceTree = BUILT_PRODUCTS_DIR; };
		71BA70A52968A33200AA2339 /* AppDelegate.swift */ = {isa = PBXFileReference; lastKnownFileType = sourcecode.swift; path = AppDelegate.swift; sourceTree = "<group>"; };
		71BA70A72968A33200AA2339 /* SceneDelegate.swift */ = {isa = PBXFileReference; lastKnownFileType = sourcecode.swift; path = SceneDelegate.swift; sourceTree = "<group>"; };
		71BA70A92968A33200AA2339 /* ViewController.swift */ = {isa = PBXFileReference; lastKnownFileType = sourcecode.swift; path = ViewController.swift; sourceTree = "<group>"; };
		71BA70AC2968A33200AA2339 /* Base */ = {isa = PBXFileReference; lastKnownFileType = file.storyboard; name = Base; path = Base.lproj/Main.storyboard; sourceTree = "<group>"; };
		71BA70AE2968A33400AA2339 /* Assets.xcassets */ = {isa = PBXFileReference; lastKnownFileType = folder.assetcatalog; path = Assets.xcassets; sourceTree = "<group>"; };
		71BA70B12968A33400AA2339 /* Base */ = {isa = PBXFileReference; lastKnownFileType = file.storyboard; name = Base; path = Base.lproj/LaunchScreen.storyboard; sourceTree = "<group>"; };
		71BA70B32968A33400AA2339 /* Info.plist */ = {isa = PBXFileReference; lastKnownFileType = text.plist.xml; path = Info.plist; sourceTree = "<group>"; };
		71BA70BC2968B31200AA2339 /* ToDoTask.swift */ = {isa = PBXFileReference; lastKnownFileType = sourcecode.swift; path = ToDoTask.swift; sourceTree = "<group>"; };
		87A7C11D55BD496F54474F57 /* Pods-RealmDatabase.release.xcconfig */ = {isa = PBXFileReference; includeInIndex = 1; lastKnownFileType = text.xcconfig; name = "Pods-RealmDatabase.release.xcconfig"; path = "Target Support Files/Pods-RealmDatabase/Pods-RealmDatabase.release.xcconfig"; sourceTree = "<group>"; };
/* End PBXFileReference section */

/* Begin PBXFrameworksBuildPhase section */
		71BA709F2968A33200AA2339 /* Frameworks */ = {
			isa = PBXFrameworksBuildPhase;
			buildActionMask = 2147483647;
			files = (
				614AD3FE2DCE78B48F48BCB0 /* Pods_RealmDatabase.framework in Frameworks */,
			);
			runOnlyForDeploymentPostprocessing = 0;
		};
/* End PBXFrameworksBuildPhase section */

/* Begin PBXGroup section */
		4DD5017B8F66609A6A1AD84D /* Frameworks */ = {
			isa = PBXGroup;
			children = (
				5E1736799DBD7D840A640F14 /* Pods_RealmDatabase.framework */,
			);
			name = Frameworks;
			sourceTree = "<group>";
		};
		5674004CECF97BA7E57DAFFE /* Pods */ = {
			isa = PBXGroup;
			children = (
				585F711C7E1ED3430AEF4F73 /* Pods-RealmDatabase.debug.xcconfig */,
				87A7C11D55BD496F54474F57 /* Pods-RealmDatabase.release.xcconfig */,
			);
			path = Pods;
			sourceTree = "<group>";
		};
		71BA70992968A33200AA2339 = {
			isa = PBXGroup;
			children = (
				71BA70A42968A33200AA2339 /* RealmDatabase */,
				71BA70A32968A33200AA2339 /* Products */,
				5674004CECF97BA7E57DAFFE /* Pods */,
				4DD5017B8F66609A6A1AD84D /* Frameworks */,
			);
			sourceTree = "<group>";
		};
		71BA70A32968A33200AA2339 /* Products */ = {
			isa = PBXGroup;
			children = (
				71BA70A22968A33200AA2339 /* RealmDatabase.app */,
			);
			name = Products;
			sourceTree = "<group>";
		};
		71BA70A42968A33200AA2339 /* RealmDatabase */ = {
			isa = PBXGroup;
			children = (
				71BA70B92968A33E00AA2339 /* System */,
				71BA70BB2968B2DC00AA2339 /* Model */,
				71BA70BA2968A35100AA2339 /* Controller */,
				71BA70AE2968A33400AA2339 /* Assets.xcassets */,
				71BA70B02968A33400AA2339 /* LaunchScreen.storyboard */,
				71BA70B32968A33400AA2339 /* Info.plist */,
			);
			path = RealmDatabase;
			sourceTree = "<group>";
		};
		71BA70B92968A33E00AA2339 /* System */ = {
			isa = PBXGroup;
			children = (
				71BA70A52968A33200AA2339 /* AppDelegate.swift */,
				71BA70A72968A33200AA2339 /* SceneDelegate.swift */,
			);
			path = System;
			sourceTree = "<group>";
		};
		71BA70BA2968A35100AA2339 /* Controller */ = {
			isa = PBXGroup;
			children = (
				71BA70A92968A33200AA2339 /* ViewController.swift */,
				71BA70AB2968A33200AA2339 /* Main.storyboard */,
			);
			path = Controller;
			sourceTree = "<group>";
		};
		71BA70BB2968B2DC00AA2339 /* Model */ = {
			isa = PBXGroup;
			children = (
				71BA70BC2968B31200AA2339 /* ToDoTask.swift */,
			);
			path = Model;
			sourceTree = "<group>";
		};
/* End PBXGroup section */

/* Begin PBXNativeTarget section */
		71BA70A12968A33200AA2339 /* RealmDatabase */ = {
			isa = PBXNativeTarget;
			buildConfigurationList = 71BA70B62968A33400AA2339 /* Build configuration list for PBXNativeTarget "RealmDatabase" */;
			buildPhases = (
				445EED70FEEC978B30FC844A /* [CP] Check Pods Manifest.lock */,
				71BA709E2968A33200AA2339 /* Sources */,
				71BA709F2968A33200AA2339 /* Frameworks */,
				71BA70A02968A33200AA2339 /* Resources */,
				9D82E4F6F6FE72B45A2B6B7F /* [CP] Embed Pods Frameworks */,
			);
			buildRules = (
			);
			dependencies = (
			);
			name = RealmDatabase;
			productName = RealmDatabase;
			productReference = 71BA70A22968A33200AA2339 /* RealmDatabase.app */;
			productType = "com.apple.product-type.application";
		};
/* End PBXNativeTarget section */

/* Begin PBXProject section */
		71BA709A2968A33200AA2339 /* Project object */ = {
			isa = PBXProject;
			attributes = {
				BuildIndependentTargetsInParallel = 1;
				LastSwiftUpdateCheck = 1410;
				LastUpgradeCheck = 1410;
				TargetAttributes = {
					71BA70A12968A33200AA2339 = {
						CreatedOnToolsVersion = 14.1;
					};
				};
			};
			buildConfigurationList = 71BA709D2968A33200AA2339 /* Build configuration list for PBXProject "RealmDatabase" */;
			compatibilityVersion = "Xcode 14.0";
			developmentRegion = en;
			hasScannedForEncodings = 0;
			knownRegions = (
				en,
				Base,
			);
			mainGroup = 71BA70992968A33200AA2339;
			productRefGroup = 71BA70A32968A33200AA2339 /* Products */;
			projectDirPath = "";
			projectRoot = "";
			targets = (
				71BA70A12968A33200AA2339 /* RealmDatabase */,
			);
		};
/* End PBXProject section */

/* Begin PBXResourcesBuildPhase section */
		71BA70A02968A33200AA2339 /* Resources */ = {
			isa = PBXResourcesBuildPhase;
			buildActionMask = 2147483647;
			files = (
				71BA70B22968A33400AA2339 /* LaunchScreen.storyboard in Resources */,
				71BA70AF2968A33400AA2339 /* Assets.xcassets in Resources */,
				71BA70AD2968A33200AA2339 /* Main.storyboard in Resources */,
			);
			runOnlyForDeploymentPostprocessing = 0;
		};
/* End PBXResourcesBuildPhase section */

/* Begin PBXShellScriptBuildPhase section */
		445EED70FEEC978B30FC844A /* [CP] Check Pods Manifest.lock */ = {
			isa = PBXShellScriptBuildPhase;
			buildActionMask = 2147483647;
			files = (
			);
			inputFileListPaths = (
			);
			inputPaths = (
				"${PODS_PODFILE_DIR_PATH}/Podfile.lock",
				"${PODS_ROOT}/Manifest.lock",
			);
			name = "[CP] Check Pods Manifest.lock";
			outputFileListPaths = (
			);
			outputPaths = (
				"$(DERIVED_FILE_DIR)/Pods-RealmDatabase-checkManifestLockResult.txt",
			);
			runOnlyForDeploymentPostprocessing = 0;
			shellPath = /bin/sh;
			shellScript = "diff \"${PODS_PODFILE_DIR_PATH}/Podfile.lock\" \"${PODS_ROOT}/Manifest.lock\" > /dev/null\nif [ $? != 0 ] ; then\n    # print error to STDERR\n    echo \"error: The sandbox is not in sync with the Podfile.lock. Run 'pod install' or update your CocoaPods installation.\" >&2\n    exit 1\nfi\n# This output is used by Xcode 'outputs' to avoid re-running this script phase.\necho \"SUCCESS\" > \"${SCRIPT_OUTPUT_FILE_0}\"\n";
			showEnvVarsInLog = 0;
		};
		9D82E4F6F6FE72B45A2B6B7F /* [CP] Embed Pods Frameworks */ = {
			isa = PBXShellScriptBuildPhase;
			buildActionMask = 2147483647;
			files = (
			);
			inputFileListPaths = (
				"${PODS_ROOT}/Target Support Files/Pods-RealmDatabase/Pods-RealmDatabase-frameworks-${CONFIGURATION}-input-files.xcfilelist",
			);
			name = "[CP] Embed Pods Frameworks";
			outputFileListPaths = (
				"${PODS_ROOT}/Target Support Files/Pods-RealmDatabase/Pods-RealmDatabase-frameworks-${CONFIGURATION}-output-files.xcfilelist",
			);
			runOnlyForDeploymentPostprocessing = 0;
			shellPath = /bin/sh;
			shellScript = "\"${PODS_ROOT}/Target Support Files/Pods-RealmDatabase/Pods-RealmDatabase-frameworks.sh\"\n";
			showEnvVarsInLog = 0;
		};
/* End PBXShellScriptBuildPhase section */

/* Begin PBXSourcesBuildPhase section */
		71BA709E2968A33200AA2339 /* Sources */ = {
			isa = PBXSourcesBuildPhase;
			buildActionMask = 2147483647;
			files = (
				71BA70AA2968A33200AA2339 /* ViewController.swift in Sources */,
				71BA70BD2968B31200AA2339 /* ToDoTask.swift in Sources */,
				71BA70A62968A33200AA2339 /* AppDelegate.swift in Sources */,
				71BA70A82968A33200AA2339 /* SceneDelegate.swift in Sources */,
			);
			runOnlyForDeploymentPostprocessing = 0;
		};
/* End PBXSourcesBuildPhase section */

/* Begin PBXVariantGroup section */
		71BA70AB2968A33200AA2339 /* Main.storyboard */ = {
			isa = PBXVariantGroup;
			children = (
				71BA70AC2968A33200AA2339 /* Base */,
			);
			name = Main.storyboard;
			sourceTree = "<group>";
		};
		71BA70B02968A33400AA2339 /* LaunchScreen.storyboard */ = {
			isa = PBXVariantGroup;
			children = (
				71BA70B12968A33400AA2339 /* Base */,
			);
			name = LaunchScreen.storyboard;
			sourceTree = "<group>";
		};
/* End PBXVariantGroup section */

/* Begin XCBuildConfiguration section */
		71BA70B42968A33400AA2339 /* Debug */ = {
			isa = XCBuildConfiguration;
			buildSettings = {
				ALWAYS_SEARCH_USER_PATHS = NO;
				CLANG_ANALYZER_NONNULL = YES;
				CLANG_ANALYZER_NUMBER_OBJECT_CONVERSION = YES_AGGRESSIVE;
				CLANG_CXX_LANGUAGE_STANDARD = "gnu++20";
				CLANG_ENABLE_MODULES = YES;
				CLANG_ENABLE_OBJC_ARC = YES;
				CLANG_ENABLE_OBJC_WEAK = YES;
				CLANG_WARN_BLOCK_CAPTURE_AUTORELEASING = YES;
				CLANG_WARN_BOOL_CONVERSION = YES;
				CLANG_WARN_COMMA = YES;
				CLANG_WARN_CONSTANT_CONVERSION = YES;
				CLANG_WARN_DEPRECATED_OBJC_IMPLEMENTATIONS = YES;
				CLANG_WARN_DIRECT_OBJC_ISA_USAGE = YES_ERROR;
				CLANG_WARN_DOCUMENTATION_COMMENTS = YES;
				CLANG_WARN_EMPTY_BODY = YES;
				CLANG_WARN_ENUM_CONVERSION = YES;
				CLANG_WARN_INFINITE_RECURSION = YES;
				CLANG_WARN_INT_CONVERSION = YES;
				CLANG_WARN_NON_LITERAL_NULL_CONVERSION = YES;
				CLANG_WARN_OBJC_IMPLICIT_RETAIN_SELF = YES;
				CLANG_WARN_OBJC_LITERAL_CONVERSION = YES;
				CLANG_WARN_OBJC_ROOT_CLASS = YES_ERROR;
				CLANG_WARN_QUOTED_INCLUDE_IN_FRAMEWORK_HEADER = YES;
				CLANG_WARN_RANGE_LOOP_ANALYSIS = YES;
				CLANG_WARN_STRICT_PROTOTYPES = YES;
				CLANG_WARN_SUSPICIOUS_MOVE = YES;
				CLANG_WARN_UNGUARDED_AVAILABILITY = YES_AGGRESSIVE;
				CLANG_WARN_UNREACHABLE_CODE = YES;
				CLANG_WARN__DUPLICATE_METHOD_MATCH = YES;
				COPY_PHASE_STRIP = NO;
				DEBUG_INFORMATION_FORMAT = dwarf;
				ENABLE_STRICT_OBJC_MSGSEND = YES;
				ENABLE_TESTABILITY = YES;
				GCC_C_LANGUAGE_STANDARD = gnu11;
				GCC_DYNAMIC_NO_PIC = NO;
				GCC_NO_COMMON_BLOCKS = YES;
				GCC_OPTIMIZATION_LEVEL = 0;
				GCC_PREPROCESSOR_DEFINITIONS = (
					"DEBUG=1",
					"$(inherited)",
				);
				GCC_WARN_64_TO_32_BIT_CONVERSION = YES;
				GCC_WARN_ABOUT_RETURN_TYPE = YES_ERROR;
				GCC_WARN_UNDECLARED_SELECTOR = YES;
				GCC_WARN_UNINITIALIZED_AUTOS = YES_AGGRESSIVE;
				GCC_WARN_UNUSED_FUNCTION = YES;
				GCC_WARN_UNUSED_VARIABLE = YES;
				IPHONEOS_DEPLOYMENT_TARGET = 16.1;
				MTL_ENABLE_DEBUG_INFO = INCLUDE_SOURCE;
				MTL_FAST_MATH = YES;
				ONLY_ACTIVE_ARCH = YES;
				SDKROOT = iphoneos;
				SWIFT_ACTIVE_COMPILATION_CONDITIONS = DEBUG;
				SWIFT_OPTIMIZATION_LEVEL = "-Onone";
			};
			name = Debug;
		};
		71BA70B52968A33400AA2339 /* Release */ = {
			isa = XCBuildConfiguration;
			buildSettings = {
				ALWAYS_SEARCH_USER_PATHS = NO;
				CLANG_ANALYZER_NONNULL = YES;
				CLANG_ANALYZER_NUMBER_OBJECT_CONVERSION = YES_AGGRESSIVE;
				CLANG_CXX_LANGUAGE_STANDARD = "gnu++20";
				CLANG_ENABLE_MODULES = YES;
				CLANG_ENABLE_OBJC_ARC = YES;
				CLANG_ENABLE_OBJC_WEAK = YES;
				CLANG_WARN_BLOCK_CAPTURE_AUTORELEASING = YES;
				CLANG_WARN_BOOL_CONVERSION = YES;
				CLANG_WARN_COMMA = YES;
				CLANG_WARN_CONSTANT_CONVERSION = YES;
				CLANG_WARN_DEPRECATED_OBJC_IMPLEMENTATIONS = YES;
				CLANG_WARN_DIRECT_OBJC_ISA_USAGE = YES_ERROR;
				CLANG_WARN_DOCUMENTATION_COMMENTS = YES;
				CLANG_WARN_EMPTY_BODY = YES;
				CLANG_WARN_ENUM_CONVERSION = YES;
				CLANG_WARN_INFINITE_RECURSION = YES;
				CLANG_WARN_INT_CONVERSION = YES;
				CLANG_WARN_NON_LITERAL_NULL_CONVERSION = YES;
				CLANG_WARN_OBJC_IMPLICIT_RETAIN_SELF = YES;
				CLANG_WARN_OBJC_LITERAL_CONVERSION = YES;
				CLANG_WARN_OBJC_ROOT_CLASS = YES_ERROR;
				CLANG_WARN_QUOTED_INCLUDE_IN_FRAMEWORK_HEADER = YES;
				CLANG_WARN_RANGE_LOOP_ANALYSIS = YES;
				CLANG_WARN_STRICT_PROTOTYPES = YES;
				CLANG_WARN_SUSPICIOUS_MOVE = YES;
				CLANG_WARN_UNGUARDED_AVAILABILITY = YES_AGGRESSIVE;
				CLANG_WARN_UNREACHABLE_CODE = YES;
				CLANG_WARN__DUPLICATE_METHOD_MATCH = YES;
				COPY_PHASE_STRIP = NO;
				DEBUG_INFORMATION_FORMAT = "dwarf-with-dsym";
				ENABLE_NS_ASSERTIONS = NO;
				ENABLE_STRICT_OBJC_MSGSEND = YES;
				GCC_C_LANGUAGE_STANDARD = gnu11;
				GCC_NO_COMMON_BLOCKS = YES;
				GCC_WARN_64_TO_32_BIT_CONVERSION = YES;
				GCC_WARN_ABOUT_RETURN_TYPE = YES_ERROR;
				GCC_WARN_UNDECLARED_SELECTOR = YES;
				GCC_WARN_UNINITIALIZED_AUTOS = YES_AGGRESSIVE;
				GCC_WARN_UNUSED_FUNCTION = YES;
				GCC_WARN_UNUSED_VARIABLE = YES;
				IPHONEOS_DEPLOYMENT_TARGET = 16.1;
				MTL_ENABLE_DEBUG_INFO = NO;
				MTL_FAST_MATH = YES;
				SDKROOT = iphoneos;
				SWIFT_COMPILATION_MODE = wholemodule;
				SWIFT_OPTIMIZATION_LEVEL = "-O";
				VALIDATE_PRODUCT = YES;
			};
			name = Release;
		};
		71BA70B72968A33400AA2339 /* Debug */ = {
			isa = XCBuildConfiguration;
			baseConfigurationReference = 585F711C7E1ED3430AEF4F73 /* Pods-RealmDatabase.debug.xcconfig */;
			buildSettings = {
				ASSETCATALOG_COMPILER_APPICON_NAME = AppIcon;
				ASSETCATALOG_COMPILER_GLOBAL_ACCENT_COLOR_NAME = AccentColor;
				CODE_SIGN_STYLE = Automatic;
				CURRENT_PROJECT_VERSION = 1;
				DEVELOPMENT_TEAM = WXHAH5T735;
				GENERATE_INFOPLIST_FILE = YES;
				INFOPLIST_FILE = RealmDatabase/Info.plist;
				INFOPLIST_KEY_UIApplicationSupportsIndirectInputEvents = YES;
				INFOPLIST_KEY_UILaunchStoryboardName = LaunchScreen;
				INFOPLIST_KEY_UIMainStoryboardFile = Main;
				INFOPLIST_KEY_UISupportedInterfaceOrientations_iPad = "UIInterfaceOrientationPortrait UIInterfaceOrientationPortraitUpsideDown UIInterfaceOrientationLandscapeLeft UIInterfaceOrientationLandscapeRight";
				INFOPLIST_KEY_UISupportedInterfaceOrientations_iPhone = "UIInterfaceOrientationPortrait UIInterfaceOrientationLandscapeLeft UIInterfaceOrientationLandscapeRight";
				LD_RUNPATH_SEARCH_PATHS = (
					"$(inherited)",
					"@executable_path/Frameworks",
				);
				MARKETING_VERSION = 1.0;
				PRODUCT_BUNDLE_IDENTIFIER = com.faysal.RealmDatabase;
				PRODUCT_NAME = "$(TARGET_NAME)";
				SWIFT_EMIT_LOC_STRINGS = YES;
				SWIFT_VERSION = 5.0;
				TARGETED_DEVICE_FAMILY = "1,2";
			};
			name = Debug;
		};
		71BA70B82968A33400AA2339 /* Release */ = {
			isa = XCBuildConfiguration;
			baseConfigurationReference = 87A7C11D55BD496F54474F57 /* Pods-RealmDatabase.release.xcconfig */;
			buildSettings = {
				ASSETCATALOG_COMPILER_APPICON_NAME = AppIcon;
				ASSETCATALOG_COMPILER_GLOBAL_ACCENT_COLOR_NAME = AccentColor;
				CODE_SIGN_STYLE = Automatic;
				CURRENT_PROJECT_VERSION = 1;
				DEVELOPMENT_TEAM = WXHAH5T735;
				GENERATE_INFOPLIST_FILE = YES;
				INFOPLIST_FILE = RealmDatabase/Info.plist;
				INFOPLIST_KEY_UIApplicationSupportsIndirectInputEvents = YES;
				INFOPLIST_KEY_UILaunchStoryboardName = LaunchScreen;
				INFOPLIST_KEY_UIMainStoryboardFile = Main;
				INFOPLIST_KEY_UISupportedInterfaceOrientations_iPad = "UIInterfaceOrientationPortrait UIInterfaceOrientationPortraitUpsideDown UIInterfaceOrientationLandscapeLeft UIInterfaceOrientationLandscapeRight";
				INFOPLIST_KEY_UISupportedInterfaceOrientations_iPhone = "UIInterfaceOrientationPortrait UIInterfaceOrientationLandscapeLeft UIInterfaceOrientationLandscapeRight";
				LD_RUNPATH_SEARCH_PATHS = (
					"$(inherited)",
					"@executable_path/Frameworks",
				);
				MARKETING_VERSION = 1.0;
				PRODUCT_BUNDLE_IDENTIFIER = com.faysal.RealmDatabase;
				PRODUCT_NAME = "$(TARGET_NAME)";
				SWIFT_EMIT_LOC_STRINGS = YES;
				SWIFT_VERSION = 5.0;
				TARGETED_DEVICE_FAMILY = "1,2";
			};
			name = Release;
		};
/* End XCBuildConfiguration section */

/* Begin XCConfigurationList section */
		71BA709D2968A33200AA2339 /* Build configuration list for PBXProject "RealmDatabase" */ = {
			isa = XCConfigurationList;
			buildConfigurations = (
				71BA70B42968A33400AA2339 /* Debug */,
				71BA70B52968A33400AA2339 /* Release */,
			);
			defaultConfigurationIsVisible = 0;
			defaultConfigurationName = Release;
		};
		71BA70B62968A33400AA2339 /* Build configuration list for PBXNativeTarget "RealmDatabase" */ = {
			isa = XCConfigurationList;
			buildConfigurations = (
				71BA70B72968A33400AA2339 /* Debug */,
				71BA70B82968A33400AA2339 /* Release */,
			);
			defaultConfigurationIsVisible = 0;
			defaultConfigurationName = Release;
		};
/* End XCConfigurationList section */
	};
	rootObject = 71BA709A2968A33200AA2339 /* Project object */;
}
