// !$*UTF8*$!
{
	archiveVersion = 1;
	classes = {
	};
	objectVersion = 56;
	objects = {

/* Begin PBXBuildFile section */
		715FCF0629C7084000195E9C /* AppDelegate.swift in Sources */ = {isa = PBXBuildFile; fileRef = 715FCF0529C7084000195E9C /* AppDelegate.swift */; };
		715FCF0829C7084000195E9C /* SceneDelegate.swift in Sources */ = {isa = PBXBuildFile; fileRef = 715FCF0729C7084000195E9C /* SceneDelegate.swift */; };
		715FCF0A29C7084000195E9C /* ViewController.swift in Sources */ = {isa = PBXBuildFile; fileRef = 715FCF0929C7084000195E9C /* ViewController.swift */; };
		715FCF0D29C7084000195E9C /* Main.storyboard in Resources */ = {isa = PBXBuildFile; fileRef = 715FCF0B29C7084000195E9C /* Main.storyboard */; };
		715FCF0F29C7084100195E9C /* Assets.xcassets in Resources */ = {isa = PBXBuildFile; fileRef = 715FCF0E29C7084100195E9C /* Assets.xcassets */; };
		715FCF1229C7084100195E9C /* LaunchScreen.storyboard in Resources */ = {isa = PBXBuildFile; fileRef = 715FCF1029C7084100195E9C /* LaunchScreen.storyboard */; };
		715FCF7329C73D1300195E9C /* APIModel.swift in Sources */ = {isa = PBXBuildFile; fileRef = 715FCF7229C73D1300195E9C /* APIModel.swift */; };
		715FCF7529C73D2600195E9C /* ViewModel.swift in Sources */ = {isa = PBXBuildFile; fileRef = 715FCF7429C73D2600195E9C /* ViewModel.swift */; };
		715FCF7929C759DD00195E9C /* CustomTableViewCell.swift in Sources */ = {isa = PBXBuildFile; fileRef = 715FCF7729C759DD00195E9C /* CustomTableViewCell.swift */; };
		715FCF7A29C759DD00195E9C /* CustomTableViewCell.xib in Resources */ = {isa = PBXBuildFile; fileRef = 715FCF7829C759DD00195E9C /* CustomTableViewCell.xib */; };
/* End PBXBuildFile section */

/* Begin PBXFileReference section */
		715FCF0229C7084000195E9C /* MVVM-Demo.app */ = {isa = PBXFileReference; explicitFileType = wrapper.application; includeInIndex = 0; path = "MVVM-Demo.app"; sourceTree = BUILT_PRODUCTS_DIR; };
		715FCF0529C7084000195E9C /* AppDelegate.swift */ = {isa = PBXFileReference; lastKnownFileType = sourcecode.swift; path = AppDelegate.swift; sourceTree = "<group>"; };
		715FCF0729C7084000195E9C /* SceneDelegate.swift */ = {isa = PBXFileReference; lastKnownFileType = sourcecode.swift; path = SceneDelegate.swift; sourceTree = "<group>"; };
		715FCF0929C7084000195E9C /* ViewController.swift */ = {isa = PBXFileReference; lastKnownFileType = sourcecode.swift; path = ViewController.swift; sourceTree = "<group>"; };
		715FCF0C29C7084000195E9C /* Base */ = {isa = PBXFileReference; lastKnownFileType = file.storyboard; name = Base; path = Base.lproj/Main.storyboard; sourceTree = "<group>"; };
		715FCF0E29C7084100195E9C /* Assets.xcassets */ = {isa = PBXFileReference; lastKnownFileType = folder.assetcatalog; path = Assets.xcassets; sourceTree = "<group>"; };
		715FCF1129C7084100195E9C /* Base */ = {isa = PBXFileReference; lastKnownFileType = file.storyboard; name = Base; path = Base.lproj/LaunchScreen.storyboard; sourceTree = "<group>"; };
		715FCF1329C7084100195E9C /* Info.plist */ = {isa = PBXFileReference; lastKnownFileType = text.plist.xml; path = Info.plist; sourceTree = "<group>"; };
		715FCF7229C73D1300195E9C /* APIModel.swift */ = {isa = PBXFileReference; lastKnownFileType = sourcecode.swift; path = APIModel.swift; sourceTree = "<group>"; };
		715FCF7429C73D2600195E9C /* ViewModel.swift */ = {isa = PBXFileReference; lastKnownFileType = sourcecode.swift; path = ViewModel.swift; sourceTree = "<group>"; };
		715FCF7629C73E4600195E9C /* MVVM-Documentation.md */ = {isa = PBXFileReference; lastKnownFileType = net.daringfireball.markdown; path = "MVVM-Documentation.md"; sourceTree = "<group>"; };
		715FCF7729C759DD00195E9C /* CustomTableViewCell.swift */ = {isa = PBXFileReference; lastKnownFileType = sourcecode.swift; path = CustomTableViewCell.swift; sourceTree = "<group>"; };
		715FCF7829C759DD00195E9C /* CustomTableViewCell.xib */ = {isa = PBXFileReference; lastKnownFileType = file.xib; path = CustomTableViewCell.xib; sourceTree = "<group>"; };
/* End PBXFileReference section */

/* Begin PBXFrameworksBuildPhase section */
		715FCEFF29C7084000195E9C /* Frameworks */ = {
			isa = PBXFrameworksBuildPhase;
			buildActionMask = 2147483647;
			files = (
			);
			runOnlyForDeploymentPostprocessing = 0;
		};
/* End PBXFrameworksBuildPhase section */

/* Begin PBXGroup section */
		715FCEF929C7084000195E9C = {
			isa = PBXGroup;
			children = (
				715FCF0429C7084000195E9C /* MVVM-Demo */,
				715FCF0329C7084000195E9C /* Products */,
			);
			sourceTree = "<group>";
		};
		715FCF0329C7084000195E9C /* Products */ = {
			isa = PBXGroup;
			children = (
				715FCF0229C7084000195E9C /* MVVM-Demo.app */,
			);
			name = Products;
			sourceTree = "<group>";
		};
		715FCF0429C7084000195E9C /* MVVM-Demo */ = {
			isa = PBXGroup;
			children = (
				715FCF7B29C75E3300195E9C /* System */,
				715FCF6F29C73CD800195E9C /* ViewModel */,
				715FCF6E29C73CCC00195E9C /* View */,
				715FCF6D29C73CC400195E9C /* Model */,
				715FCF0E29C7084100195E9C /* Assets.xcassets */,
				715FCF1029C7084100195E9C /* LaunchScreen.storyboard */,
				715FCF1329C7084100195E9C /* Info.plist */,
				715FCF7629C73E4600195E9C /* MVVM-Documentation.md */,
			);
			path = "MVVM-Demo";
			sourceTree = "<group>";
		};
		715FCF6D29C73CC400195E9C /* Model */ = {
			isa = PBXGroup;
			children = (
				715FCF7229C73D1300195E9C /* APIModel.swift */,
			);
			path = Model;
			sourceTree = "<group>";
		};
		715FCF6E29C73CCC00195E9C /* View */ = {
			isa = PBXGroup;
			children = (
				715FCF7129C73CEF00195E9C /* View */,
				715FCF7029C73CE500195E9C /* ViewController */,
			);
			path = View;
			sourceTree = "<group>";
		};
		715FCF6F29C73CD800195E9C /* ViewModel */ = {
			isa = PBXGroup;
			children = (
				715FCF7429C73D2600195E9C /* ViewModel.swift */,
			);
			path = ViewModel;
			sourceTree = "<group>";
		};
		715FCF7029C73CE500195E9C /* ViewController */ = {
			isa = PBXGroup;
			children = (
				715FCF0929C7084000195E9C /* ViewController.swift */,
				715FCF0B29C7084000195E9C /* Main.storyboard */,
			);
			path = ViewController;
			sourceTree = "<group>";
		};
		715FCF7129C73CEF00195E9C /* View */ = {
			isa = PBXGroup;
			children = (
				715FCF7729C759DD00195E9C /* CustomTableViewCell.swift */,
				715FCF7829C759DD00195E9C /* CustomTableViewCell.xib */,
			);
			path = View;
			sourceTree = "<group>";
		};
		715FCF7B29C75E3300195E9C /* System */ = {
			isa = PBXGroup;
			children = (
				715FCF0529C7084000195E9C /* AppDelegate.swift */,
				715FCF0729C7084000195E9C /* SceneDelegate.swift */,
			);
			path = System;
			sourceTree = "<group>";
		};
/* End PBXGroup section */

/* Begin PBXNativeTarget section */
		715FCF0129C7084000195E9C /* MVVM-Demo */ = {
			isa = PBXNativeTarget;
			buildConfigurationList = 715FCF1629C7084200195E9C /* Build configuration list for PBXNativeTarget "MVVM-Demo" */;
			buildPhases = (
				715FCEFE29C7084000195E9C /* Sources */,
				715FCEFF29C7084000195E9C /* Frameworks */,
				715FCF0029C7084000195E9C /* Resources */,
			);
			buildRules = (
			);
			dependencies = (
			);
			name = "MVVM-Demo";
			productName = "MVVM-Demo";
			productReference = 715FCF0229C7084000195E9C /* MVVM-Demo.app */;
			productType = "com.apple.product-type.application";
		};
/* End PBXNativeTarget section */

/* Begin PBXProject section */
		715FCEFA29C7084000195E9C /* Project object */ = {
			isa = PBXProject;
			attributes = {
				BuildIndependentTargetsInParallel = 1;
				LastSwiftUpdateCheck = 1420;
				LastUpgradeCheck = 1420;
				TargetAttributes = {
					715FCF0129C7084000195E9C = {
						CreatedOnToolsVersion = 14.2;
					};
				};
			};
			buildConfigurationList = 715FCEFD29C7084000195E9C /* Build configuration list for PBXProject "MVVM-Demo" */;
			compatibilityVersion = "Xcode 14.0";
			developmentRegion = en;
			hasScannedForEncodings = 0;
			knownRegions = (
				en,
				Base,
			);
			mainGroup = 715FCEF929C7084000195E9C;
			productRefGroup = 715FCF0329C7084000195E9C /* Products */;
			projectDirPath = "";
			projectRoot = "";
			targets = (
				715FCF0129C7084000195E9C /* MVVM-Demo */,
			);
		};
/* End PBXProject section */

/* Begin PBXResourcesBuildPhase section */
		715FCF0029C7084000195E9C /* Resources */ = {
			isa = PBXResourcesBuildPhase;
			buildActionMask = 2147483647;
			files = (
				715FCF1229C7084100195E9C /* LaunchScreen.storyboard in Resources */,
				715FCF0F29C7084100195E9C /* Assets.xcassets in Resources */,
				715FCF7A29C759DD00195E9C /* CustomTableViewCell.xib in Resources */,
				715FCF0D29C7084000195E9C /* Main.storyboard in Resources */,
			);
			runOnlyForDeploymentPostprocessing = 0;
		};
/* End PBXResourcesBuildPhase section */

/* Begin PBXSourcesBuildPhase section */
		715FCEFE29C7084000195E9C /* Sources */ = {
			isa = PBXSourcesBuildPhase;
			buildActionMask = 2147483647;
			files = (
				715FCF7929C759DD00195E9C /* CustomTableViewCell.swift in Sources */,
				715FCF7529C73D2600195E9C /* ViewModel.swift in Sources */,
				715FCF7329C73D1300195E9C /* APIModel.swift in Sources */,
				715FCF0A29C7084000195E9C /* ViewController.swift in Sources */,
				715FCF0629C7084000195E9C /* AppDelegate.swift in Sources */,
				715FCF0829C7084000195E9C /* SceneDelegate.swift in Sources */,
			);
			runOnlyForDeploymentPostprocessing = 0;
		};
/* End PBXSourcesBuildPhase section */

/* Begin PBXVariantGroup section */
		715FCF0B29C7084000195E9C /* Main.storyboard */ = {
			isa = PBXVariantGroup;
			children = (
				715FCF0C29C7084000195E9C /* Base */,
			);
			name = Main.storyboard;
			sourceTree = "<group>";
		};
		715FCF1029C7084100195E9C /* LaunchScreen.storyboard */ = {
			isa = PBXVariantGroup;
			children = (
				715FCF1129C7084100195E9C /* Base */,
			);
			name = LaunchScreen.storyboard;
			sourceTree = "<group>";
		};
/* End PBXVariantGroup section */

/* Begin XCBuildConfiguration section */
		715FCF1429C7084100195E9C /* Debug */ = {
			isa = XCBuildConfiguration;
			buildSettings = {
				ALWAYS_SEARCH_USER_PATHS = NO;
				CLANG_ANALYZER_NONNULL = YES;
				CLANG_ANALYZER_NUMBER_OBJECT_CONVERSION = YES_AGGRESSIVE;
				CLANG_CXX_LANGUAGE_STANDARD = "gnu++20";
				CLANG_ENABLE_MODULES = YES;
				CLANG_ENABLE_OBJC_ARC = YES;
				CLANG_ENABLE_OBJC_WEAK = YES;
				CLANG_WARN_BLOCK_CAPTURE_AUTORELEASING = YES;
				CLANG_WARN_BOOL_CONVERSION = YES;
				CLANG_WARN_COMMA = YES;
				CLANG_WARN_CONSTANT_CONVERSION = YES;
				CLANG_WARN_DEPRECATED_OBJC_IMPLEMENTATIONS = YES;
				CLANG_WARN_DIRECT_OBJC_ISA_USAGE = YES_ERROR;
				CLANG_WARN_DOCUMENTATION_COMMENTS = YES;
				CLANG_WARN_EMPTY_BODY = YES;
				CLANG_WARN_ENUM_CONVERSION = YES;
				CLANG_WARN_INFINITE_RECURSION = YES;
				CLANG_WARN_INT_CONVERSION = YES;
				CLANG_WARN_NON_LITERAL_NULL_CONVERSION = YES;
				CLANG_WARN_OBJC_IMPLICIT_RETAIN_SELF = YES;
				CLANG_WARN_OBJC_LITERAL_CONVERSION = YES;
				CLANG_WARN_OBJC_ROOT_CLASS = YES_ERROR;
				CLANG_WARN_QUOTED_INCLUDE_IN_FRAMEWORK_HEADER = YES;
				CLANG_WARN_RANGE_LOOP_ANALYSIS = YES;
				CLANG_WARN_STRICT_PROTOTYPES = YES;
				CLANG_WARN_SUSPICIOUS_MOVE = YES;
				CLANG_WARN_UNGUARDED_AVAILABILITY = YES_AGGRESSIVE;
				CLANG_WARN_UNREACHABLE_CODE = YES;
				CLANG_WARN__DUPLICATE_METHOD_MATCH = YES;
				COPY_PHASE_STRIP = NO;
				DEBUG_INFORMATION_FORMAT = dwarf;
				ENABLE_STRICT_OBJC_MSGSEND = YES;
				ENABLE_TESTABILITY = YES;
				GCC_C_LANGUAGE_STANDARD = gnu11;
				GCC_DYNAMIC_NO_PIC = NO;
				GCC_NO_COMMON_BLOCKS = YES;
				GCC_OPTIMIZATION_LEVEL = 0;
				GCC_PREPROCESSOR_DEFINITIONS = (
					"DEBUG=1",
					"$(inherited)",
				);
				GCC_WARN_64_TO_32_BIT_CONVERSION = YES;
				GCC_WARN_ABOUT_RETURN_TYPE = YES_ERROR;
				GCC_WARN_UNDECLARED_SELECTOR = YES;
				GCC_WARN_UNINITIALIZED_AUTOS = YES_AGGRESSIVE;
				GCC_WARN_UNUSED_FUNCTION = YES;
				GCC_WARN_UNUSED_VARIABLE = YES;
				IPHONEOS_DEPLOYMENT_TARGET = 16.2;
				MTL_ENABLE_DEBUG_INFO = INCLUDE_SOURCE;
				MTL_FAST_MATH = YES;
				ONLY_ACTIVE_ARCH = YES;
				SDKROOT = iphoneos;
				SWIFT_ACTIVE_COMPILATION_CONDITIONS = DEBUG;
				SWIFT_OPTIMIZATION_LEVEL = "-Onone";
			};
			name = Debug;
		};
		715FCF1529C7084100195E9C /* Release */ = {
			isa = XCBuildConfiguration;
			buildSettings = {
				ALWAYS_SEARCH_USER_PATHS = NO;
				CLANG_ANALYZER_NONNULL = YES;
				CLANG_ANALYZER_NUMBER_OBJECT_CONVERSION = YES_AGGRESSIVE;
				CLANG_CXX_LANGUAGE_STANDARD = "gnu++20";
				CLANG_ENABLE_MODULES = YES;
				CLANG_ENABLE_OBJC_ARC = YES;
				CLANG_ENABLE_OBJC_WEAK = YES;
				CLANG_WARN_BLOCK_CAPTURE_AUTORELEASING = YES;
				CLANG_WARN_BOOL_CONVERSION = YES;
				CLANG_WARN_COMMA = YES;
				CLANG_WARN_CONSTANT_CONVERSION = YES;
				CLANG_WARN_DEPRECATED_OBJC_IMPLEMENTATIONS = YES;
				CLANG_WARN_DIRECT_OBJC_ISA_USAGE = YES_ERROR;
				CLANG_WARN_DOCUMENTATION_COMMENTS = YES;
				CLANG_WARN_EMPTY_BODY = YES;
				CLANG_WARN_ENUM_CONVERSION = YES;
				CLANG_WARN_INFINITE_RECURSION = YES;
				CLANG_WARN_INT_CONVERSION = YES;
				CLANG_WARN_NON_LITERAL_NULL_CONVERSION = YES;
				CLANG_WARN_OBJC_IMPLICIT_RETAIN_SELF = YES;
				CLANG_WARN_OBJC_LITERAL_CONVERSION = YES;
				CLANG_WARN_OBJC_ROOT_CLASS = YES_ERROR;
				CLANG_WARN_QUOTED_INCLUDE_IN_FRAMEWORK_HEADER = YES;
				CLANG_WARN_RANGE_LOOP_ANALYSIS = YES;
				CLANG_WARN_STRICT_PROTOTYPES = YES;
				CLANG_WARN_SUSPICIOUS_MOVE = YES;
				CLANG_WARN_UNGUARDED_AVAILABILITY = YES_AGGRESSIVE;
				CLANG_WARN_UNREACHABLE_CODE = YES;
				CLANG_WARN__DUPLICATE_METHOD_MATCH = YES;
				COPY_PHASE_STRIP = NO;
				DEBUG_INFORMATION_FORMAT = "dwarf-with-dsym";
				ENABLE_NS_ASSERTIONS = NO;
				ENABLE_STRICT_OBJC_MSGSEND = YES;
				GCC_C_LANGUAGE_STANDARD = gnu11;
				GCC_NO_COMMON_BLOCKS = YES;
				GCC_WARN_64_TO_32_BIT_CONVERSION = YES;
				GCC_WARN_ABOUT_RETURN_TYPE = YES_ERROR;
				GCC_WARN_UNDECLARED_SELECTOR = YES;
				GCC_WARN_UNINITIALIZED_AUTOS = YES_AGGRESSIVE;
				GCC_WARN_UNUSED_FUNCTION = YES;
				GCC_WARN_UNUSED_VARIABLE = YES;
				IPHONEOS_DEPLOYMENT_TARGET = 16.2;
				MTL_ENABLE_DEBUG_INFO = NO;
				MTL_FAST_MATH = YES;
				SDKROOT = iphoneos;
				SWIFT_COMPILATION_MODE = wholemodule;
				SWIFT_OPTIMIZATION_LEVEL = "-O";
				VALIDATE_PRODUCT = YES;
			};
			name = Release;
		};
		715FCF1729C7084200195E9C /* Debug */ = {
			isa = XCBuildConfiguration;
			buildSettings = {
				ASSETCATALOG_COMPILER_APPICON_NAME = AppIcon;
				ASSETCATALOG_COMPILER_GLOBAL_ACCENT_COLOR_NAME = AccentColor;
				CODE_SIGN_STYLE = Automatic;
				CURRENT_PROJECT_VERSION = 1;
				DEVELOPMENT_TEAM = WXHAH5T735;
				GENERATE_INFOPLIST_FILE = YES;
				INFOPLIST_FILE = "MVVM-Demo/Info.plist";
				INFOPLIST_KEY_UIApplicationSupportsIndirectInputEvents = YES;
				INFOPLIST_KEY_UILaunchStoryboardName = LaunchScreen;
				INFOPLIST_KEY_UIMainStoryboardFile = Main;
				INFOPLIST_KEY_UISupportedInterfaceOrientations_iPad = "UIInterfaceOrientationPortrait UIInterfaceOrientationPortraitUpsideDown UIInterfaceOrientationLandscapeLeft UIInterfaceOrientationLandscapeRight";
				INFOPLIST_KEY_UISupportedInterfaceOrientations_iPhone = "UIInterfaceOrientationPortrait UIInterfaceOrientationLandscapeLeft UIInterfaceOrientationLandscapeRight";
				LD_RUNPATH_SEARCH_PATHS = (
					"$(inherited)",
					"@executable_path/Frameworks",
				);
				MARKETING_VERSION = 1.0;
				PRODUCT_BUNDLE_IDENTIFIER = "com.faysal.MVVM-Demo";
				PRODUCT_NAME = "$(TARGET_NAME)";
				SWIFT_EMIT_LOC_STRINGS = YES;
				SWIFT_VERSION = 5.0;
				TARGETED_DEVICE_FAMILY = "1,2";
			};
			name = Debug;
		};
		715FCF1829C7084200195E9C /* Release */ = {
			isa = XCBuildConfiguration;
			buildSettings = {
				ASSETCATALOG_COMPILER_APPICON_NAME = AppIcon;
				ASSETCATALOG_COMPILER_GLOBAL_ACCENT_COLOR_NAME = AccentColor;
				CODE_SIGN_STYLE = Automatic;
				CURRENT_PROJECT_VERSION = 1;
				DEVELOPMENT_TEAM = WXHAH5T735;
				GENERATE_INFOPLIST_FILE = YES;
				INFOPLIST_FILE = "MVVM-Demo/Info.plist";
				INFOPLIST_KEY_UIApplicationSupportsIndirectInputEvents = YES;
				INFOPLIST_KEY_UILaunchStoryboardName = LaunchScreen;
				INFOPLIST_KEY_UIMainStoryboardFile = Main;
				INFOPLIST_KEY_UISupportedInterfaceOrientations_iPad = "UIInterfaceOrientationPortrait UIInterfaceOrientationPortraitUpsideDown UIInterfaceOrientationLandscapeLeft UIInterfaceOrientationLandscapeRight";
				INFOPLIST_KEY_UISupportedInterfaceOrientations_iPhone = "UIInterfaceOrientationPortrait UIInterfaceOrientationLandscapeLeft UIInterfaceOrientationLandscapeRight";
				LD_RUNPATH_SEARCH_PATHS = (
					"$(inherited)",
					"@executable_path/Frameworks",
				);
				MARKETING_VERSION = 1.0;
				PRODUCT_BUNDLE_IDENTIFIER = "com.faysal.MVVM-Demo";
				PRODUCT_NAME = "$(TARGET_NAME)";
				SWIFT_EMIT_LOC_STRINGS = YES;
				SWIFT_VERSION = 5.0;
				TARGETED_DEVICE_FAMILY = "1,2";
			};
			name = Release;
		};
/* End XCBuildConfiguration section */

/* Begin XCConfigurationList section */
		715FCEFD29C7084000195E9C /* Build configuration list for PBXProject "MVVM-Demo" */ = {
			isa = XCConfigurationList;
			buildConfigurations = (
				715FCF1429C7084100195E9C /* Debug */,
				715FCF1529C7084100195E9C /* Release */,
			);
			defaultConfigurationIsVisible = 0;
			defaultConfigurationName = Release;
		};
		715FCF1629C7084200195E9C /* Build configuration list for PBXNativeTarget "MVVM-Demo" */ = {
			isa = XCConfigurationList;
			buildConfigurations = (
				715FCF1729C7084200195E9C /* Debug */,
				715FCF1829C7084200195E9C /* Release */,
			);
			defaultConfigurationIsVisible = 0;
			defaultConfigurationName = Release;
		};
/* End XCConfigurationList section */
	};
	rootObject = 715FCEFA29C7084000195E9C /* Project object */;
}
